<?xml version="1.0" encoding="utf-8"?>
<Project ToolsVersion="16.0" xmlns="http://schemas.microsoft.com/developer/msbuild/2003">
  <ItemGroup>
    <CustomBuild Include="N:\Development\Dev_Base\hdf5-1.14.0\msvc\CMakeFiles\4337a4184ec05a0c1bdcfd432ea5e703\INSTALL_force.rule">
      <Filter>CMake Rules</Filter>
    </CustomBuild>
  </ItemGroup>
  <ItemGroup>
    <Filter Include="CMake Rules">
      <UniqueIdentifier>{7E156B03-E984-3ABC-9C73-CE27B506BB34}</UniqueIdentifier>
    </Filter>
  </ItemGroup>
</Project>
