
Microsoft Visual Studio Solution File, Format Version 12.00
# Visual Studio Version 16
Project("{2150E333-8FDC-42A3-9474-1A3956D46DE8}") = "CMakePredefinedTargets", "CMakePredefinedTargets", "{E4CBC2CF-EB0E-3633-B5CA-48DFAC507766}"
EndProject
Project("{2150E333-8FDC-42A3-9474-1A3956D46DE8}") = "examples", "examples", "{DA8EFF8B-8FF4-3A29-9688-C50B4FB6EFB9}"
EndProject
Project("{2150E333-8FDC-42A3-9474-1A3956D46DE8}") = "libraries", "libraries", "{AD5B3A37-FFC3-3ABE-B5FC-63B8BEC44828}"
EndProject
Project("{8BC9CEB8-8B4A-11D0-8D11-00A0C91BC942}") = "ALL_BUILD", "ALL_BUILD.vcxproj", "{3A89B2C7-0DB7-3D8A-BA9E-A01E9826CDAE}"
	ProjectSection(ProjectDependencies) = postProject
		{6F9BD127-C855-3472-B583-618A7921FFAF} = {6F9BD127-C855-3472-B583-618A7921FFAF}
		{13F4F022-9A44-378E-B21E-BA2A39C86300} = {13F4F022-9A44-378E-B21E-BA2A39C86300}
		{A3806721-30B0-3BBB-86E5-BFCEBDDFDD36} = {A3806721-30B0-3BBB-86E5-BFCEBDDFDD36}
		{3F38506D-A218-37CE-9A7F-B551483B984F} = {3F38506D-A218-37CE-9A7F-B551483B984F}
		{2B10A5B4-4C46-3D47-809A-AC1D22949021} = {2B10A5B4-4C46-3D47-809A-AC1D22949021}
		{8406AAE5-4B33-391F-96D0-CB1EECAB7CAA} = {8406AAE5-4B33-391F-96D0-CB1EECAB7CAA}
		{15A30758-0511-3741-89CC-12DDBD69F6EE} = {15A30758-0511-3741-89CC-12DDBD69F6EE}
		{ECD0D8E6-7264-3245-BD17-588983B76751} = {ECD0D8E6-7264-3245-BD17-588983B76751}
		{0CCB955F-3FB8-3516-B92F-40BBAD477A6A} = {0CCB955F-3FB8-3516-B92F-40BBAD477A6A}
		{EF48F0D9-5660-3634-A074-720351052629} = {EF48F0D9-5660-3634-A074-720351052629}
		{50F9A2CC-AA08-398A-A4F7-5283DB6CDB09} = {50F9A2CC-AA08-398A-A4F7-5283DB6CDB09}
		{0117833A-C1F0-37F1-8FFC-00B7548E0D0A} = {0117833A-C1F0-37F1-8FFC-00B7548E0D0A}
		{B3E8A17D-41B5-33DA-B1BF-0651832DD52D} = {B3E8A17D-41B5-33DA-B1BF-0651832DD52D}
		{06C33F70-2292-3238-8214-0A77E88243D4} = {06C33F70-2292-3238-8214-0A77E88243D4}
		{9197F457-CB9A-3CDB-AB00-CFD98F4A2139} = {9197F457-CB9A-3CDB-AB00-CFD98F4A2139}
		{7ED24063-EC5B-3E36-BFD8-A94D862B35D4} = {7ED24063-EC5B-3E36-BFD8-A94D862B35D4}
		{7797B26B-4A20-3D08-83C2-EB0B4C3276DA} = {7797B26B-4A20-3D08-83C2-EB0B4C3276DA}
		{E164D1EE-58C0-3A66-BBCB-6B1B984D167A} = {E164D1EE-58C0-3A66-BBCB-6B1B984D167A}
		{B302089B-C17F-3DCA-B219-5C2E0E389FCE} = {B302089B-C17F-3DCA-B219-5C2E0E389FCE}
		{9EB249CC-81B7-3550-946D-B3FD144DD4CE} = {9EB249CC-81B7-3550-946D-B3FD144DD4CE}
		{1C65F8C9-4E23-3C1D-9E5B-F9B406AC65B6} = {1C65F8C9-4E23-3C1D-9E5B-F9B406AC65B6}
		{1B0C60A2-4C60-3571-B2BF-50003696629B} = {1B0C60A2-4C60-3571-B2BF-50003696629B}
		{AD2D59EB-52F8-3719-98DD-4EB731A0F190} = {AD2D59EB-52F8-3719-98DD-4EB731A0F190}
		{34137CF3-8A6D-3941-A85D-015208CDB7CE} = {34137CF3-8A6D-3941-A85D-015208CDB7CE}
		{56AE7F3E-3685-33C0-8CA6-67CB74D7A3D6} = {56AE7F3E-3685-33C0-8CA6-67CB74D7A3D6}
		{C591594A-ED7B-3E52-8DD8-7A467E08D0AA} = {C591594A-ED7B-3E52-8DD8-7A467E08D0AA}
		{D353D153-7D7A-3FC2-A69E-1660403F9A15} = {D353D153-7D7A-3FC2-A69E-1660403F9A15}
		{8626DF21-03C2-3BD4-B507-F8085D071560} = {8626DF21-03C2-3BD4-B507-F8085D071560}
		{3D80D12E-D199-382C-8FF0-00F1115F6FFF} = {3D80D12E-D199-382C-8FF0-00F1115F6FFF}
		{A9789BD7-7307-3413-80F2-68941EB7F990} = {A9789BD7-7307-3413-80F2-68941EB7F990}
		{BA680BBD-0D4F-3116-B90B-E888AFF81496} = {BA680BBD-0D4F-3116-B90B-E888AFF81496}
		{17E8B785-FBE2-36CE-8C23-8873A60F5106} = {17E8B785-FBE2-36CE-8C23-8873A60F5106}
		{50FAAA83-39FF-30E0-9DA5-0CA528B2200D} = {50FAAA83-39FF-30E0-9DA5-0CA528B2200D}
		{9C5E10B2-6EF9-39C1-997C-F75B4BCC1622} = {9C5E10B2-6EF9-39C1-997C-F75B4BCC1622}
		{51B5DAA7-7241-37EA-84E0-4DC588981583} = {51B5DAA7-7241-37EA-84E0-4DC588981583}
		{203EBA72-B3D4-36B9-A48F-548BCC07F5DC} = {203EBA72-B3D4-36B9-A48F-548BCC07F5DC}
	EndProjectSection
EndProject
Project("{8BC9CEB8-8B4A-11D0-8D11-00A0C91BC942}") = "H5detect", "..\src\H5detect.vcxproj", "{798FA79C-76A0-3D9C-A3DB-78184154BCE7}"
	ProjectSection(ProjectDependencies) = postProject
		{6F9BD127-C855-3472-B583-618A7921FFAF} = {6F9BD127-C855-3472-B583-618A7921FFAF}
	EndProjectSection
EndProject
Project("{8BC9CEB8-8B4A-11D0-8D11-00A0C91BC942}") = "H5make_libsettings", "..\src\H5make_libsettings.vcxproj", "{62E6D69A-6EB1-302C-9F30-947CCF9917F6}"
	ProjectSection(ProjectDependencies) = postProject
		{6F9BD127-C855-3472-B583-618A7921FFAF} = {6F9BD127-C855-3472-B583-618A7921FFAF}
	EndProjectSection
EndProject
Project("{8BC9CEB8-8B4A-11D0-8D11-00A0C91BC942}") = "INSTALL", "INSTALL.vcxproj", "{382B25BA-882D-3279-A4A4-76F45D2F05AC}"
	ProjectSection(ProjectDependencies) = postProject
		{3A89B2C7-0DB7-3D8A-BA9E-A01E9826CDAE} = {3A89B2C7-0DB7-3D8A-BA9E-A01E9826CDAE}
		{6F9BD127-C855-3472-B583-618A7921FFAF} = {6F9BD127-C855-3472-B583-618A7921FFAF}
	EndProjectSection
EndProject
Project("{8BC9CEB8-8B4A-11D0-8D11-00A0C91BC942}") = "PACKAGE", "PACKAGE.vcxproj", "{5F1C3403-D623-371C-A499-036478E59D66}"
	ProjectSection(ProjectDependencies) = postProject
		{3A89B2C7-0DB7-3D8A-BA9E-A01E9826CDAE} = {3A89B2C7-0DB7-3D8A-BA9E-A01E9826CDAE}
		{6F9BD127-C855-3472-B583-618A7921FFAF} = {6F9BD127-C855-3472-B583-618A7921FFAF}
	EndProjectSection
EndProject
Project("{8BC9CEB8-8B4A-11D0-8D11-00A0C91BC942}") = "ZERO_CHECK", "..\\ZERO_CHECK.vcxproj", "{6F9BD127-C855-3472-B583-618A7921FFAF}"
	ProjectSection(ProjectDependencies) = postProject
	EndProjectSection
EndProject
Project("{8BC9CEB8-8B4A-11D0-8D11-00A0C91BC942}") = "gen_hdf5-shared", "..\src\gen_hdf5-shared.vcxproj", "{A3A1BAF9-1CF3-3AF2-96F1-DAC9465BB5FE}"
	ProjectSection(ProjectDependencies) = postProject
		{798FA79C-76A0-3D9C-A3DB-78184154BCE7} = {798FA79C-76A0-3D9C-A3DB-78184154BCE7}
		{62E6D69A-6EB1-302C-9F30-947CCF9917F6} = {62E6D69A-6EB1-302C-9F30-947CCF9917F6}
		{6F9BD127-C855-3472-B583-618A7921FFAF} = {6F9BD127-C855-3472-B583-618A7921FFAF}
	EndProjectSection
EndProject
Project("{8BC9CEB8-8B4A-11D0-8D11-00A0C91BC942}") = "h5_attribute", "h5_attribute.vcxproj", "{13F4F022-9A44-378E-B21E-BA2A39C86300}"
	ProjectSection(ProjectDependencies) = postProject
		{6F9BD127-C855-3472-B583-618A7921FFAF} = {6F9BD127-C855-3472-B583-618A7921FFAF}
		{5A7CD77E-8368-3EAC-B715-0709E3029F30} = {5A7CD77E-8368-3EAC-B715-0709E3029F30}
	EndProjectSection
EndProject
Project("{8BC9CEB8-8B4A-11D0-8D11-00A0C91BC942}") = "h5_chunk_read", "h5_chunk_read.vcxproj", "{A3806721-30B0-3BBB-86E5-BFCEBDDFDD36}"
	ProjectSection(ProjectDependencies) = postProject
		{6F9BD127-C855-3472-B583-618A7921FFAF} = {6F9BD127-C855-3472-B583-618A7921FFAF}
		{5A7CD77E-8368-3EAC-B715-0709E3029F30} = {5A7CD77E-8368-3EAC-B715-0709E3029F30}
	EndProjectSection
EndProject
Project("{8BC9CEB8-8B4A-11D0-8D11-00A0C91BC942}") = "h5_cmprss", "h5_cmprss.vcxproj", "{3F38506D-A218-37CE-9A7F-B551483B984F}"
	ProjectSection(ProjectDependencies) = postProject
		{6F9BD127-C855-3472-B583-618A7921FFAF} = {6F9BD127-C855-3472-B583-618A7921FFAF}
		{5A7CD77E-8368-3EAC-B715-0709E3029F30} = {5A7CD77E-8368-3EAC-B715-0709E3029F30}
	EndProjectSection
EndProject
Project("{8BC9CEB8-8B4A-11D0-8D11-00A0C91BC942}") = "h5_compound", "h5_compound.vcxproj", "{2B10A5B4-4C46-3D47-809A-AC1D22949021}"
	ProjectSection(ProjectDependencies) = postProject
		{6F9BD127-C855-3472-B583-618A7921FFAF} = {6F9BD127-C855-3472-B583-618A7921FFAF}
		{5A7CD77E-8368-3EAC-B715-0709E3029F30} = {5A7CD77E-8368-3EAC-B715-0709E3029F30}
	EndProjectSection
EndProject
Project("{8BC9CEB8-8B4A-11D0-8D11-00A0C91BC942}") = "h5_crtatt", "h5_crtatt.vcxproj", "{8406AAE5-4B33-391F-96D0-CB1EECAB7CAA}"
	ProjectSection(ProjectDependencies) = postProject
		{6F9BD127-C855-3472-B583-618A7921FFAF} = {6F9BD127-C855-3472-B583-618A7921FFAF}
		{5A7CD77E-8368-3EAC-B715-0709E3029F30} = {5A7CD77E-8368-3EAC-B715-0709E3029F30}
	EndProjectSection
EndProject
Project("{8BC9CEB8-8B4A-11D0-8D11-00A0C91BC942}") = "h5_crtdat", "h5_crtdat.vcxproj", "{15A30758-0511-3741-89CC-12DDBD69F6EE}"
	ProjectSection(ProjectDependencies) = postProject
		{6F9BD127-C855-3472-B583-618A7921FFAF} = {6F9BD127-C855-3472-B583-618A7921FFAF}
		{5A7CD77E-8368-3EAC-B715-0709E3029F30} = {5A7CD77E-8368-3EAC-B715-0709E3029F30}
	EndProjectSection
EndProject
Project("{8BC9CEB8-8B4A-11D0-8D11-00A0C91BC942}") = "h5_crtgrp", "h5_crtgrp.vcxproj", "{ECD0D8E6-7264-3245-BD17-588983B76751}"
	ProjectSection(ProjectDependencies) = postProject
		{6F9BD127-C855-3472-B583-618A7921FFAF} = {6F9BD127-C855-3472-B583-618A7921FFAF}
		{5A7CD77E-8368-3EAC-B715-0709E3029F30} = {5A7CD77E-8368-3EAC-B715-0709E3029F30}
	EndProjectSection
EndProject
Project("{8BC9CEB8-8B4A-11D0-8D11-00A0C91BC942}") = "h5_crtgrpar", "h5_crtgrpar.vcxproj", "{0CCB955F-3FB8-3516-B92F-40BBAD477A6A}"
	ProjectSection(ProjectDependencies) = postProject
		{6F9BD127-C855-3472-B583-618A7921FFAF} = {6F9BD127-C855-3472-B583-618A7921FFAF}
		{5A7CD77E-8368-3EAC-B715-0709E3029F30} = {5A7CD77E-8368-3EAC-B715-0709E3029F30}
	EndProjectSection
EndProject
Project("{8BC9CEB8-8B4A-11D0-8D11-00A0C91BC942}") = "h5_crtgrpd", "h5_crtgrpd.vcxproj", "{EF48F0D9-5660-3634-A074-720351052629}"
	ProjectSection(ProjectDependencies) = postProject
		{6F9BD127-C855-3472-B583-618A7921FFAF} = {6F9BD127-C855-3472-B583-618A7921FFAF}
		{5A7CD77E-8368-3EAC-B715-0709E3029F30} = {5A7CD77E-8368-3EAC-B715-0709E3029F30}
	EndProjectSection
EndProject
Project("{8BC9CEB8-8B4A-11D0-8D11-00A0C91BC942}") = "h5_debug_trace", "h5_debug_trace.vcxproj", "{50F9A2CC-AA08-398A-A4F7-5283DB6CDB09}"
	ProjectSection(ProjectDependencies) = postProject
		{6F9BD127-C855-3472-B583-618A7921FFAF} = {6F9BD127-C855-3472-B583-618A7921FFAF}
		{5A7CD77E-8368-3EAC-B715-0709E3029F30} = {5A7CD77E-8368-3EAC-B715-0709E3029F30}
	EndProjectSection
EndProject
Project("{8BC9CEB8-8B4A-11D0-8D11-00A0C91BC942}") = "h5_drivers", "h5_drivers.vcxproj", "{0117833A-C1F0-37F1-8FFC-00B7548E0D0A}"
	ProjectSection(ProjectDependencies) = postProject
		{6F9BD127-C855-3472-B583-618A7921FFAF} = {6F9BD127-C855-3472-B583-618A7921FFAF}
		{5A7CD77E-8368-3EAC-B715-0709E3029F30} = {5A7CD77E-8368-3EAC-B715-0709E3029F30}
	EndProjectSection
EndProject
Project("{8BC9CEB8-8B4A-11D0-8D11-00A0C91BC942}") = "h5_elink_unix2win", "h5_elink_unix2win.vcxproj", "{B3E8A17D-41B5-33DA-B1BF-0651832DD52D}"
	ProjectSection(ProjectDependencies) = postProject
		{6F9BD127-C855-3472-B583-618A7921FFAF} = {6F9BD127-C855-3472-B583-618A7921FFAF}
		{5A7CD77E-8368-3EAC-B715-0709E3029F30} = {5A7CD77E-8368-3EAC-B715-0709E3029F30}
	EndProjectSection
EndProject
Project("{8BC9CEB8-8B4A-11D0-8D11-00A0C91BC942}") = "h5_extend", "h5_extend.vcxproj", "{06C33F70-2292-3238-8214-0A77E88243D4}"
	ProjectSection(ProjectDependencies) = postProject
		{6F9BD127-C855-3472-B583-618A7921FFAF} = {6F9BD127-C855-3472-B583-618A7921FFAF}
		{5A7CD77E-8368-3EAC-B715-0709E3029F30} = {5A7CD77E-8368-3EAC-B715-0709E3029F30}
	EndProjectSection
EndProject
Project("{8BC9CEB8-8B4A-11D0-8D11-00A0C91BC942}") = "h5_extend_write", "h5_extend_write.vcxproj", "{9197F457-CB9A-3CDB-AB00-CFD98F4A2139}"
	ProjectSection(ProjectDependencies) = postProject
		{6F9BD127-C855-3472-B583-618A7921FFAF} = {6F9BD127-C855-3472-B583-618A7921FFAF}
		{5A7CD77E-8368-3EAC-B715-0709E3029F30} = {5A7CD77E-8368-3EAC-B715-0709E3029F30}
	EndProjectSection
EndProject
Project("{8BC9CEB8-8B4A-11D0-8D11-00A0C91BC942}") = "h5_extlink", "h5_extlink.vcxproj", "{7ED24063-EC5B-3E36-BFD8-A94D862B35D4}"
	ProjectSection(ProjectDependencies) = postProject
		{6F9BD127-C855-3472-B583-618A7921FFAF} = {6F9BD127-C855-3472-B583-618A7921FFAF}
		{5A7CD77E-8368-3EAC-B715-0709E3029F30} = {5A7CD77E-8368-3EAC-B715-0709E3029F30}
	EndProjectSection
EndProject
Project("{8BC9CEB8-8B4A-11D0-8D11-00A0C91BC942}") = "h5_group", "h5_group.vcxproj", "{7797B26B-4A20-3D08-83C2-EB0B4C3276DA}"
	ProjectSection(ProjectDependencies) = postProject
		{6F9BD127-C855-3472-B583-618A7921FFAF} = {6F9BD127-C855-3472-B583-618A7921FFAF}
		{5A7CD77E-8368-3EAC-B715-0709E3029F30} = {5A7CD77E-8368-3EAC-B715-0709E3029F30}
	EndProjectSection
EndProject
Project("{8BC9CEB8-8B4A-11D0-8D11-00A0C91BC942}") = "h5_mount", "h5_mount.vcxproj", "{E164D1EE-58C0-3A66-BBCB-6B1B984D167A}"
	ProjectSection(ProjectDependencies) = postProject
		{6F9BD127-C855-3472-B583-618A7921FFAF} = {6F9BD127-C855-3472-B583-618A7921FFAF}
		{5A7CD77E-8368-3EAC-B715-0709E3029F30} = {5A7CD77E-8368-3EAC-B715-0709E3029F30}
	EndProjectSection
EndProject
Project("{8BC9CEB8-8B4A-11D0-8D11-00A0C91BC942}") = "h5_rdwt", "h5_rdwt.vcxproj", "{B302089B-C17F-3DCA-B219-5C2E0E389FCE}"
	ProjectSection(ProjectDependencies) = postProject
		{6F9BD127-C855-3472-B583-618A7921FFAF} = {6F9BD127-C855-3472-B583-618A7921FFAF}
		{5A7CD77E-8368-3EAC-B715-0709E3029F30} = {5A7CD77E-8368-3EAC-B715-0709E3029F30}
	EndProjectSection
EndProject
Project("{8BC9CEB8-8B4A-11D0-8D11-00A0C91BC942}") = "h5_read", "h5_read.vcxproj", "{9EB249CC-81B7-3550-946D-B3FD144DD4CE}"
	ProjectSection(ProjectDependencies) = postProject
		{6F9BD127-C855-3472-B583-618A7921FFAF} = {6F9BD127-C855-3472-B583-618A7921FFAF}
		{5A7CD77E-8368-3EAC-B715-0709E3029F30} = {5A7CD77E-8368-3EAC-B715-0709E3029F30}
	EndProjectSection
EndProject
Project("{8BC9CEB8-8B4A-11D0-8D11-00A0C91BC942}") = "h5_ref2reg_deprec", "h5_ref2reg_deprec.vcxproj", "{1C65F8C9-4E23-3C1D-9E5B-F9B406AC65B6}"
	ProjectSection(ProjectDependencies) = postProject
		{6F9BD127-C855-3472-B583-618A7921FFAF} = {6F9BD127-C855-3472-B583-618A7921FFAF}
		{5A7CD77E-8368-3EAC-B715-0709E3029F30} = {5A7CD77E-8368-3EAC-B715-0709E3029F30}
	EndProjectSection
EndProject
Project("{8BC9CEB8-8B4A-11D0-8D11-00A0C91BC942}") = "h5_ref_compat", "h5_ref_compat.vcxproj", "{1B0C60A2-4C60-3571-B2BF-50003696629B}"
	ProjectSection(ProjectDependencies) = postProject
		{6F9BD127-C855-3472-B583-618A7921FFAF} = {6F9BD127-C855-3472-B583-618A7921FFAF}
		{5A7CD77E-8368-3EAC-B715-0709E3029F30} = {5A7CD77E-8368-3EAC-B715-0709E3029F30}
	EndProjectSection
EndProject
Project("{8BC9CEB8-8B4A-11D0-8D11-00A0C91BC942}") = "h5_ref_extern", "h5_ref_extern.vcxproj", "{AD2D59EB-52F8-3719-98DD-4EB731A0F190}"
	ProjectSection(ProjectDependencies) = postProject
		{6F9BD127-C855-3472-B583-618A7921FFAF} = {6F9BD127-C855-3472-B583-618A7921FFAF}
		{5A7CD77E-8368-3EAC-B715-0709E3029F30} = {5A7CD77E-8368-3EAC-B715-0709E3029F30}
	EndProjectSection
EndProject
Project("{8BC9CEB8-8B4A-11D0-8D11-00A0C91BC942}") = "h5_reference_deprec", "h5_reference_deprec.vcxproj", "{34137CF3-8A6D-3941-A85D-015208CDB7CE}"
	ProjectSection(ProjectDependencies) = postProject
		{6F9BD127-C855-3472-B583-618A7921FFAF} = {6F9BD127-C855-3472-B583-618A7921FFAF}
		{5A7CD77E-8368-3EAC-B715-0709E3029F30} = {5A7CD77E-8368-3EAC-B715-0709E3029F30}
	EndProjectSection
EndProject
Project("{8BC9CEB8-8B4A-11D0-8D11-00A0C91BC942}") = "h5_select", "h5_select.vcxproj", "{56AE7F3E-3685-33C0-8CA6-67CB74D7A3D6}"
	ProjectSection(ProjectDependencies) = postProject
		{6F9BD127-C855-3472-B583-618A7921FFAF} = {6F9BD127-C855-3472-B583-618A7921FFAF}
		{5A7CD77E-8368-3EAC-B715-0709E3029F30} = {5A7CD77E-8368-3EAC-B715-0709E3029F30}
	EndProjectSection
EndProject
Project("{8BC9CEB8-8B4A-11D0-8D11-00A0C91BC942}") = "h5_shared_mesg", "h5_shared_mesg.vcxproj", "{C591594A-ED7B-3E52-8DD8-7A467E08D0AA}"
	ProjectSection(ProjectDependencies) = postProject
		{6F9BD127-C855-3472-B583-618A7921FFAF} = {6F9BD127-C855-3472-B583-618A7921FFAF}
		{5A7CD77E-8368-3EAC-B715-0709E3029F30} = {5A7CD77E-8368-3EAC-B715-0709E3029F30}
	EndProjectSection
EndProject
Project("{8BC9CEB8-8B4A-11D0-8D11-00A0C91BC942}") = "h5_subset", "h5_subset.vcxproj", "{D353D153-7D7A-3FC2-A69E-1660403F9A15}"
	ProjectSection(ProjectDependencies) = postProject
		{6F9BD127-C855-3472-B583-618A7921FFAF} = {6F9BD127-C855-3472-B583-618A7921FFAF}
		{5A7CD77E-8368-3EAC-B715-0709E3029F30} = {5A7CD77E-8368-3EAC-B715-0709E3029F30}
	EndProjectSection
EndProject
Project("{8BC9CEB8-8B4A-11D0-8D11-00A0C91BC942}") = "h5_vds", "h5_vds.vcxproj", "{8626DF21-03C2-3BD4-B507-F8085D071560}"
	ProjectSection(ProjectDependencies) = postProject
		{6F9BD127-C855-3472-B583-618A7921FFAF} = {6F9BD127-C855-3472-B583-618A7921FFAF}
		{5A7CD77E-8368-3EAC-B715-0709E3029F30} = {5A7CD77E-8368-3EAC-B715-0709E3029F30}
	EndProjectSection
EndProject
Project("{8BC9CEB8-8B4A-11D0-8D11-00A0C91BC942}") = "h5_vds-eiger", "h5_vds-eiger.vcxproj", "{3D80D12E-D199-382C-8FF0-00F1115F6FFF}"
	ProjectSection(ProjectDependencies) = postProject
		{6F9BD127-C855-3472-B583-618A7921FFAF} = {6F9BD127-C855-3472-B583-618A7921FFAF}
		{5A7CD77E-8368-3EAC-B715-0709E3029F30} = {5A7CD77E-8368-3EAC-B715-0709E3029F30}
	EndProjectSection
EndProject
Project("{8BC9CEB8-8B4A-11D0-8D11-00A0C91BC942}") = "h5_vds-exc", "h5_vds-exc.vcxproj", "{A9789BD7-7307-3413-80F2-68941EB7F990}"
	ProjectSection(ProjectDependencies) = postProject
		{6F9BD127-C855-3472-B583-618A7921FFAF} = {6F9BD127-C855-3472-B583-618A7921FFAF}
		{5A7CD77E-8368-3EAC-B715-0709E3029F30} = {5A7CD77E-8368-3EAC-B715-0709E3029F30}
	EndProjectSection
EndProject
Project("{8BC9CEB8-8B4A-11D0-8D11-00A0C91BC942}") = "h5_vds-exclim", "h5_vds-exclim.vcxproj", "{BA680BBD-0D4F-3116-B90B-E888AFF81496}"
	ProjectSection(ProjectDependencies) = postProject
		{6F9BD127-C855-3472-B583-618A7921FFAF} = {6F9BD127-C855-3472-B583-618A7921FFAF}
		{5A7CD77E-8368-3EAC-B715-0709E3029F30} = {5A7CD77E-8368-3EAC-B715-0709E3029F30}
	EndProjectSection
EndProject
Project("{8BC9CEB8-8B4A-11D0-8D11-00A0C91BC942}") = "h5_vds-percival", "h5_vds-percival.vcxproj", "{17E8B785-FBE2-36CE-8C23-8873A60F5106}"
	ProjectSection(ProjectDependencies) = postProject
		{6F9BD127-C855-3472-B583-618A7921FFAF} = {6F9BD127-C855-3472-B583-618A7921FFAF}
		{5A7CD77E-8368-3EAC-B715-0709E3029F30} = {5A7CD77E-8368-3EAC-B715-0709E3029F30}
	EndProjectSection
EndProject
Project("{8BC9CEB8-8B4A-11D0-8D11-00A0C91BC942}") = "h5_vds-percival-unlim", "h5_vds-percival-unlim.vcxproj", "{50FAAA83-39FF-30E0-9DA5-0CA528B2200D}"
	ProjectSection(ProjectDependencies) = postProject
		{6F9BD127-C855-3472-B583-618A7921FFAF} = {6F9BD127-C855-3472-B583-618A7921FFAF}
		{5A7CD77E-8368-3EAC-B715-0709E3029F30} = {5A7CD77E-8368-3EAC-B715-0709E3029F30}
	EndProjectSection
EndProject
Project("{8BC9CEB8-8B4A-11D0-8D11-00A0C91BC942}") = "h5_vds-percival-unlim-maxmin", "h5_vds-percival-unlim-maxmin.vcxproj", "{9C5E10B2-6EF9-39C1-997C-F75B4BCC1622}"
	ProjectSection(ProjectDependencies) = postProject
		{6F9BD127-C855-3472-B583-618A7921FFAF} = {6F9BD127-C855-3472-B583-618A7921FFAF}
		{5A7CD77E-8368-3EAC-B715-0709E3029F30} = {5A7CD77E-8368-3EAC-B715-0709E3029F30}
	EndProjectSection
EndProject
Project("{8BC9CEB8-8B4A-11D0-8D11-00A0C91BC942}") = "h5_vds-simpleIO", "h5_vds-simpleIO.vcxproj", "{51B5DAA7-7241-37EA-84E0-4DC588981583}"
	ProjectSection(ProjectDependencies) = postProject
		{6F9BD127-C855-3472-B583-618A7921FFAF} = {6F9BD127-C855-3472-B583-618A7921FFAF}
		{5A7CD77E-8368-3EAC-B715-0709E3029F30} = {5A7CD77E-8368-3EAC-B715-0709E3029F30}
	EndProjectSection
EndProject
Project("{8BC9CEB8-8B4A-11D0-8D11-00A0C91BC942}") = "h5_write", "h5_write.vcxproj", "{203EBA72-B3D4-36B9-A48F-548BCC07F5DC}"
	ProjectSection(ProjectDependencies) = postProject
		{6F9BD127-C855-3472-B583-618A7921FFAF} = {6F9BD127-C855-3472-B583-618A7921FFAF}
		{5A7CD77E-8368-3EAC-B715-0709E3029F30} = {5A7CD77E-8368-3EAC-B715-0709E3029F30}
	EndProjectSection
EndProject
Project("{8BC9CEB8-8B4A-11D0-8D11-00A0C91BC942}") = "hdf5-shared", "..\src\hdf5-shared.vcxproj", "{5A7CD77E-8368-3EAC-B715-0709E3029F30}"
	ProjectSection(ProjectDependencies) = postProject
		{6F9BD127-C855-3472-B583-618A7921FFAF} = {6F9BD127-C855-3472-B583-618A7921FFAF}
		{A3A1BAF9-1CF3-3AF2-96F1-DAC9465BB5FE} = {A3A1BAF9-1CF3-3AF2-96F1-DAC9465BB5FE}
	EndProjectSection
EndProject
Global
	GlobalSection(SolutionConfigurationPlatforms) = preSolution
		Debug|x64 = Debug|x64
		Release|x64 = Release|x64
		MinSizeRel|x64 = MinSizeRel|x64
		RelWithDebInfo|x64 = RelWithDebInfo|x64
	EndGlobalSection
	GlobalSection(ProjectConfigurationPlatforms) = postSolution
		{3A89B2C7-0DB7-3D8A-BA9E-A01E9826CDAE}.Debug|x64.ActiveCfg = Debug|x64
		{3A89B2C7-0DB7-3D8A-BA9E-A01E9826CDAE}.Debug|x64.Build.0 = Debug|x64
		{3A89B2C7-0DB7-3D8A-BA9E-A01E9826CDAE}.Release|x64.ActiveCfg = Release|x64
		{3A89B2C7-0DB7-3D8A-BA9E-A01E9826CDAE}.Release|x64.Build.0 = Release|x64
		{3A89B2C7-0DB7-3D8A-BA9E-A01E9826CDAE}.MinSizeRel|x64.ActiveCfg = MinSizeRel|x64
		{3A89B2C7-0DB7-3D8A-BA9E-A01E9826CDAE}.MinSizeRel|x64.Build.0 = MinSizeRel|x64
		{3A89B2C7-0DB7-3D8A-BA9E-A01E9826CDAE}.RelWithDebInfo|x64.ActiveCfg = RelWithDebInfo|x64
		{3A89B2C7-0DB7-3D8A-BA9E-A01E9826CDAE}.RelWithDebInfo|x64.Build.0 = RelWithDebInfo|x64
		{798FA79C-76A0-3D9C-A3DB-78184154BCE7}.Debug|x64.ActiveCfg = Debug|x64
		{798FA79C-76A0-3D9C-A3DB-78184154BCE7}.Debug|x64.Build.0 = Debug|x64
		{798FA79C-76A0-3D9C-A3DB-78184154BCE7}.Release|x64.ActiveCfg = Release|x64
		{798FA79C-76A0-3D9C-A3DB-78184154BCE7}.Release|x64.Build.0 = Release|x64
		{798FA79C-76A0-3D9C-A3DB-78184154BCE7}.MinSizeRel|x64.ActiveCfg = MinSizeRel|x64
		{798FA79C-76A0-3D9C-A3DB-78184154BCE7}.MinSizeRel|x64.Build.0 = MinSizeRel|x64
		{798FA79C-76A0-3D9C-A3DB-78184154BCE7}.RelWithDebInfo|x64.ActiveCfg = RelWithDebInfo|x64
		{798FA79C-76A0-3D9C-A3DB-78184154BCE7}.RelWithDebInfo|x64.Build.0 = RelWithDebInfo|x64
		{62E6D69A-6EB1-302C-9F30-947CCF9917F6}.Debug|x64.ActiveCfg = Debug|x64
		{62E6D69A-6EB1-302C-9F30-947CCF9917F6}.Debug|x64.Build.0 = Debug|x64
		{62E6D69A-6EB1-302C-9F30-947CCF9917F6}.Release|x64.ActiveCfg = Release|x64
		{62E6D69A-6EB1-302C-9F30-947CCF9917F6}.Release|x64.Build.0 = Release|x64
		{62E6D69A-6EB1-302C-9F30-947CCF9917F6}.MinSizeRel|x64.ActiveCfg = MinSizeRel|x64
		{62E6D69A-6EB1-302C-9F30-947CCF9917F6}.MinSizeRel|x64.Build.0 = MinSizeRel|x64
		{62E6D69A-6EB1-302C-9F30-947CCF9917F6}.RelWithDebInfo|x64.ActiveCfg = RelWithDebInfo|x64
		{62E6D69A-6EB1-302C-9F30-947CCF9917F6}.RelWithDebInfo|x64.Build.0 = RelWithDebInfo|x64
		{382B25BA-882D-3279-A4A4-76F45D2F05AC}.Debug|x64.ActiveCfg = Debug|x64
		{382B25BA-882D-3279-A4A4-76F45D2F05AC}.Release|x64.ActiveCfg = Release|x64
		{382B25BA-882D-3279-A4A4-76F45D2F05AC}.MinSizeRel|x64.ActiveCfg = MinSizeRel|x64
		{382B25BA-882D-3279-A4A4-76F45D2F05AC}.RelWithDebInfo|x64.ActiveCfg = RelWithDebInfo|x64
		{5F1C3403-D623-371C-A499-036478E59D66}.Debug|x64.ActiveCfg = Debug|x64
		{5F1C3403-D623-371C-A499-036478E59D66}.Release|x64.ActiveCfg = Release|x64
		{5F1C3403-D623-371C-A499-036478E59D66}.MinSizeRel|x64.ActiveCfg = MinSizeRel|x64
		{5F1C3403-D623-371C-A499-036478E59D66}.RelWithDebInfo|x64.ActiveCfg = RelWithDebInfo|x64
		{6F9BD127-C855-3472-B583-618A7921FFAF}.Debug|x64.ActiveCfg = Debug|x64
		{6F9BD127-C855-3472-B583-618A7921FFAF}.Debug|x64.Build.0 = Debug|x64
		{6F9BD127-C855-3472-B583-618A7921FFAF}.Release|x64.ActiveCfg = Release|x64
		{6F9BD127-C855-3472-B583-618A7921FFAF}.Release|x64.Build.0 = Release|x64
		{6F9BD127-C855-3472-B583-618A7921FFAF}.MinSizeRel|x64.ActiveCfg = MinSizeRel|x64
		{6F9BD127-C855-3472-B583-618A7921FFAF}.MinSizeRel|x64.Build.0 = MinSizeRel|x64
		{6F9BD127-C855-3472-B583-618A7921FFAF}.RelWithDebInfo|x64.ActiveCfg = RelWithDebInfo|x64
		{6F9BD127-C855-3472-B583-618A7921FFAF}.RelWithDebInfo|x64.Build.0 = RelWithDebInfo|x64
		{A3A1BAF9-1CF3-3AF2-96F1-DAC9465BB5FE}.Debug|x64.ActiveCfg = Debug|x64
		{A3A1BAF9-1CF3-3AF2-96F1-DAC9465BB5FE}.Debug|x64.Build.0 = Debug|x64
		{A3A1BAF9-1CF3-3AF2-96F1-DAC9465BB5FE}.Release|x64.ActiveCfg = Release|x64
		{A3A1BAF9-1CF3-3AF2-96F1-DAC9465BB5FE}.Release|x64.Build.0 = Release|x64
		{A3A1BAF9-1CF3-3AF2-96F1-DAC9465BB5FE}.MinSizeRel|x64.ActiveCfg = MinSizeRel|x64
		{A3A1BAF9-1CF3-3AF2-96F1-DAC9465BB5FE}.MinSizeRel|x64.Build.0 = MinSizeRel|x64
		{A3A1BAF9-1CF3-3AF2-96F1-DAC9465BB5FE}.RelWithDebInfo|x64.ActiveCfg = RelWithDebInfo|x64
		{A3A1BAF9-1CF3-3AF2-96F1-DAC9465BB5FE}.RelWithDebInfo|x64.Build.0 = RelWithDebInfo|x64
		{13F4F022-9A44-378E-B21E-BA2A39C86300}.Debug|x64.ActiveCfg = Debug|x64
		{13F4F022-9A44-378E-B21E-BA2A39C86300}.Debug|x64.Build.0 = Debug|x64
		{13F4F022-9A44-378E-B21E-BA2A39C86300}.Release|x64.ActiveCfg = Release|x64
		{13F4F022-9A44-378E-B21E-BA2A39C86300}.Release|x64.Build.0 = Release|x64
		{13F4F022-9A44-378E-B21E-BA2A39C86300}.MinSizeRel|x64.ActiveCfg = MinSizeRel|x64
		{13F4F022-9A44-378E-B21E-BA2A39C86300}.MinSizeRel|x64.Build.0 = MinSizeRel|x64
		{13F4F022-9A44-378E-B21E-BA2A39C86300}.RelWithDebInfo|x64.ActiveCfg = RelWithDebInfo|x64
		{13F4F022-9A44-378E-B21E-BA2A39C86300}.RelWithDebInfo|x64.Build.0 = RelWithDebInfo|x64
		{A3806721-30B0-3BBB-86E5-BFCEBDDFDD36}.Debug|x64.ActiveCfg = Debug|x64
		{A3806721-30B0-3BBB-86E5-BFCEBDDFDD36}.Debug|x64.Build.0 = Debug|x64
		{A3806721-30B0-3BBB-86E5-BFCEBDDFDD36}.Release|x64.ActiveCfg = Release|x64
		{A3806721-30B0-3BBB-86E5-BFCEBDDFDD36}.Release|x64.Build.0 = Release|x64
		{A3806721-30B0-3BBB-86E5-BFCEBDDFDD36}.MinSizeRel|x64.ActiveCfg = MinSizeRel|x64
		{A3806721-30B0-3BBB-86E5-BFCEBDDFDD36}.MinSizeRel|x64.Build.0 = MinSizeRel|x64
		{A3806721-30B0-3BBB-86E5-BFCEBDDFDD36}.RelWithDebInfo|x64.ActiveCfg = RelWithDebInfo|x64
		{A3806721-30B0-3BBB-86E5-BFCEBDDFDD36}.RelWithDebInfo|x64.Build.0 = RelWithDebInfo|x64
		{3F38506D-A218-37CE-9A7F-B551483B984F}.Debug|x64.ActiveCfg = Debug|x64
		{3F38506D-A218-37CE-9A7F-B551483B984F}.Debug|x64.Build.0 = Debug|x64
		{3F38506D-A218-37CE-9A7F-B551483B984F}.Release|x64.ActiveCfg = Release|x64
		{3F38506D-A218-37CE-9A7F-B551483B984F}.Release|x64.Build.0 = Release|x64
		{3F38506D-A218-37CE-9A7F-B551483B984F}.MinSizeRel|x64.ActiveCfg = MinSizeRel|x64
		{3F38506D-A218-37CE-9A7F-B551483B984F}.MinSizeRel|x64.Build.0 = MinSizeRel|x64
		{3F38506D-A218-37CE-9A7F-B551483B984F}.RelWithDebInfo|x64.ActiveCfg = RelWithDebInfo|x64
		{3F38506D-A218-37CE-9A7F-B551483B984F}.RelWithDebInfo|x64.Build.0 = RelWithDebInfo|x64
		{2B10A5B4-4C46-3D47-809A-AC1D22949021}.Debug|x64.ActiveCfg = Debug|x64
		{2B10A5B4-4C46-3D47-809A-AC1D22949021}.Debug|x64.Build.0 = Debug|x64
		{2B10A5B4-4C46-3D47-809A-AC1D22949021}.Release|x64.ActiveCfg = Release|x64
		{2B10A5B4-4C46-3D47-809A-AC1D22949021}.Release|x64.Build.0 = Release|x64
		{2B10A5B4-4C46-3D47-809A-AC1D22949021}.MinSizeRel|x64.ActiveCfg = MinSizeRel|x64
		{2B10A5B4-4C46-3D47-809A-AC1D22949021}.MinSizeRel|x64.Build.0 = MinSizeRel|x64
		{2B10A5B4-4C46-3D47-809A-AC1D22949021}.RelWithDebInfo|x64.ActiveCfg = RelWithDebInfo|x64
		{2B10A5B4-4C46-3D47-809A-AC1D22949021}.RelWithDebInfo|x64.Build.0 = RelWithDebInfo|x64
		{8406AAE5-4B33-391F-96D0-CB1EECAB7CAA}.Debug|x64.ActiveCfg = Debug|x64
		{8406AAE5-4B33-391F-96D0-CB1EECAB7CAA}.Debug|x64.Build.0 = Debug|x64
		{8406AAE5-4B33-391F-96D0-CB1EECAB7CAA}.Release|x64.ActiveCfg = Release|x64
		{8406AAE5-4B33-391F-96D0-CB1EECAB7CAA}.Release|x64.Build.0 = Release|x64
		{8406AAE5-4B33-391F-96D0-CB1EECAB7CAA}.MinSizeRel|x64.ActiveCfg = MinSizeRel|x64
		{8406AAE5-4B33-391F-96D0-CB1EECAB7CAA}.MinSizeRel|x64.Build.0 = MinSizeRel|x64
		{8406AAE5-4B33-391F-96D0-CB1EECAB7CAA}.RelWithDebInfo|x64.ActiveCfg = RelWithDebInfo|x64
		{8406AAE5-4B33-391F-96D0-CB1EECAB7CAA}.RelWithDebInfo|x64.Build.0 = RelWithDebInfo|x64
		{15A30758-0511-3741-89CC-12DDBD69F6EE}.Debug|x64.ActiveCfg = Debug|x64
		{15A30758-0511-3741-89CC-12DDBD69F6EE}.Debug|x64.Build.0 = Debug|x64
		{15A30758-0511-3741-89CC-12DDBD69F6EE}.Release|x64.ActiveCfg = Release|x64
		{15A30758-0511-3741-89CC-12DDBD69F6EE}.Release|x64.Build.0 = Release|x64
		{15A30758-0511-3741-89CC-12DDBD69F6EE}.MinSizeRel|x64.ActiveCfg = MinSizeRel|x64
		{15A30758-0511-3741-89CC-12DDBD69F6EE}.MinSizeRel|x64.Build.0 = MinSizeRel|x64
		{15A30758-0511-3741-89CC-12DDBD69F6EE}.RelWithDebInfo|x64.ActiveCfg = RelWithDebInfo|x64
		{15A30758-0511-3741-89CC-12DDBD69F6EE}.RelWithDebInfo|x64.Build.0 = RelWithDebInfo|x64
		{ECD0D8E6-7264-3245-BD17-588983B76751}.Debug|x64.ActiveCfg = Debug|x64
		{ECD0D8E6-7264-3245-BD17-588983B76751}.Debug|x64.Build.0 = Debug|x64
		{ECD0D8E6-7264-3245-BD17-588983B76751}.Release|x64.ActiveCfg = Release|x64
		{ECD0D8E6-7264-3245-BD17-588983B76751}.Release|x64.Build.0 = Release|x64
		{ECD0D8E6-7264-3245-BD17-588983B76751}.MinSizeRel|x64.ActiveCfg = MinSizeRel|x64
		{ECD0D8E6-7264-3245-BD17-588983B76751}.MinSizeRel|x64.Build.0 = MinSizeRel|x64
		{ECD0D8E6-7264-3245-BD17-588983B76751}.RelWithDebInfo|x64.ActiveCfg = RelWithDebInfo|x64
		{ECD0D8E6-7264-3245-BD17-588983B76751}.RelWithDebInfo|x64.Build.0 = RelWithDebInfo|x64
		{0CCB955F-3FB8-3516-B92F-40BBAD477A6A}.Debug|x64.ActiveCfg = Debug|x64
		{0CCB955F-3FB8-3516-B92F-40BBAD477A6A}.Debug|x64.Build.0 = Debug|x64
		{0CCB955F-3FB8-3516-B92F-40BBAD477A6A}.Release|x64.ActiveCfg = Release|x64
		{0CCB955F-3FB8-3516-B92F-40BBAD477A6A}.Release|x64.Build.0 = Release|x64
		{0CCB955F-3FB8-3516-B92F-40BBAD477A6A}.MinSizeRel|x64.ActiveCfg = MinSizeRel|x64
		{0CCB955F-3FB8-3516-B92F-40BBAD477A6A}.MinSizeRel|x64.Build.0 = MinSizeRel|x64
		{0CCB955F-3FB8-3516-B92F-40BBAD477A6A}.RelWithDebInfo|x64.ActiveCfg = RelWithDebInfo|x64
		{0CCB955F-3FB8-3516-B92F-40BBAD477A6A}.RelWithDebInfo|x64.Build.0 = RelWithDebInfo|x64
		{EF48F0D9-5660-3634-A074-720351052629}.Debug|x64.ActiveCfg = Debug|x64
		{EF48F0D9-5660-3634-A074-720351052629}.Debug|x64.Build.0 = Debug|x64
		{EF48F0D9-5660-3634-A074-720351052629}.Release|x64.ActiveCfg = Release|x64
		{EF48F0D9-5660-3634-A074-720351052629}.Release|x64.Build.0 = Release|x64
		{EF48F0D9-5660-3634-A074-720351052629}.MinSizeRel|x64.ActiveCfg = MinSizeRel|x64
		{EF48F0D9-5660-3634-A074-720351052629}.MinSizeRel|x64.Build.0 = MinSizeRel|x64
		{EF48F0D9-5660-3634-A074-720351052629}.RelWithDebInfo|x64.ActiveCfg = RelWithDebInfo|x64
		{EF48F0D9-5660-3634-A074-720351052629}.RelWithDebInfo|x64.Build.0 = RelWithDebInfo|x64
		{50F9A2CC-AA08-398A-A4F7-5283DB6CDB09}.Debug|x64.ActiveCfg = Debug|x64
		{50F9A2CC-AA08-398A-A4F7-5283DB6CDB09}.Debug|x64.Build.0 = Debug|x64
		{50F9A2CC-AA08-398A-A4F7-5283DB6CDB09}.Release|x64.ActiveCfg = Release|x64
		{50F9A2CC-AA08-398A-A4F7-5283DB6CDB09}.Release|x64.Build.0 = Release|x64
		{50F9A2CC-AA08-398A-A4F7-5283DB6CDB09}.MinSizeRel|x64.ActiveCfg = MinSizeRel|x64
		{50F9A2CC-AA08-398A-A4F7-5283DB6CDB09}.MinSizeRel|x64.Build.0 = MinSizeRel|x64
		{50F9A2CC-AA08-398A-A4F7-5283DB6CDB09}.RelWithDebInfo|x64.ActiveCfg = RelWithDebInfo|x64
		{50F9A2CC-AA08-398A-A4F7-5283DB6CDB09}.RelWithDebInfo|x64.Build.0 = RelWithDebInfo|x64
		{0117833A-C1F0-37F1-8FFC-00B7548E0D0A}.Debug|x64.ActiveCfg = Debug|x64
		{0117833A-C1F0-37F1-8FFC-00B7548E0D0A}.Debug|x64.Build.0 = Debug|x64
		{0117833A-C1F0-37F1-8FFC-00B7548E0D0A}.Release|x64.ActiveCfg = Release|x64
		{0117833A-C1F0-37F1-8FFC-00B7548E0D0A}.Release|x64.Build.0 = Release|x64
		{0117833A-C1F0-37F1-8FFC-00B7548E0D0A}.MinSizeRel|x64.ActiveCfg = MinSizeRel|x64
		{0117833A-C1F0-37F1-8FFC-00B7548E0D0A}.MinSizeRel|x64.Build.0 = MinSizeRel|x64
		{0117833A-C1F0-37F1-8FFC-00B7548E0D0A}.RelWithDebInfo|x64.ActiveCfg = RelWithDebInfo|x64
		{0117833A-C1F0-37F1-8FFC-00B7548E0D0A}.RelWithDebInfo|x64.Build.0 = RelWithDebInfo|x64
		{B3E8A17D-41B5-33DA-B1BF-0651832DD52D}.Debug|x64.ActiveCfg = Debug|x64
		{B3E8A17D-41B5-33DA-B1BF-0651832DD52D}.Debug|x64.Build.0 = Debug|x64
		{B3E8A17D-41B5-33DA-B1BF-0651832DD52D}.Release|x64.ActiveCfg = Release|x64
		{B3E8A17D-41B5-33DA-B1BF-0651832DD52D}.Release|x64.Build.0 = Release|x64
		{B3E8A17D-41B5-33DA-B1BF-0651832DD52D}.MinSizeRel|x64.ActiveCfg = MinSizeRel|x64
		{B3E8A17D-41B5-33DA-B1BF-0651832DD52D}.MinSizeRel|x64.Build.0 = MinSizeRel|x64
		{B3E8A17D-41B5-33DA-B1BF-0651832DD52D}.RelWithDebInfo|x64.ActiveCfg = RelWithDebInfo|x64
		{B3E8A17D-41B5-33DA-B1BF-0651832DD52D}.RelWithDebInfo|x64.Build.0 = RelWithDebInfo|x64
		{06C33F70-2292-3238-8214-0A77E88243D4}.Debug|x64.ActiveCfg = Debug|x64
		{06C33F70-2292-3238-8214-0A77E88243D4}.Debug|x64.Build.0 = Debug|x64
		{06C33F70-2292-3238-8214-0A77E88243D4}.Release|x64.ActiveCfg = Release|x64
		{06C33F70-2292-3238-8214-0A77E88243D4}.Release|x64.Build.0 = Release|x64
		{06C33F70-2292-3238-8214-0A77E88243D4}.MinSizeRel|x64.ActiveCfg = MinSizeRel|x64
		{06C33F70-2292-3238-8214-0A77E88243D4}.MinSizeRel|x64.Build.0 = MinSizeRel|x64
		{06C33F70-2292-3238-8214-0A77E88243D4}.RelWithDebInfo|x64.ActiveCfg = RelWithDebInfo|x64
		{06C33F70-2292-3238-8214-0A77E88243D4}.RelWithDebInfo|x64.Build.0 = RelWithDebInfo|x64
		{9197F457-CB9A-3CDB-AB00-CFD98F4A2139}.Debug|x64.ActiveCfg = Debug|x64
		{9197F457-CB9A-3CDB-AB00-CFD98F4A2139}.Debug|x64.Build.0 = Debug|x64
		{9197F457-CB9A-3CDB-AB00-CFD98F4A2139}.Release|x64.ActiveCfg = Release|x64
		{9197F457-CB9A-3CDB-AB00-CFD98F4A2139}.Release|x64.Build.0 = Release|x64
		{9197F457-CB9A-3CDB-AB00-CFD98F4A2139}.MinSizeRel|x64.ActiveCfg = MinSizeRel|x64
		{9197F457-CB9A-3CDB-AB00-CFD98F4A2139}.MinSizeRel|x64.Build.0 = MinSizeRel|x64
		{9197F457-CB9A-3CDB-AB00-CFD98F4A2139}.RelWithDebInfo|x64.ActiveCfg = RelWithDebInfo|x64
		{9197F457-CB9A-3CDB-AB00-CFD98F4A2139}.RelWithDebInfo|x64.Build.0 = RelWithDebInfo|x64
		{7ED24063-EC5B-3E36-BFD8-A94D862B35D4}.Debug|x64.ActiveCfg = Debug|x64
		{7ED24063-EC5B-3E36-BFD8-A94D862B35D4}.Debug|x64.Build.0 = Debug|x64
		{7ED24063-EC5B-3E36-BFD8-A94D862B35D4}.Release|x64.ActiveCfg = Release|x64
		{7ED24063-EC5B-3E36-BFD8-A94D862B35D4}.Release|x64.Build.0 = Release|x64
		{7ED24063-EC5B-3E36-BFD8-A94D862B35D4}.MinSizeRel|x64.ActiveCfg = MinSizeRel|x64
		{7ED24063-EC5B-3E36-BFD8-A94D862B35D4}.MinSizeRel|x64.Build.0 = MinSizeRel|x64
		{7ED24063-EC5B-3E36-BFD8-A94D862B35D4}.RelWithDebInfo|x64.ActiveCfg = RelWithDebInfo|x64
		{7ED24063-EC5B-3E36-BFD8-A94D862B35D4}.RelWithDebInfo|x64.Build.0 = RelWithDebInfo|x64
		{7797B26B-4A20-3D08-83C2-EB0B4C3276DA}.Debug|x64.ActiveCfg = Debug|x64
		{7797B26B-4A20-3D08-83C2-EB0B4C3276DA}.Debug|x64.Build.0 = Debug|x64
		{7797B26B-4A20-3D08-83C2-EB0B4C3276DA}.Release|x64.ActiveCfg = Release|x64
		{7797B26B-4A20-3D08-83C2-EB0B4C3276DA}.Release|x64.Build.0 = Release|x64
		{7797B26B-4A20-3D08-83C2-EB0B4C3276DA}.MinSizeRel|x64.ActiveCfg = MinSizeRel|x64
		{7797B26B-4A20-3D08-83C2-EB0B4C3276DA}.MinSizeRel|x64.Build.0 = MinSizeRel|x64
		{7797B26B-4A20-3D08-83C2-EB0B4C3276DA}.RelWithDebInfo|x64.ActiveCfg = RelWithDebInfo|x64
		{7797B26B-4A20-3D08-83C2-EB0B4C3276DA}.RelWithDebInfo|x64.Build.0 = RelWithDebInfo|x64
		{E164D1EE-58C0-3A66-BBCB-6B1B984D167A}.Debug|x64.ActiveCfg = Debug|x64
		{E164D1EE-58C0-3A66-BBCB-6B1B984D167A}.Debug|x64.Build.0 = Debug|x64
		{E164D1EE-58C0-3A66-BBCB-6B1B984D167A}.Release|x64.ActiveCfg = Release|x64
		{E164D1EE-58C0-3A66-BBCB-6B1B984D167A}.Release|x64.Build.0 = Release|x64
		{E164D1EE-58C0-3A66-BBCB-6B1B984D167A}.MinSizeRel|x64.ActiveCfg = MinSizeRel|x64
		{E164D1EE-58C0-3A66-BBCB-6B1B984D167A}.MinSizeRel|x64.Build.0 = MinSizeRel|x64
		{E164D1EE-58C0-3A66-BBCB-6B1B984D167A}.RelWithDebInfo|x64.ActiveCfg = RelWithDebInfo|x64
		{E164D1EE-58C0-3A66-BBCB-6B1B984D167A}.RelWithDebInfo|x64.Build.0 = RelWithDebInfo|x64
		{B302089B-C17F-3DCA-B219-5C2E0E389FCE}.Debug|x64.ActiveCfg = Debug|x64
		{B302089B-C17F-3DCA-B219-5C2E0E389FCE}.Debug|x64.Build.0 = Debug|x64
		{B302089B-C17F-3DCA-B219-5C2E0E389FCE}.Release|x64.ActiveCfg = Release|x64
		{B302089B-C17F-3DCA-B219-5C2E0E389FCE}.Release|x64.Build.0 = Release|x64
		{B302089B-C17F-3DCA-B219-5C2E0E389FCE}.MinSizeRel|x64.ActiveCfg = MinSizeRel|x64
		{B302089B-C17F-3DCA-B219-5C2E0E389FCE}.MinSizeRel|x64.Build.0 = MinSizeRel|x64
		{B302089B-C17F-3DCA-B219-5C2E0E389FCE}.RelWithDebInfo|x64.ActiveCfg = RelWithDebInfo|x64
		{B302089B-C17F-3DCA-B219-5C2E0E389FCE}.RelWithDebInfo|x64.Build.0 = RelWithDebInfo|x64
		{9EB249CC-81B7-3550-946D-B3FD144DD4CE}.Debug|x64.ActiveCfg = Debug|x64
		{9EB249CC-81B7-3550-946D-B3FD144DD4CE}.Debug|x64.Build.0 = Debug|x64
		{9EB249CC-81B7-3550-946D-B3FD144DD4CE}.Release|x64.ActiveCfg = Release|x64
		{9EB249CC-81B7-3550-946D-B3FD144DD4CE}.Release|x64.Build.0 = Release|x64
		{9EB249CC-81B7-3550-946D-B3FD144DD4CE}.MinSizeRel|x64.ActiveCfg = MinSizeRel|x64
		{9EB249CC-81B7-3550-946D-B3FD144DD4CE}.MinSizeRel|x64.Build.0 = MinSizeRel|x64
		{9EB249CC-81B7-3550-946D-B3FD144DD4CE}.RelWithDebInfo|x64.ActiveCfg = RelWithDebInfo|x64
		{9EB249CC-81B7-3550-946D-B3FD144DD4CE}.RelWithDebInfo|x64.Build.0 = RelWithDebInfo|x64
		{1C65F8C9-4E23-3C1D-9E5B-F9B406AC65B6}.Debug|x64.ActiveCfg = Debug|x64
		{1C65F8C9-4E23-3C1D-9E5B-F9B406AC65B6}.Debug|x64.Build.0 = Debug|x64
		{1C65F8C9-4E23-3C1D-9E5B-F9B406AC65B6}.Release|x64.ActiveCfg = Release|x64
		{1C65F8C9-4E23-3C1D-9E5B-F9B406AC65B6}.Release|x64.Build.0 = Release|x64
		{1C65F8C9-4E23-3C1D-9E5B-F9B406AC65B6}.MinSizeRel|x64.ActiveCfg = MinSizeRel|x64
		{1C65F8C9-4E23-3C1D-9E5B-F9B406AC65B6}.MinSizeRel|x64.Build.0 = MinSizeRel|x64
		{1C65F8C9-4E23-3C1D-9E5B-F9B406AC65B6}.RelWithDebInfo|x64.ActiveCfg = RelWithDebInfo|x64
		{1C65F8C9-4E23-3C1D-9E5B-F9B406AC65B6}.RelWithDebInfo|x64.Build.0 = RelWithDebInfo|x64
		{1B0C60A2-4C60-3571-B2BF-50003696629B}.Debug|x64.ActiveCfg = Debug|x64
		{1B0C60A2-4C60-3571-B2BF-50003696629B}.Debug|x64.Build.0 = Debug|x64
		{1B0C60A2-4C60-3571-B2BF-50003696629B}.Release|x64.ActiveCfg = Release|x64
		{1B0C60A2-4C60-3571-B2BF-50003696629B}.Release|x64.Build.0 = Release|x64
		{1B0C60A2-4C60-3571-B2BF-50003696629B}.MinSizeRel|x64.ActiveCfg = MinSizeRel|x64
		{1B0C60A2-4C60-3571-B2BF-50003696629B}.MinSizeRel|x64.Build.0 = MinSizeRel|x64
		{1B0C60A2-4C60-3571-B2BF-50003696629B}.RelWithDebInfo|x64.ActiveCfg = RelWithDebInfo|x64
		{1B0C60A2-4C60-3571-B2BF-50003696629B}.RelWithDebInfo|x64.Build.0 = RelWithDebInfo|x64
		{AD2D59EB-52F8-3719-98DD-4EB731A0F190}.Debug|x64.ActiveCfg = Debug|x64
		{AD2D59EB-52F8-3719-98DD-4EB731A0F190}.Debug|x64.Build.0 = Debug|x64
		{AD2D59EB-52F8-3719-98DD-4EB731A0F190}.Release|x64.ActiveCfg = Release|x64
		{AD2D59EB-52F8-3719-98DD-4EB731A0F190}.Release|x64.Build.0 = Release|x64
		{AD2D59EB-52F8-3719-98DD-4EB731A0F190}.MinSizeRel|x64.ActiveCfg = MinSizeRel|x64
		{AD2D59EB-52F8-3719-98DD-4EB731A0F190}.MinSizeRel|x64.Build.0 = MinSizeRel|x64
		{AD2D59EB-52F8-3719-98DD-4EB731A0F190}.RelWithDebInfo|x64.ActiveCfg = RelWithDebInfo|x64
		{AD2D59EB-52F8-3719-98DD-4EB731A0F190}.RelWithDebInfo|x64.Build.0 = RelWithDebInfo|x64
		{34137CF3-8A6D-3941-A85D-015208CDB7CE}.Debug|x64.ActiveCfg = Debug|x64
		{34137CF3-8A6D-3941-A85D-015208CDB7CE}.Debug|x64.Build.0 = Debug|x64
		{34137CF3-8A6D-3941-A85D-015208CDB7CE}.Release|x64.ActiveCfg = Release|x64
		{34137CF3-8A6D-3941-A85D-015208CDB7CE}.Release|x64.Build.0 = Release|x64
		{34137CF3-8A6D-3941-A85D-015208CDB7CE}.MinSizeRel|x64.ActiveCfg = MinSizeRel|x64
		{34137CF3-8A6D-3941-A85D-015208CDB7CE}.MinSizeRel|x64.Build.0 = MinSizeRel|x64
		{34137CF3-8A6D-3941-A85D-015208CDB7CE}.RelWithDebInfo|x64.ActiveCfg = RelWithDebInfo|x64
		{34137CF3-8A6D-3941-A85D-015208CDB7CE}.RelWithDebInfo|x64.Build.0 = RelWithDebInfo|x64
		{56AE7F3E-3685-33C0-8CA6-67CB74D7A3D6}.Debug|x64.ActiveCfg = Debug|x64
		{56AE7F3E-3685-33C0-8CA6-67CB74D7A3D6}.Debug|x64.Build.0 = Debug|x64
		{56AE7F3E-3685-33C0-8CA6-67CB74D7A3D6}.Release|x64.ActiveCfg = Release|x64
		{56AE7F3E-3685-33C0-8CA6-67CB74D7A3D6}.Release|x64.Build.0 = Release|x64
		{56AE7F3E-3685-33C0-8CA6-67CB74D7A3D6}.MinSizeRel|x64.ActiveCfg = MinSizeRel|x64
		{56AE7F3E-3685-33C0-8CA6-67CB74D7A3D6}.MinSizeRel|x64.Build.0 = MinSizeRel|x64
		{56AE7F3E-3685-33C0-8CA6-67CB74D7A3D6}.RelWithDebInfo|x64.ActiveCfg = RelWithDebInfo|x64
		{56AE7F3E-3685-33C0-8CA6-67CB74D7A3D6}.RelWithDebInfo|x64.Build.0 = RelWithDebInfo|x64
		{C591594A-ED7B-3E52-8DD8-7A467E08D0AA}.Debug|x64.ActiveCfg = Debug|x64
		{C591594A-ED7B-3E52-8DD8-7A467E08D0AA}.Debug|x64.Build.0 = Debug|x64
		{C591594A-ED7B-3E52-8DD8-7A467E08D0AA}.Release|x64.ActiveCfg = Release|x64
		{C591594A-ED7B-3E52-8DD8-7A467E08D0AA}.Release|x64.Build.0 = Release|x64
		{C591594A-ED7B-3E52-8DD8-7A467E08D0AA}.MinSizeRel|x64.ActiveCfg = MinSizeRel|x64
		{C591594A-ED7B-3E52-8DD8-7A467E08D0AA}.MinSizeRel|x64.Build.0 = MinSizeRel|x64
		{C591594A-ED7B-3E52-8DD8-7A467E08D0AA}.RelWithDebInfo|x64.ActiveCfg = RelWithDebInfo|x64
		{C591594A-ED7B-3E52-8DD8-7A467E08D0AA}.RelWithDebInfo|x64.Build.0 = RelWithDebInfo|x64
		{D353D153-7D7A-3FC2-A69E-1660403F9A15}.Debug|x64.ActiveCfg = Debug|x64
		{D353D153-7D7A-3FC2-A69E-1660403F9A15}.Debug|x64.Build.0 = Debug|x64
		{D353D153-7D7A-3FC2-A69E-1660403F9A15}.Release|x64.ActiveCfg = Release|x64
		{D353D153-7D7A-3FC2-A69E-1660403F9A15}.Release|x64.Build.0 = Release|x64
		{D353D153-7D7A-3FC2-A69E-1660403F9A15}.MinSizeRel|x64.ActiveCfg = MinSizeRel|x64
		{D353D153-7D7A-3FC2-A69E-1660403F9A15}.MinSizeRel|x64.Build.0 = MinSizeRel|x64
		{D353D153-7D7A-3FC2-A69E-1660403F9A15}.RelWithDebInfo|x64.ActiveCfg = RelWithDebInfo|x64
		{D353D153-7D7A-3FC2-A69E-1660403F9A15}.RelWithDebInfo|x64.Build.0 = RelWithDebInfo|x64
		{8626DF21-03C2-3BD4-B507-F8085D071560}.Debug|x64.ActiveCfg = Debug|x64
		{8626DF21-03C2-3BD4-B507-F8085D071560}.Debug|x64.Build.0 = Debug|x64
		{8626DF21-03C2-3BD4-B507-F8085D071560}.Release|x64.ActiveCfg = Release|x64
		{8626DF21-03C2-3BD4-B507-F8085D071560}.Release|x64.Build.0 = Release|x64
		{8626DF21-03C2-3BD4-B507-F8085D071560}.MinSizeRel|x64.ActiveCfg = MinSizeRel|x64
		{8626DF21-03C2-3BD4-B507-F8085D071560}.MinSizeRel|x64.Build.0 = MinSizeRel|x64
		{8626DF21-03C2-3BD4-B507-F8085D071560}.RelWithDebInfo|x64.ActiveCfg = RelWithDebInfo|x64
		{8626DF21-03C2-3BD4-B507-F8085D071560}.RelWithDebInfo|x64.Build.0 = RelWithDebInfo|x64
		{3D80D12E-D199-382C-8FF0-00F1115F6FFF}.Debug|x64.ActiveCfg = Debug|x64
		{3D80D12E-D199-382C-8FF0-00F1115F6FFF}.Debug|x64.Build.0 = Debug|x64
		{3D80D12E-D199-382C-8FF0-00F1115F6FFF}.Release|x64.ActiveCfg = Release|x64
		{3D80D12E-D199-382C-8FF0-00F1115F6FFF}.Release|x64.Build.0 = Release|x64
		{3D80D12E-D199-382C-8FF0-00F1115F6FFF}.MinSizeRel|x64.ActiveCfg = MinSizeRel|x64
		{3D80D12E-D199-382C-8FF0-00F1115F6FFF}.MinSizeRel|x64.Build.0 = MinSizeRel|x64
		{3D80D12E-D199-382C-8FF0-00F1115F6FFF}.RelWithDebInfo|x64.ActiveCfg = RelWithDebInfo|x64
		{3D80D12E-D199-382C-8FF0-00F1115F6FFF}.RelWithDebInfo|x64.Build.0 = RelWithDebInfo|x64
		{A9789BD7-7307-3413-80F2-68941EB7F990}.Debug|x64.ActiveCfg = Debug|x64
		{A9789BD7-7307-3413-80F2-68941EB7F990}.Debug|x64.Build.0 = Debug|x64
		{A9789BD7-7307-3413-80F2-68941EB7F990}.Release|x64.ActiveCfg = Release|x64
		{A9789BD7-7307-3413-80F2-68941EB7F990}.Release|x64.Build.0 = Release|x64
		{A9789BD7-7307-3413-80F2-68941EB7F990}.MinSizeRel|x64.ActiveCfg = MinSizeRel|x64
		{A9789BD7-7307-3413-80F2-68941EB7F990}.MinSizeRel|x64.Build.0 = MinSizeRel|x64
		{A9789BD7-7307-3413-80F2-68941EB7F990}.RelWithDebInfo|x64.ActiveCfg = RelWithDebInfo|x64
		{A9789BD7-7307-3413-80F2-68941EB7F990}.RelWithDebInfo|x64.Build.0 = RelWithDebInfo|x64
		{BA680BBD-0D4F-3116-B90B-E888AFF81496}.Debug|x64.ActiveCfg = Debug|x64
		{BA680BBD-0D4F-3116-B90B-E888AFF81496}.Debug|x64.Build.0 = Debug|x64
		{BA680BBD-0D4F-3116-B90B-E888AFF81496}.Release|x64.ActiveCfg = Release|x64
		{BA680BBD-0D4F-3116-B90B-E888AFF81496}.Release|x64.Build.0 = Release|x64
		{BA680BBD-0D4F-3116-B90B-E888AFF81496}.MinSizeRel|x64.ActiveCfg = MinSizeRel|x64
		{BA680BBD-0D4F-3116-B90B-E888AFF81496}.MinSizeRel|x64.Build.0 = MinSizeRel|x64
		{BA680BBD-0D4F-3116-B90B-E888AFF81496}.RelWithDebInfo|x64.ActiveCfg = RelWithDebInfo|x64
		{BA680BBD-0D4F-3116-B90B-E888AFF81496}.RelWithDebInfo|x64.Build.0 = RelWithDebInfo|x64
		{17E8B785-FBE2-36CE-8C23-8873A60F5106}.Debug|x64.ActiveCfg = Debug|x64
		{17E8B785-FBE2-36CE-8C23-8873A60F5106}.Debug|x64.Build.0 = Debug|x64
		{17E8B785-FBE2-36CE-8C23-8873A60F5106}.Release|x64.ActiveCfg = Release|x64
		{17E8B785-FBE2-36CE-8C23-8873A60F5106}.Release|x64.Build.0 = Release|x64
		{17E8B785-FBE2-36CE-8C23-8873A60F5106}.MinSizeRel|x64.ActiveCfg = MinSizeRel|x64
		{17E8B785-FBE2-36CE-8C23-8873A60F5106}.MinSizeRel|x64.Build.0 = MinSizeRel|x64
		{17E8B785-FBE2-36CE-8C23-8873A60F5106}.RelWithDebInfo|x64.ActiveCfg = RelWithDebInfo|x64
		{17E8B785-FBE2-36CE-8C23-8873A60F5106}.RelWithDebInfo|x64.Build.0 = RelWithDebInfo|x64
		{50FAAA83-39FF-30E0-9DA5-0CA528B2200D}.Debug|x64.ActiveCfg = Debug|x64
		{50FAAA83-39FF-30E0-9DA5-0CA528B2200D}.Debug|x64.Build.0 = Debug|x64
		{50FAAA83-39FF-30E0-9DA5-0CA528B2200D}.Release|x64.ActiveCfg = Release|x64
		{50FAAA83-39FF-30E0-9DA5-0CA528B2200D}.Release|x64.Build.0 = Release|x64
		{50FAAA83-39FF-30E0-9DA5-0CA528B2200D}.MinSizeRel|x64.ActiveCfg = MinSizeRel|x64
		{50FAAA83-39FF-30E0-9DA5-0CA528B2200D}.MinSizeRel|x64.Build.0 = MinSizeRel|x64
		{50FAAA83-39FF-30E0-9DA5-0CA528B2200D}.RelWithDebInfo|x64.ActiveCfg = RelWithDebInfo|x64
		{50FAAA83-39FF-30E0-9DA5-0CA528B2200D}.RelWithDebInfo|x64.Build.0 = RelWithDebInfo|x64
		{9C5E10B2-6EF9-39C1-997C-F75B4BCC1622}.Debug|x64.ActiveCfg = Debug|x64
		{9C5E10B2-6EF9-39C1-997C-F75B4BCC1622}.Debug|x64.Build.0 = Debug|x64
		{9C5E10B2-6EF9-39C1-997C-F75B4BCC1622}.Release|x64.ActiveCfg = Release|x64
		{9C5E10B2-6EF9-39C1-997C-F75B4BCC1622}.Release|x64.Build.0 = Release|x64
		{9C5E10B2-6EF9-39C1-997C-F75B4BCC1622}.MinSizeRel|x64.ActiveCfg = MinSizeRel|x64
		{9C5E10B2-6EF9-39C1-997C-F75B4BCC1622}.MinSizeRel|x64.Build.0 = MinSizeRel|x64
		{9C5E10B2-6EF9-39C1-997C-F75B4BCC1622}.RelWithDebInfo|x64.ActiveCfg = RelWithDebInfo|x64
		{9C5E10B2-6EF9-39C1-997C-F75B4BCC1622}.RelWithDebInfo|x64.Build.0 = RelWithDebInfo|x64
		{51B5DAA7-7241-37EA-84E0-4DC588981583}.Debug|x64.ActiveCfg = Debug|x64
		{51B5DAA7-7241-37EA-84E0-4DC588981583}.Debug|x64.Build.0 = Debug|x64
		{51B5DAA7-7241-37EA-84E0-4DC588981583}.Release|x64.ActiveCfg = Release|x64
		{51B5DAA7-7241-37EA-84E0-4DC588981583}.Release|x64.Build.0 = Release|x64
		{51B5DAA7-7241-37EA-84E0-4DC588981583}.MinSizeRel|x64.ActiveCfg = MinSizeRel|x64
		{51B5DAA7-7241-37EA-84E0-4DC588981583}.MinSizeRel|x64.Build.0 = MinSizeRel|x64
		{51B5DAA7-7241-37EA-84E0-4DC588981583}.RelWithDebInfo|x64.ActiveCfg = RelWithDebInfo|x64
		{51B5DAA7-7241-37EA-84E0-4DC588981583}.RelWithDebInfo|x64.Build.0 = RelWithDebInfo|x64
		{203EBA72-B3D4-36B9-A48F-548BCC07F5DC}.Debug|x64.ActiveCfg = Debug|x64
		{203EBA72-B3D4-36B9-A48F-548BCC07F5DC}.Debug|x64.Build.0 = Debug|x64
		{203EBA72-B3D4-36B9-A48F-548BCC07F5DC}.Release|x64.ActiveCfg = Release|x64
		{203EBA72-B3D4-36B9-A48F-548BCC07F5DC}.Release|x64.Build.0 = Release|x64
		{203EBA72-B3D4-36B9-A48F-548BCC07F5DC}.MinSizeRel|x64.ActiveCfg = MinSizeRel|x64
		{203EBA72-B3D4-36B9-A48F-548BCC07F5DC}.MinSizeRel|x64.Build.0 = MinSizeRel|x64
		{203EBA72-B3D4-36B9-A48F-548BCC07F5DC}.RelWithDebInfo|x64.ActiveCfg = RelWithDebInfo|x64
		{203EBA72-B3D4-36B9-A48F-548BCC07F5DC}.RelWithDebInfo|x64.Build.0 = RelWithDebInfo|x64
		{5A7CD77E-8368-3EAC-B715-0709E3029F30}.Debug|x64.ActiveCfg = Debug|x64
		{5A7CD77E-8368-3EAC-B715-0709E3029F30}.Debug|x64.Build.0 = Debug|x64
		{5A7CD77E-8368-3EAC-B715-0709E3029F30}.Release|x64.ActiveCfg = Release|x64
		{5A7CD77E-8368-3EAC-B715-0709E3029F30}.Release|x64.Build.0 = Release|x64
		{5A7CD77E-8368-3EAC-B715-0709E3029F30}.MinSizeRel|x64.ActiveCfg = MinSizeRel|x64
		{5A7CD77E-8368-3EAC-B715-0709E3029F30}.MinSizeRel|x64.Build.0 = MinSizeRel|x64
		{5A7CD77E-8368-3EAC-B715-0709E3029F30}.RelWithDebInfo|x64.ActiveCfg = RelWithDebInfo|x64
		{5A7CD77E-8368-3EAC-B715-0709E3029F30}.RelWithDebInfo|x64.Build.0 = RelWithDebInfo|x64
	EndGlobalSection
	GlobalSection(NestedProjects) = preSolution
		{3A89B2C7-0DB7-3D8A-BA9E-A01E9826CDAE} = {E4CBC2CF-EB0E-3633-B5CA-48DFAC507766}
		{382B25BA-882D-3279-A4A4-76F45D2F05AC} = {E4CBC2CF-EB0E-3633-B5CA-48DFAC507766}
		{5F1C3403-D623-371C-A499-036478E59D66} = {E4CBC2CF-EB0E-3633-B5CA-48DFAC507766}
		{6F9BD127-C855-3472-B583-618A7921FFAF} = {E4CBC2CF-EB0E-3633-B5CA-48DFAC507766}
		{13F4F022-9A44-378E-B21E-BA2A39C86300} = {DA8EFF8B-8FF4-3A29-9688-C50B4FB6EFB9}
		{A3806721-30B0-3BBB-86E5-BFCEBDDFDD36} = {DA8EFF8B-8FF4-3A29-9688-C50B4FB6EFB9}
		{3F38506D-A218-37CE-9A7F-B551483B984F} = {DA8EFF8B-8FF4-3A29-9688-C50B4FB6EFB9}
		{2B10A5B4-4C46-3D47-809A-AC1D22949021} = {DA8EFF8B-8FF4-3A29-9688-C50B4FB6EFB9}
		{8406AAE5-4B33-391F-96D0-CB1EECAB7CAA} = {DA8EFF8B-8FF4-3A29-9688-C50B4FB6EFB9}
		{15A30758-0511-3741-89CC-12DDBD69F6EE} = {DA8EFF8B-8FF4-3A29-9688-C50B4FB6EFB9}
		{ECD0D8E6-7264-3245-BD17-588983B76751} = {DA8EFF8B-8FF4-3A29-9688-C50B4FB6EFB9}
		{0CCB955F-3FB8-3516-B92F-40BBAD477A6A} = {DA8EFF8B-8FF4-3A29-9688-C50B4FB6EFB9}
		{EF48F0D9-5660-3634-A074-720351052629} = {DA8EFF8B-8FF4-3A29-9688-C50B4FB6EFB9}
		{50F9A2CC-AA08-398A-A4F7-5283DB6CDB09} = {DA8EFF8B-8FF4-3A29-9688-C50B4FB6EFB9}
		{0117833A-C1F0-37F1-8FFC-00B7548E0D0A} = {DA8EFF8B-8FF4-3A29-9688-C50B4FB6EFB9}
		{B3E8A17D-41B5-33DA-B1BF-0651832DD52D} = {DA8EFF8B-8FF4-3A29-9688-C50B4FB6EFB9}
		{06C33F70-2292-3238-8214-0A77E88243D4} = {DA8EFF8B-8FF4-3A29-9688-C50B4FB6EFB9}
		{9197F457-CB9A-3CDB-AB00-CFD98F4A2139} = {DA8EFF8B-8FF4-3A29-9688-C50B4FB6EFB9}
		{7ED24063-EC5B-3E36-BFD8-A94D862B35D4} = {DA8EFF8B-8FF4-3A29-9688-C50B4FB6EFB9}
		{7797B26B-4A20-3D08-83C2-EB0B4C3276DA} = {DA8EFF8B-8FF4-3A29-9688-C50B4FB6EFB9}
		{E164D1EE-58C0-3A66-BBCB-6B1B984D167A} = {DA8EFF8B-8FF4-3A29-9688-C50B4FB6EFB9}
		{B302089B-C17F-3DCA-B219-5C2E0E389FCE} = {DA8EFF8B-8FF4-3A29-9688-C50B4FB6EFB9}
		{9EB249CC-81B7-3550-946D-B3FD144DD4CE} = {DA8EFF8B-8FF4-3A29-9688-C50B4FB6EFB9}
		{1C65F8C9-4E23-3C1D-9E5B-F9B406AC65B6} = {DA8EFF8B-8FF4-3A29-9688-C50B4FB6EFB9}
		{1B0C60A2-4C60-3571-B2BF-50003696629B} = {DA8EFF8B-8FF4-3A29-9688-C50B4FB6EFB9}
		{AD2D59EB-52F8-3719-98DD-4EB731A0F190} = {DA8EFF8B-8FF4-3A29-9688-C50B4FB6EFB9}
		{34137CF3-8A6D-3941-A85D-015208CDB7CE} = {DA8EFF8B-8FF4-3A29-9688-C50B4FB6EFB9}
		{56AE7F3E-3685-33C0-8CA6-67CB74D7A3D6} = {DA8EFF8B-8FF4-3A29-9688-C50B4FB6EFB9}
		{C591594A-ED7B-3E52-8DD8-7A467E08D0AA} = {DA8EFF8B-8FF4-3A29-9688-C50B4FB6EFB9}
		{D353D153-7D7A-3FC2-A69E-1660403F9A15} = {DA8EFF8B-8FF4-3A29-9688-C50B4FB6EFB9}
		{8626DF21-03C2-3BD4-B507-F8085D071560} = {DA8EFF8B-8FF4-3A29-9688-C50B4FB6EFB9}
		{3D80D12E-D199-382C-8FF0-00F1115F6FFF} = {DA8EFF8B-8FF4-3A29-9688-C50B4FB6EFB9}
		{A9789BD7-7307-3413-80F2-68941EB7F990} = {DA8EFF8B-8FF4-3A29-9688-C50B4FB6EFB9}
		{BA680BBD-0D4F-3116-B90B-E888AFF81496} = {DA8EFF8B-8FF4-3A29-9688-C50B4FB6EFB9}
		{17E8B785-FBE2-36CE-8C23-8873A60F5106} = {DA8EFF8B-8FF4-3A29-9688-C50B4FB6EFB9}
		{50FAAA83-39FF-30E0-9DA5-0CA528B2200D} = {DA8EFF8B-8FF4-3A29-9688-C50B4FB6EFB9}
		{9C5E10B2-6EF9-39C1-997C-F75B4BCC1622} = {DA8EFF8B-8FF4-3A29-9688-C50B4FB6EFB9}
		{51B5DAA7-7241-37EA-84E0-4DC588981583} = {DA8EFF8B-8FF4-3A29-9688-C50B4FB6EFB9}
		{203EBA72-B3D4-36B9-A48F-548BCC07F5DC} = {DA8EFF8B-8FF4-3A29-9688-C50B4FB6EFB9}
		{5A7CD77E-8368-3EAC-B715-0709E3029F30} = {AD5B3A37-FFC3-3ABE-B5FC-63B8BEC44828}
	EndGlobalSection
	GlobalSection(ExtensibilityGlobals) = postSolution
		SolutionGuid = {CF6DD9F2-06FF-3B21-9008-86D5A5D8AE36}
	EndGlobalSection
	GlobalSection(ExtensibilityAddIns) = postSolution
	EndGlobalSection
EndGlobal
