<?xml version="1.0" encoding="utf-8"?>
<Project ToolsVersion="16.0" xmlns="http://schemas.microsoft.com/developer/msbuild/2003">
  <ItemGroup>
    <ClCompile Include="..\..\src\H5.c">
      <Filter>H5</Filter>
    </ClCompile>
    <ClCompile Include="..\..\src\H5checksum.c">
      <Filter>H5</Filter>
    </ClCompile>
    <ClCompile Include="..\..\src\H5dbg.c">
      <Filter>H5</Filter>
    </ClCompile>
    <ClCompile Include="..\..\src\H5mpi.c">
      <Filter>H5</Filter>
    </ClCompile>
    <ClCompile Include="..\..\src\H5system.c">
      <Filter>H5</Filter>
    </ClCompile>
    <ClCompile Include="..\..\src\H5timer.c">
      <Filter>H5</Filter>
    </ClCompile>
    <ClCompile Include="..\..\src\H5trace.c">
      <Filter>H5</Filter>
    </ClCompile>
    <ClCompile Include="..\..\src\H5A.c">
      <Filter>H5A</Filter>
    </ClCompile>
    <ClCompile Include="..\..\src\H5Abtree2.c">
      <Filter>H5A</Filter>
    </ClCompile>
    <ClCompile Include="..\..\src\H5Adense.c">
      <Filter>H5A</Filter>
    </ClCompile>
    <ClCompile Include="..\..\src\H5Adeprec.c">
      <Filter>H5A</Filter>
    </ClCompile>
    <ClCompile Include="..\..\src\H5Aint.c">
      <Filter>H5A</Filter>
    </ClCompile>
    <ClCompile Include="..\..\src\H5Atest.c">
      <Filter>H5A</Filter>
    </ClCompile>
    <ClCompile Include="..\..\src\H5AC.c">
      <Filter>H5AC</Filter>
    </ClCompile>
    <ClCompile Include="..\..\src\H5ACdbg.c">
      <Filter>H5AC</Filter>
    </ClCompile>
    <ClCompile Include="..\..\src\H5ACmpio.c">
      <Filter>H5AC</Filter>
    </ClCompile>
    <ClCompile Include="..\..\src\H5ACproxy_entry.c">
      <Filter>H5AC</Filter>
    </ClCompile>
    <ClCompile Include="..\..\src\H5B.c">
      <Filter>H5B</Filter>
    </ClCompile>
    <ClCompile Include="..\..\src\H5Bcache.c">
      <Filter>H5B</Filter>
    </ClCompile>
    <ClCompile Include="..\..\src\H5Bdbg.c">
      <Filter>H5B</Filter>
    </ClCompile>
    <ClCompile Include="..\..\src\H5B2.c">
      <Filter>H5B2</Filter>
    </ClCompile>
    <ClCompile Include="..\..\src\H5B2cache.c">
      <Filter>H5B2</Filter>
    </ClCompile>
    <ClCompile Include="..\..\src\H5B2dbg.c">
      <Filter>H5B2</Filter>
    </ClCompile>
    <ClCompile Include="..\..\src\H5B2hdr.c">
      <Filter>H5B2</Filter>
    </ClCompile>
    <ClCompile Include="..\..\src\H5B2int.c">
      <Filter>H5B2</Filter>
    </ClCompile>
    <ClCompile Include="..\..\src\H5B2internal.c">
      <Filter>H5B2</Filter>
    </ClCompile>
    <ClCompile Include="..\..\src\H5B2leaf.c">
      <Filter>H5B2</Filter>
    </ClCompile>
    <ClCompile Include="..\..\src\H5B2stat.c">
      <Filter>H5B2</Filter>
    </ClCompile>
    <ClCompile Include="..\..\src\H5B2test.c">
      <Filter>H5B2</Filter>
    </ClCompile>
    <ClCompile Include="..\..\src\H5C.c">
      <Filter>H5C</Filter>
    </ClCompile>
    <ClCompile Include="..\..\src\H5Cdbg.c">
      <Filter>H5C</Filter>
    </ClCompile>
    <ClCompile Include="..\..\src\H5Cepoch.c">
      <Filter>H5C</Filter>
    </ClCompile>
    <ClCompile Include="..\..\src\H5Cimage.c">
      <Filter>H5C</Filter>
    </ClCompile>
    <ClCompile Include="..\..\src\H5Clog.c">
      <Filter>H5C</Filter>
    </ClCompile>
    <ClCompile Include="..\..\src\H5Clog_json.c">
      <Filter>H5C</Filter>
    </ClCompile>
    <ClCompile Include="..\..\src\H5Clog_trace.c">
      <Filter>H5C</Filter>
    </ClCompile>
    <ClCompile Include="..\..\src\H5Cmpio.c">
      <Filter>H5C</Filter>
    </ClCompile>
    <ClCompile Include="..\..\src\H5Cprefetched.c">
      <Filter>H5C</Filter>
    </ClCompile>
    <ClCompile Include="..\..\src\H5Cquery.c">
      <Filter>H5C</Filter>
    </ClCompile>
    <ClCompile Include="..\..\src\H5Ctag.c">
      <Filter>H5C</Filter>
    </ClCompile>
    <ClCompile Include="..\..\src\H5Ctest.c">
      <Filter>H5C</Filter>
    </ClCompile>
    <ClCompile Include="..\..\src\H5CS.c">
      <Filter>H5CS</Filter>
    </ClCompile>
    <ClCompile Include="..\..\src\H5CX.c">
      <Filter>H5CX</Filter>
    </ClCompile>
    <ClCompile Include="..\..\src\H5D.c">
      <Filter>H5D</Filter>
    </ClCompile>
    <ClCompile Include="..\..\src\H5Dbtree.c">
      <Filter>H5D</Filter>
    </ClCompile>
    <ClCompile Include="..\..\src\H5Dbtree2.c">
      <Filter>H5D</Filter>
    </ClCompile>
    <ClCompile Include="..\..\src\H5Dchunk.c">
      <Filter>H5D</Filter>
    </ClCompile>
    <ClCompile Include="..\..\src\H5Dcompact.c">
      <Filter>H5D</Filter>
    </ClCompile>
    <ClCompile Include="..\..\src\H5Dcontig.c">
      <Filter>H5D</Filter>
    </ClCompile>
    <ClCompile Include="..\..\src\H5Ddbg.c">
      <Filter>H5D</Filter>
    </ClCompile>
    <ClCompile Include="..\..\src\H5Ddeprec.c">
      <Filter>H5D</Filter>
    </ClCompile>
    <ClCompile Include="..\..\src\H5Dearray.c">
      <Filter>H5D</Filter>
    </ClCompile>
    <ClCompile Include="..\..\src\H5Defl.c">
      <Filter>H5D</Filter>
    </ClCompile>
    <ClCompile Include="..\..\src\H5Dfarray.c">
      <Filter>H5D</Filter>
    </ClCompile>
    <ClCompile Include="..\..\src\H5Dfill.c">
      <Filter>H5D</Filter>
    </ClCompile>
    <ClCompile Include="..\..\src\H5Dint.c">
      <Filter>H5D</Filter>
    </ClCompile>
    <ClCompile Include="..\..\src\H5Dio.c">
      <Filter>H5D</Filter>
    </ClCompile>
    <ClCompile Include="..\..\src\H5Dlayout.c">
      <Filter>H5D</Filter>
    </ClCompile>
    <ClCompile Include="..\..\src\H5Dmpio.c">
      <Filter>H5D</Filter>
    </ClCompile>
    <ClCompile Include="..\..\src\H5Dnone.c">
      <Filter>H5D</Filter>
    </ClCompile>
    <ClCompile Include="..\..\src\H5Doh.c">
      <Filter>H5D</Filter>
    </ClCompile>
    <ClCompile Include="..\..\src\H5Dscatgath.c">
      <Filter>H5D</Filter>
    </ClCompile>
    <ClCompile Include="..\..\src\H5Dselect.c">
      <Filter>H5D</Filter>
    </ClCompile>
    <ClCompile Include="..\..\src\H5Dsingle.c">
      <Filter>H5D</Filter>
    </ClCompile>
    <ClCompile Include="..\..\src\H5Dtest.c">
      <Filter>H5D</Filter>
    </ClCompile>
    <ClCompile Include="..\..\src\H5Dvirtual.c">
      <Filter>H5D</Filter>
    </ClCompile>
    <ClCompile Include="..\..\src\H5E.c">
      <Filter>H5E</Filter>
    </ClCompile>
    <ClCompile Include="..\..\src\H5Edeprec.c">
      <Filter>H5E</Filter>
    </ClCompile>
    <ClCompile Include="..\..\src\H5Eint.c">
      <Filter>H5E</Filter>
    </ClCompile>
    <ClCompile Include="..\..\src\H5EA.c">
      <Filter>H5EA</Filter>
    </ClCompile>
    <ClCompile Include="..\..\src\H5EAcache.c">
      <Filter>H5EA</Filter>
    </ClCompile>
    <ClCompile Include="..\..\src\H5EAdbg.c">
      <Filter>H5EA</Filter>
    </ClCompile>
    <ClCompile Include="..\..\src\H5EAdblkpage.c">
      <Filter>H5EA</Filter>
    </ClCompile>
    <ClCompile Include="..\..\src\H5EAdblock.c">
      <Filter>H5EA</Filter>
    </ClCompile>
    <ClCompile Include="..\..\src\H5EAhdr.c">
      <Filter>H5EA</Filter>
    </ClCompile>
    <ClCompile Include="..\..\src\H5EAiblock.c">
      <Filter>H5EA</Filter>
    </ClCompile>
    <ClCompile Include="..\..\src\H5EAint.c">
      <Filter>H5EA</Filter>
    </ClCompile>
    <ClCompile Include="..\..\src\H5EAsblock.c">
      <Filter>H5EA</Filter>
    </ClCompile>
    <ClCompile Include="..\..\src\H5EAstat.c">
      <Filter>H5EA</Filter>
    </ClCompile>
    <ClCompile Include="..\..\src\H5EAtest.c">
      <Filter>H5EA</Filter>
    </ClCompile>
    <ClCompile Include="..\..\src\H5ES.c">
      <Filter>H5ES</Filter>
    </ClCompile>
    <ClCompile Include="..\..\src\H5ESevent.c">
      <Filter>H5ES</Filter>
    </ClCompile>
    <ClCompile Include="..\..\src\H5ESint.c">
      <Filter>H5ES</Filter>
    </ClCompile>
    <ClCompile Include="..\..\src\H5ESlist.c">
      <Filter>H5ES</Filter>
    </ClCompile>
    <ClCompile Include="..\..\src\H5F.c">
      <Filter>H5F</Filter>
    </ClCompile>
    <ClCompile Include="..\..\src\H5Faccum.c">
      <Filter>H5F</Filter>
    </ClCompile>
    <ClCompile Include="..\..\src\H5Fcwfs.c">
      <Filter>H5F</Filter>
    </ClCompile>
    <ClCompile Include="..\..\src\H5Fdbg.c">
      <Filter>H5F</Filter>
    </ClCompile>
    <ClCompile Include="..\..\src\H5Fdeprec.c">
      <Filter>H5F</Filter>
    </ClCompile>
    <ClCompile Include="..\..\src\H5Fefc.c">
      <Filter>H5F</Filter>
    </ClCompile>
    <ClCompile Include="..\..\src\H5Ffake.c">
      <Filter>H5F</Filter>
    </ClCompile>
    <ClCompile Include="..\..\src\H5Fint.c">
      <Filter>H5F</Filter>
    </ClCompile>
    <ClCompile Include="..\..\src\H5Fio.c">
      <Filter>H5F</Filter>
    </ClCompile>
    <ClCompile Include="..\..\src\H5Fmount.c">
      <Filter>H5F</Filter>
    </ClCompile>
    <ClCompile Include="..\..\src\H5Fmpi.c">
      <Filter>H5F</Filter>
    </ClCompile>
    <ClCompile Include="..\..\src\H5Fquery.c">
      <Filter>H5F</Filter>
    </ClCompile>
    <ClCompile Include="..\..\src\H5Fsfile.c">
      <Filter>H5F</Filter>
    </ClCompile>
    <ClCompile Include="..\..\src\H5Fspace.c">
      <Filter>H5F</Filter>
    </ClCompile>
    <ClCompile Include="..\..\src\H5Fsuper.c">
      <Filter>H5F</Filter>
    </ClCompile>
    <ClCompile Include="..\..\src\H5Fsuper_cache.c">
      <Filter>H5F</Filter>
    </ClCompile>
    <ClCompile Include="..\..\src\H5Ftest.c">
      <Filter>H5F</Filter>
    </ClCompile>
    <ClCompile Include="..\..\src\H5FA.c">
      <Filter>H5FA</Filter>
    </ClCompile>
    <ClCompile Include="..\..\src\H5FAcache.c">
      <Filter>H5FA</Filter>
    </ClCompile>
    <ClCompile Include="..\..\src\H5FAdbg.c">
      <Filter>H5FA</Filter>
    </ClCompile>
    <ClCompile Include="..\..\src\H5FAdblkpage.c">
      <Filter>H5FA</Filter>
    </ClCompile>
    <ClCompile Include="..\..\src\H5FAdblock.c">
      <Filter>H5FA</Filter>
    </ClCompile>
    <ClCompile Include="..\..\src\H5FAhdr.c">
      <Filter>H5FA</Filter>
    </ClCompile>
    <ClCompile Include="..\..\src\H5FAint.c">
      <Filter>H5FA</Filter>
    </ClCompile>
    <ClCompile Include="..\..\src\H5FAstat.c">
      <Filter>H5FA</Filter>
    </ClCompile>
    <ClCompile Include="..\..\src\H5FAtest.c">
      <Filter>H5FA</Filter>
    </ClCompile>
    <ClCompile Include="..\..\src\H5FD.c">
      <Filter>H5FD</Filter>
    </ClCompile>
    <ClCompile Include="..\..\src\H5FDcore.c">
      <Filter>H5FD</Filter>
    </ClCompile>
    <ClCompile Include="..\..\src\H5FDdirect.c">
      <Filter>H5FD</Filter>
    </ClCompile>
    <ClCompile Include="..\..\src\H5FDfamily.c">
      <Filter>H5FD</Filter>
    </ClCompile>
    <ClCompile Include="..\..\src\H5FDhdfs.c">
      <Filter>H5FD</Filter>
    </ClCompile>
    <ClCompile Include="..\..\src\H5FDint.c">
      <Filter>H5FD</Filter>
    </ClCompile>
    <ClCompile Include="..\..\src\H5FDlog.c">
      <Filter>H5FD</Filter>
    </ClCompile>
    <ClCompile Include="..\..\src\H5FDmirror.c">
      <Filter>H5FD</Filter>
    </ClCompile>
    <ClCompile Include="..\..\src\H5FDmpi.c">
      <Filter>H5FD</Filter>
    </ClCompile>
    <ClCompile Include="..\..\src\H5FDmpio.c">
      <Filter>H5FD</Filter>
    </ClCompile>
    <ClCompile Include="..\..\src\H5FDmulti.c">
      <Filter>H5FD</Filter>
    </ClCompile>
    <ClCompile Include="..\..\src\H5FDonion.c">
      <Filter>H5FD</Filter>
    </ClCompile>
    <ClCompile Include="..\..\src\H5FDonion_header.c">
      <Filter>H5FD</Filter>
    </ClCompile>
    <ClCompile Include="..\..\src\H5FDonion_history.c">
      <Filter>H5FD</Filter>
    </ClCompile>
    <ClCompile Include="..\..\src\H5FDonion_index.c">
      <Filter>H5FD</Filter>
    </ClCompile>
    <ClCompile Include="..\..\src\H5FDperform.c">
      <Filter>H5FD</Filter>
    </ClCompile>
    <ClCompile Include="..\..\src\H5FDros3.c">
      <Filter>H5FD</Filter>
    </ClCompile>
    <ClCompile Include="..\..\src\H5FDs3comms.c">
      <Filter>H5FD</Filter>
    </ClCompile>
    <ClCompile Include="..\..\src\H5FDsec2.c">
      <Filter>H5FD</Filter>
    </ClCompile>
    <ClCompile Include="..\..\src\H5FDspace.c">
      <Filter>H5FD</Filter>
    </ClCompile>
    <ClCompile Include="..\..\src\H5FDsplitter.c">
      <Filter>H5FD</Filter>
    </ClCompile>
    <ClCompile Include="..\..\src\H5FDstdio.c">
      <Filter>H5FD</Filter>
    </ClCompile>
    <ClCompile Include="..\..\src\H5FDtest.c">
      <Filter>H5FD</Filter>
    </ClCompile>
    <ClCompile Include="..\..\src\H5FDwindows.c">
      <Filter>H5FD</Filter>
    </ClCompile>
    <ClCompile Include="..\..\src\H5FL.c">
      <Filter>H5FL</Filter>
    </ClCompile>
    <ClCompile Include="..\..\src\H5FO.c">
      <Filter>H5FO</Filter>
    </ClCompile>
    <ClCompile Include="..\..\src\H5FS.c">
      <Filter>H5FS</Filter>
    </ClCompile>
    <ClCompile Include="..\..\src\H5FScache.c">
      <Filter>H5FS</Filter>
    </ClCompile>
    <ClCompile Include="..\..\src\H5FSdbg.c">
      <Filter>H5FS</Filter>
    </ClCompile>
    <ClCompile Include="..\..\src\H5FSint.c">
      <Filter>H5FS</Filter>
    </ClCompile>
    <ClCompile Include="..\..\src\H5FSsection.c">
      <Filter>H5FS</Filter>
    </ClCompile>
    <ClCompile Include="..\..\src\H5FSstat.c">
      <Filter>H5FS</Filter>
    </ClCompile>
    <ClCompile Include="..\..\src\H5FStest.c">
      <Filter>H5FS</Filter>
    </ClCompile>
    <ClCompile Include="..\..\src\H5G.c">
      <Filter>H5G</Filter>
    </ClCompile>
    <ClCompile Include="..\..\src\H5Gbtree2.c">
      <Filter>H5G</Filter>
    </ClCompile>
    <ClCompile Include="..\..\src\H5Gcache.c">
      <Filter>H5G</Filter>
    </ClCompile>
    <ClCompile Include="..\..\src\H5Gcompact.c">
      <Filter>H5G</Filter>
    </ClCompile>
    <ClCompile Include="..\..\src\H5Gdense.c">
      <Filter>H5G</Filter>
    </ClCompile>
    <ClCompile Include="..\..\src\H5Gdeprec.c">
      <Filter>H5G</Filter>
    </ClCompile>
    <ClCompile Include="..\..\src\H5Gent.c">
      <Filter>H5G</Filter>
    </ClCompile>
    <ClCompile Include="..\..\src\H5Gint.c">
      <Filter>H5G</Filter>
    </ClCompile>
    <ClCompile Include="..\..\src\H5Glink.c">
      <Filter>H5G</Filter>
    </ClCompile>
    <ClCompile Include="..\..\src\H5Gloc.c">
      <Filter>H5G</Filter>
    </ClCompile>
    <ClCompile Include="..\..\src\H5Gname.c">
      <Filter>H5G</Filter>
    </ClCompile>
    <ClCompile Include="..\..\src\H5Gnode.c">
      <Filter>H5G</Filter>
    </ClCompile>
    <ClCompile Include="..\..\src\H5Gobj.c">
      <Filter>H5G</Filter>
    </ClCompile>
    <ClCompile Include="..\..\src\H5Goh.c">
      <Filter>H5G</Filter>
    </ClCompile>
    <ClCompile Include="..\..\src\H5Groot.c">
      <Filter>H5G</Filter>
    </ClCompile>
    <ClCompile Include="..\..\src\H5Gstab.c">
      <Filter>H5G</Filter>
    </ClCompile>
    <ClCompile Include="..\..\src\H5Gtest.c">
      <Filter>H5G</Filter>
    </ClCompile>
    <ClCompile Include="..\..\src\H5Gtraverse.c">
      <Filter>H5G</Filter>
    </ClCompile>
    <ClCompile Include="..\..\src\H5HF.c">
      <Filter>H5HF</Filter>
    </ClCompile>
    <ClCompile Include="..\..\src\H5HFbtree2.c">
      <Filter>H5HF</Filter>
    </ClCompile>
    <ClCompile Include="..\..\src\H5HFcache.c">
      <Filter>H5HF</Filter>
    </ClCompile>
    <ClCompile Include="..\..\src\H5HFdbg.c">
      <Filter>H5HF</Filter>
    </ClCompile>
    <ClCompile Include="..\..\src\H5HFdblock.c">
      <Filter>H5HF</Filter>
    </ClCompile>
    <ClCompile Include="..\..\src\H5HFdtable.c">
      <Filter>H5HF</Filter>
    </ClCompile>
    <ClCompile Include="..\..\src\H5HFhdr.c">
      <Filter>H5HF</Filter>
    </ClCompile>
    <ClCompile Include="..\..\src\H5HFhuge.c">
      <Filter>H5HF</Filter>
    </ClCompile>
    <ClCompile Include="..\..\src\H5HFiblock.c">
      <Filter>H5HF</Filter>
    </ClCompile>
    <ClCompile Include="..\..\src\H5HFiter.c">
      <Filter>H5HF</Filter>
    </ClCompile>
    <ClCompile Include="..\..\src\H5HFman.c">
      <Filter>H5HF</Filter>
    </ClCompile>
    <ClCompile Include="..\..\src\H5HFsection.c">
      <Filter>H5HF</Filter>
    </ClCompile>
    <ClCompile Include="..\..\src\H5HFspace.c">
      <Filter>H5HF</Filter>
    </ClCompile>
    <ClCompile Include="..\..\src\H5HFstat.c">
      <Filter>H5HF</Filter>
    </ClCompile>
    <ClCompile Include="..\..\src\H5HFtest.c">
      <Filter>H5HF</Filter>
    </ClCompile>
    <ClCompile Include="..\..\src\H5HFtiny.c">
      <Filter>H5HF</Filter>
    </ClCompile>
    <ClCompile Include="..\..\src\H5HG.c">
      <Filter>H5HG</Filter>
    </ClCompile>
    <ClCompile Include="..\..\src\H5HGcache.c">
      <Filter>H5HG</Filter>
    </ClCompile>
    <ClCompile Include="..\..\src\H5HGdbg.c">
      <Filter>H5HG</Filter>
    </ClCompile>
    <ClCompile Include="..\..\src\H5HGquery.c">
      <Filter>H5HG</Filter>
    </ClCompile>
    <ClCompile Include="..\..\src\H5HL.c">
      <Filter>H5HL</Filter>
    </ClCompile>
    <ClCompile Include="..\..\src\H5HLcache.c">
      <Filter>H5HL</Filter>
    </ClCompile>
    <ClCompile Include="..\..\src\H5HLdbg.c">
      <Filter>H5HL</Filter>
    </ClCompile>
    <ClCompile Include="..\..\src\H5HLdblk.c">
      <Filter>H5HL</Filter>
    </ClCompile>
    <ClCompile Include="..\..\src\H5HLint.c">
      <Filter>H5HL</Filter>
    </ClCompile>
    <ClCompile Include="..\..\src\H5HLprfx.c">
      <Filter>H5HL</Filter>
    </ClCompile>
    <ClCompile Include="..\..\src\H5I.c">
      <Filter>H5I</Filter>
    </ClCompile>
    <ClCompile Include="..\..\src\H5Idbg.c">
      <Filter>H5I</Filter>
    </ClCompile>
    <ClCompile Include="..\..\src\H5Iint.c">
      <Filter>H5I</Filter>
    </ClCompile>
    <ClCompile Include="..\..\src\H5Itest.c">
      <Filter>H5I</Filter>
    </ClCompile>
    <ClCompile Include="..\..\src\H5L.c">
      <Filter>H5L</Filter>
    </ClCompile>
    <ClCompile Include="..\..\src\H5Ldeprec.c">
      <Filter>H5L</Filter>
    </ClCompile>
    <ClCompile Include="..\..\src\H5Lexternal.c">
      <Filter>H5L</Filter>
    </ClCompile>
    <ClCompile Include="..\..\src\H5Lint.c">
      <Filter>H5L</Filter>
    </ClCompile>
    <ClCompile Include="..\..\src\H5M.c">
      <Filter>H5M</Filter>
    </ClCompile>
    <ClCompile Include="..\..\src\H5MF.c">
      <Filter>H5MF</Filter>
    </ClCompile>
    <ClCompile Include="..\..\src\H5MFaggr.c">
      <Filter>H5MF</Filter>
    </ClCompile>
    <ClCompile Include="..\..\src\H5MFdbg.c">
      <Filter>H5MF</Filter>
    </ClCompile>
    <ClCompile Include="..\..\src\H5MFsection.c">
      <Filter>H5MF</Filter>
    </ClCompile>
    <ClCompile Include="..\..\src\H5MM.c">
      <Filter>H5MM</Filter>
    </ClCompile>
    <ClCompile Include="..\..\src\H5O.c">
      <Filter>H5O</Filter>
    </ClCompile>
    <ClCompile Include="..\..\src\H5Oainfo.c">
      <Filter>H5O</Filter>
    </ClCompile>
    <ClCompile Include="..\..\src\H5Oalloc.c">
      <Filter>H5O</Filter>
    </ClCompile>
    <ClCompile Include="..\..\src\H5Oattr.c">
      <Filter>H5O</Filter>
    </ClCompile>
    <ClCompile Include="..\..\src\H5Oattribute.c">
      <Filter>H5O</Filter>
    </ClCompile>
    <ClCompile Include="..\..\src\H5Obogus.c">
      <Filter>H5O</Filter>
    </ClCompile>
    <ClCompile Include="..\..\src\H5Obtreek.c">
      <Filter>H5O</Filter>
    </ClCompile>
    <ClCompile Include="..\..\src\H5Ocache.c">
      <Filter>H5O</Filter>
    </ClCompile>
    <ClCompile Include="..\..\src\H5Ocache_image.c">
      <Filter>H5O</Filter>
    </ClCompile>
    <ClCompile Include="..\..\src\H5Ochunk.c">
      <Filter>H5O</Filter>
    </ClCompile>
    <ClCompile Include="..\..\src\H5Ocont.c">
      <Filter>H5O</Filter>
    </ClCompile>
    <ClCompile Include="..\..\src\H5Ocopy.c">
      <Filter>H5O</Filter>
    </ClCompile>
    <ClCompile Include="..\..\src\H5Ocopy_ref.c">
      <Filter>H5O</Filter>
    </ClCompile>
    <ClCompile Include="..\..\src\H5Odbg.c">
      <Filter>H5O</Filter>
    </ClCompile>
    <ClCompile Include="..\..\src\H5Odeprec.c">
      <Filter>H5O</Filter>
    </ClCompile>
    <ClCompile Include="..\..\src\H5Odrvinfo.c">
      <Filter>H5O</Filter>
    </ClCompile>
    <ClCompile Include="..\..\src\H5Odtype.c">
      <Filter>H5O</Filter>
    </ClCompile>
    <ClCompile Include="..\..\src\H5Oefl.c">
      <Filter>H5O</Filter>
    </ClCompile>
    <ClCompile Include="..\..\src\H5Ofill.c">
      <Filter>H5O</Filter>
    </ClCompile>
    <ClCompile Include="..\..\src\H5Oflush.c">
      <Filter>H5O</Filter>
    </ClCompile>
    <ClCompile Include="..\..\src\H5Ofsinfo.c">
      <Filter>H5O</Filter>
    </ClCompile>
    <ClCompile Include="..\..\src\H5Oginfo.c">
      <Filter>H5O</Filter>
    </ClCompile>
    <ClCompile Include="..\..\src\H5Oint.c">
      <Filter>H5O</Filter>
    </ClCompile>
    <ClCompile Include="..\..\src\H5Olayout.c">
      <Filter>H5O</Filter>
    </ClCompile>
    <ClCompile Include="..\..\src\H5Olinfo.c">
      <Filter>H5O</Filter>
    </ClCompile>
    <ClCompile Include="..\..\src\H5Olink.c">
      <Filter>H5O</Filter>
    </ClCompile>
    <ClCompile Include="..\..\src\H5Omessage.c">
      <Filter>H5O</Filter>
    </ClCompile>
    <ClCompile Include="..\..\src\H5Omtime.c">
      <Filter>H5O</Filter>
    </ClCompile>
    <ClCompile Include="..\..\src\H5Oname.c">
      <Filter>H5O</Filter>
    </ClCompile>
    <ClCompile Include="..\..\src\H5Onull.c">
      <Filter>H5O</Filter>
    </ClCompile>
    <ClCompile Include="..\..\src\H5Opline.c">
      <Filter>H5O</Filter>
    </ClCompile>
    <ClCompile Include="..\..\src\H5Orefcount.c">
      <Filter>H5O</Filter>
    </ClCompile>
    <ClCompile Include="..\..\src\H5Osdspace.c">
      <Filter>H5O</Filter>
    </ClCompile>
    <ClCompile Include="..\..\src\H5Oshared.c">
      <Filter>H5O</Filter>
    </ClCompile>
    <ClCompile Include="..\..\src\H5Oshmesg.c">
      <Filter>H5O</Filter>
    </ClCompile>
    <ClCompile Include="..\..\src\H5Ostab.c">
      <Filter>H5O</Filter>
    </ClCompile>
    <ClCompile Include="..\..\src\H5Otest.c">
      <Filter>H5O</Filter>
    </ClCompile>
    <ClCompile Include="..\..\src\H5Ounknown.c">
      <Filter>H5O</Filter>
    </ClCompile>
    <ClCompile Include="..\..\src\H5P.c">
      <Filter>H5P</Filter>
    </ClCompile>
    <ClCompile Include="..\..\src\H5Pacpl.c">
      <Filter>H5P</Filter>
    </ClCompile>
    <ClCompile Include="..\..\src\H5Pdapl.c">
      <Filter>H5P</Filter>
    </ClCompile>
    <ClCompile Include="..\..\src\H5Pdcpl.c">
      <Filter>H5P</Filter>
    </ClCompile>
    <ClCompile Include="..\..\src\H5Pdeprec.c">
      <Filter>H5P</Filter>
    </ClCompile>
    <ClCompile Include="..\..\src\H5Pdxpl.c">
      <Filter>H5P</Filter>
    </ClCompile>
    <ClCompile Include="..\..\src\H5Pencdec.c">
      <Filter>H5P</Filter>
    </ClCompile>
    <ClCompile Include="..\..\src\H5Pfapl.c">
      <Filter>H5P</Filter>
    </ClCompile>
    <ClCompile Include="..\..\src\H5Pfcpl.c">
      <Filter>H5P</Filter>
    </ClCompile>
    <ClCompile Include="..\..\src\H5Pfmpl.c">
      <Filter>H5P</Filter>
    </ClCompile>
    <ClCompile Include="..\..\src\H5Pgcpl.c">
      <Filter>H5P</Filter>
    </ClCompile>
    <ClCompile Include="..\..\src\H5Pint.c">
      <Filter>H5P</Filter>
    </ClCompile>
    <ClCompile Include="..\..\src\H5Plapl.c">
      <Filter>H5P</Filter>
    </ClCompile>
    <ClCompile Include="..\..\src\H5Plcpl.c">
      <Filter>H5P</Filter>
    </ClCompile>
    <ClCompile Include="..\..\src\H5Pmapl.c">
      <Filter>H5P</Filter>
    </ClCompile>
    <ClCompile Include="..\..\src\H5Pmcpl.c">
      <Filter>H5P</Filter>
    </ClCompile>
    <ClCompile Include="..\..\src\H5Pocpl.c">
      <Filter>H5P</Filter>
    </ClCompile>
    <ClCompile Include="..\..\src\H5Pocpypl.c">
      <Filter>H5P</Filter>
    </ClCompile>
    <ClCompile Include="..\..\src\H5Pstrcpl.c">
      <Filter>H5P</Filter>
    </ClCompile>
    <ClCompile Include="..\..\src\H5Ptest.c">
      <Filter>H5P</Filter>
    </ClCompile>
    <ClCompile Include="..\..\src\H5PB.c">
      <Filter>H5PB</Filter>
    </ClCompile>
    <ClCompile Include="..\..\src\H5PL.c">
      <Filter>H5PL</Filter>
    </ClCompile>
    <ClCompile Include="..\..\src\H5PLint.c">
      <Filter>H5PL</Filter>
    </ClCompile>
    <ClCompile Include="..\..\src\H5PLpath.c">
      <Filter>H5PL</Filter>
    </ClCompile>
    <ClCompile Include="..\..\src\H5PLplugin_cache.c">
      <Filter>H5PL</Filter>
    </ClCompile>
    <ClCompile Include="..\..\src\H5R.c">
      <Filter>H5R</Filter>
    </ClCompile>
    <ClCompile Include="..\..\src\H5Rdeprec.c">
      <Filter>H5R</Filter>
    </ClCompile>
    <ClCompile Include="..\..\src\H5Rint.c">
      <Filter>H5R</Filter>
    </ClCompile>
    <ClCompile Include="..\..\src\H5UC.c">
      <Filter>H5UC</Filter>
    </ClCompile>
    <ClCompile Include="..\..\src\H5RS.c">
      <Filter>H5RS</Filter>
    </ClCompile>
    <ClCompile Include="..\..\src\H5S.c">
      <Filter>H5S</Filter>
    </ClCompile>
    <ClCompile Include="..\..\src\H5Sall.c">
      <Filter>H5S</Filter>
    </ClCompile>
    <ClCompile Include="..\..\src\H5Sdbg.c">
      <Filter>H5S</Filter>
    </ClCompile>
    <ClCompile Include="..\..\src\H5Sdeprec.c">
      <Filter>H5S</Filter>
    </ClCompile>
    <ClCompile Include="..\..\src\H5Shyper.c">
      <Filter>H5S</Filter>
    </ClCompile>
    <ClCompile Include="..\..\src\H5Smpio.c">
      <Filter>H5S</Filter>
    </ClCompile>
    <ClCompile Include="..\..\src\H5Snone.c">
      <Filter>H5S</Filter>
    </ClCompile>
    <ClCompile Include="..\..\src\H5Spoint.c">
      <Filter>H5S</Filter>
    </ClCompile>
    <ClCompile Include="..\..\src\H5Sselect.c">
      <Filter>H5S</Filter>
    </ClCompile>
    <ClCompile Include="..\..\src\H5Stest.c">
      <Filter>H5S</Filter>
    </ClCompile>
    <ClCompile Include="..\..\src\H5SL.c">
      <Filter>H5SL</Filter>
    </ClCompile>
    <ClCompile Include="..\..\src\H5SM.c">
      <Filter>H5SM</Filter>
    </ClCompile>
    <ClCompile Include="..\..\src\H5SMbtree2.c">
      <Filter>H5SM</Filter>
    </ClCompile>
    <ClCompile Include="..\..\src\H5SMcache.c">
      <Filter>H5SM</Filter>
    </ClCompile>
    <ClCompile Include="..\..\src\H5SMmessage.c">
      <Filter>H5SM</Filter>
    </ClCompile>
    <ClCompile Include="..\..\src\H5SMtest.c">
      <Filter>H5SM</Filter>
    </ClCompile>
    <ClCompile Include="..\..\src\H5T.c">
      <Filter>H5T</Filter>
    </ClCompile>
    <ClCompile Include="..\..\src\H5Tarray.c">
      <Filter>H5T</Filter>
    </ClCompile>
    <ClCompile Include="..\..\src\H5Tbit.c">
      <Filter>H5T</Filter>
    </ClCompile>
    <ClCompile Include="..\..\src\H5Tcommit.c">
      <Filter>H5T</Filter>
    </ClCompile>
    <ClCompile Include="..\..\src\H5Tcompound.c">
      <Filter>H5T</Filter>
    </ClCompile>
    <ClCompile Include="..\..\src\H5Tconv.c">
      <Filter>H5T</Filter>
    </ClCompile>
    <ClCompile Include="..\..\src\H5Tcset.c">
      <Filter>H5T</Filter>
    </ClCompile>
    <ClCompile Include="..\..\src\H5Tdbg.c">
      <Filter>H5T</Filter>
    </ClCompile>
    <ClCompile Include="..\..\src\H5Tdeprec.c">
      <Filter>H5T</Filter>
    </ClCompile>
    <ClCompile Include="..\..\src\H5Tenum.c">
      <Filter>H5T</Filter>
    </ClCompile>
    <ClCompile Include="..\..\src\H5Tfields.c">
      <Filter>H5T</Filter>
    </ClCompile>
    <ClCompile Include="..\..\src\H5Tfixed.c">
      <Filter>H5T</Filter>
    </ClCompile>
    <ClCompile Include="..\..\src\H5Tfloat.c">
      <Filter>H5T</Filter>
    </ClCompile>
    <ClCompile Include="..\..\src\H5Tnative.c">
      <Filter>H5T</Filter>
    </ClCompile>
    <ClCompile Include="..\..\src\H5Toffset.c">
      <Filter>H5T</Filter>
    </ClCompile>
    <ClCompile Include="..\..\src\H5Toh.c">
      <Filter>H5T</Filter>
    </ClCompile>
    <ClCompile Include="..\..\src\H5Topaque.c">
      <Filter>H5T</Filter>
    </ClCompile>
    <ClCompile Include="..\..\src\H5Torder.c">
      <Filter>H5T</Filter>
    </ClCompile>
    <ClCompile Include="..\..\src\H5Tpad.c">
      <Filter>H5T</Filter>
    </ClCompile>
    <ClCompile Include="..\..\src\H5Tprecis.c">
      <Filter>H5T</Filter>
    </ClCompile>
    <ClCompile Include="..\..\src\H5Tref.c">
      <Filter>H5T</Filter>
    </ClCompile>
    <ClCompile Include="..\..\src\H5Tstrpad.c">
      <Filter>H5T</Filter>
    </ClCompile>
    <ClCompile Include="..\..\src\H5Tvisit.c">
      <Filter>H5T</Filter>
    </ClCompile>
    <ClCompile Include="..\..\src\H5Tvlen.c">
      <Filter>H5T</Filter>
    </ClCompile>
    <ClCompile Include="..\..\src\H5TS.c">
      <Filter>H5TS</Filter>
    </ClCompile>
    <ClCompile Include="..\..\src\H5VL.c">
      <Filter>H5VL</Filter>
    </ClCompile>
    <ClCompile Include="..\..\src\H5VLcallback.c">
      <Filter>H5VL</Filter>
    </ClCompile>
    <ClCompile Include="..\..\src\H5VLdyn_ops.c">
      <Filter>H5VL</Filter>
    </ClCompile>
    <ClCompile Include="..\..\src\H5VLint.c">
      <Filter>H5VL</Filter>
    </ClCompile>
    <ClCompile Include="..\..\src\H5VLnative.c">
      <Filter>H5VL</Filter>
    </ClCompile>
    <ClCompile Include="..\..\src\H5VLnative_attr.c">
      <Filter>H5VL</Filter>
    </ClCompile>
    <ClCompile Include="..\..\src\H5VLnative_blob.c">
      <Filter>H5VL</Filter>
    </ClCompile>
    <ClCompile Include="..\..\src\H5VLnative_dataset.c">
      <Filter>H5VL</Filter>
    </ClCompile>
    <ClCompile Include="..\..\src\H5VLnative_datatype.c">
      <Filter>H5VL</Filter>
    </ClCompile>
    <ClCompile Include="..\..\src\H5VLnative_file.c">
      <Filter>H5VL</Filter>
    </ClCompile>
    <ClCompile Include="..\..\src\H5VLnative_group.c">
      <Filter>H5VL</Filter>
    </ClCompile>
    <ClCompile Include="..\..\src\H5VLnative_link.c">
      <Filter>H5VL</Filter>
    </ClCompile>
    <ClCompile Include="..\..\src\H5VLnative_introspect.c">
      <Filter>H5VL</Filter>
    </ClCompile>
    <ClCompile Include="..\..\src\H5VLnative_object.c">
      <Filter>H5VL</Filter>
    </ClCompile>
    <ClCompile Include="..\..\src\H5VLnative_token.c">
      <Filter>H5VL</Filter>
    </ClCompile>
    <ClCompile Include="..\..\src\H5VLpassthru.c">
      <Filter>H5VL</Filter>
    </ClCompile>
    <ClCompile Include="..\..\src\H5VLtest.c">
      <Filter>H5VL</Filter>
    </ClCompile>
    <ClCompile Include="..\..\src\H5VM.c">
      <Filter>H5VM</Filter>
    </ClCompile>
    <ClCompile Include="..\..\src\H5WB.c">
      <Filter>H5WB</Filter>
    </ClCompile>
    <ClCompile Include="..\..\src\H5Z.c">
      <Filter>H5Z</Filter>
    </ClCompile>
    <ClCompile Include="..\..\src\H5Zdeflate.c">
      <Filter>H5Z</Filter>
    </ClCompile>
    <ClCompile Include="..\..\src\H5Zfletcher32.c">
      <Filter>H5Z</Filter>
    </ClCompile>
    <ClCompile Include="..\..\src\H5Znbit.c">
      <Filter>H5Z</Filter>
    </ClCompile>
    <ClCompile Include="..\..\src\H5Zscaleoffset.c">
      <Filter>H5Z</Filter>
    </ClCompile>
    <ClCompile Include="..\..\src\H5Zshuffle.c">
      <Filter>H5Z</Filter>
    </ClCompile>
    <ClCompile Include="..\..\src\H5Zszip.c">
      <Filter>H5Z</Filter>
    </ClCompile>
    <ClCompile Include="..\..\src\H5Ztrans.c">
      <Filter>H5Z</Filter>
    </ClCompile>
    <ClCompile Include=".\shared\H5Tinit.c">
      <Filter>Source Files</Filter>
    </ClCompile>
    <ClCompile Include=".\shared\H5lib_settings.c">
      <Filter>Source Files</Filter>
    </ClCompile>
  </ItemGroup>
  <ItemGroup>
    <ClInclude Include="..\..\src\hdf5.h">
      <Filter>H5</Filter>
    </ClInclude>
    <ClInclude Include="..\..\src\H5api_adpt.h">
      <Filter>H5</Filter>
    </ClInclude>
    <ClInclude Include="..\..\src\H5public.h">
      <Filter>H5</Filter>
    </ClInclude>
    <ClInclude Include="..\..\src\H5Apublic.h">
      <Filter>H5A</Filter>
    </ClInclude>
    <ClInclude Include="..\..\src\H5ACpublic.h">
      <Filter>H5AC</Filter>
    </ClInclude>
    <ClInclude Include="..\..\src\H5Cpublic.h">
      <Filter>H5C</Filter>
    </ClInclude>
    <ClInclude Include="..\..\src\H5Dpublic.h">
      <Filter>H5D</Filter>
    </ClInclude>
    <ClInclude Include="..\..\src\H5Epubgen.h">
      <Filter>H5E</Filter>
    </ClInclude>
    <ClInclude Include="..\..\src\H5Epublic.h">
      <Filter>H5E</Filter>
    </ClInclude>
    <ClInclude Include="..\..\src\H5ESdevelop.h">
      <Filter>H5ES</Filter>
    </ClInclude>
    <ClInclude Include="..\..\src\H5ESpublic.h">
      <Filter>H5ES</Filter>
    </ClInclude>
    <ClInclude Include="..\..\src\H5Fpublic.h">
      <Filter>H5F</Filter>
    </ClInclude>
    <ClInclude Include="..\..\src\H5FDcore.h">
      <Filter>H5FD</Filter>
    </ClInclude>
    <ClInclude Include="..\..\src\H5FDdevelop.h">
      <Filter>H5FD</Filter>
    </ClInclude>
    <ClInclude Include="..\..\src\H5FDdirect.h">
      <Filter>H5FD</Filter>
    </ClInclude>
    <ClInclude Include="..\..\src\H5FDfamily.h">
      <Filter>H5FD</Filter>
    </ClInclude>
    <ClInclude Include="..\..\src\H5FDhdfs.h">
      <Filter>H5FD</Filter>
    </ClInclude>
    <ClInclude Include="..\..\src\H5FDlog.h">
      <Filter>H5FD</Filter>
    </ClInclude>
    <ClInclude Include="..\..\src\H5FDmirror.h">
      <Filter>H5FD</Filter>
    </ClInclude>
    <ClInclude Include="..\..\src\H5FDmpi.h">
      <Filter>H5FD</Filter>
    </ClInclude>
    <ClInclude Include="..\..\src\H5FDmpio.h">
      <Filter>H5FD</Filter>
    </ClInclude>
    <ClInclude Include="..\..\src\H5FDmulti.h">
      <Filter>H5FD</Filter>
    </ClInclude>
    <ClInclude Include="..\..\src\H5FDonion.h">
      <Filter>H5FD</Filter>
    </ClInclude>
    <ClInclude Include="..\..\src\H5FDpublic.h">
      <Filter>H5FD</Filter>
    </ClInclude>
    <ClInclude Include="..\..\src\H5FDros3.h">
      <Filter>H5FD</Filter>
    </ClInclude>
    <ClInclude Include="..\..\src\H5FDs3comms.h">
      <Filter>H5FD</Filter>
    </ClInclude>
    <ClInclude Include="..\..\src\H5FDsec2.h">
      <Filter>H5FD</Filter>
    </ClInclude>
    <ClInclude Include="..\..\src\H5FDsplitter.h">
      <Filter>H5FD</Filter>
    </ClInclude>
    <ClInclude Include="..\..\src\H5FDstdio.h">
      <Filter>H5FD</Filter>
    </ClInclude>
    <ClInclude Include="..\..\src\H5FDwindows.h">
      <Filter>H5FD</Filter>
    </ClInclude>
    <ClInclude Include="..\..\src\H5FDsubfiling\H5FDsubfiling.h">
      <Filter>H5FD</Filter>
    </ClInclude>
    <ClInclude Include="..\..\src\H5FDsubfiling\H5FDioc.h">
      <Filter>H5FD</Filter>
    </ClInclude>
    <ClInclude Include="..\..\src\H5Gpublic.h">
      <Filter>H5G</Filter>
    </ClInclude>
    <ClInclude Include="..\..\src\H5Idevelop.h">
      <Filter>H5I</Filter>
    </ClInclude>
    <ClInclude Include="..\..\src\H5Ipublic.h">
      <Filter>H5I</Filter>
    </ClInclude>
    <ClInclude Include="..\..\src\H5Ldevelop.h">
      <Filter>H5L</Filter>
    </ClInclude>
    <ClInclude Include="..\..\src\H5Lpublic.h">
      <Filter>H5L</Filter>
    </ClInclude>
    <ClInclude Include="..\..\src\H5Mpublic.h">
      <Filter>H5M</Filter>
    </ClInclude>
    <ClInclude Include="..\..\src\H5MMpublic.h">
      <Filter>H5MM</Filter>
    </ClInclude>
    <ClInclude Include="..\..\src\H5Opublic.h">
      <Filter>H5O</Filter>
    </ClInclude>
    <ClInclude Include="..\..\src\H5Ppublic.h">
      <Filter>H5P</Filter>
    </ClInclude>
    <ClInclude Include="..\..\src\H5PLextern.h">
      <Filter>H5PL</Filter>
    </ClInclude>
    <ClInclude Include="..\..\src\H5PLpublic.h">
      <Filter>H5PL</Filter>
    </ClInclude>
    <ClInclude Include="..\..\src\H5Rpublic.h">
      <Filter>H5R</Filter>
    </ClInclude>
    <ClInclude Include="..\..\src\H5Spublic.h">
      <Filter>H5S</Filter>
    </ClInclude>
    <ClInclude Include="..\..\src\H5Tdevelop.h">
      <Filter>H5T</Filter>
    </ClInclude>
    <ClInclude Include="..\..\src\H5Tpublic.h">
      <Filter>H5T</Filter>
    </ClInclude>
    <ClInclude Include="..\..\src\H5TSdevelop.h">
      <Filter>H5TS</Filter>
    </ClInclude>
    <ClInclude Include="..\..\src\H5VLconnector.h">
      <Filter>H5VL</Filter>
    </ClInclude>
    <ClInclude Include="..\..\src\H5VLconnector_passthru.h">
      <Filter>H5VL</Filter>
    </ClInclude>
    <ClInclude Include="..\..\src\H5VLnative.h">
      <Filter>H5VL</Filter>
    </ClInclude>
    <ClInclude Include="..\..\src\H5VLpassthru.h">
      <Filter>H5VL</Filter>
    </ClInclude>
    <ClInclude Include="..\..\src\H5VLpublic.h">
      <Filter>H5VL</Filter>
    </ClInclude>
    <ClInclude Include="..\..\src\H5Zdevelop.h">
      <Filter>H5Z</Filter>
    </ClInclude>
    <ClInclude Include="..\..\src\H5Zpublic.h">
      <Filter>H5Z</Filter>
    </ClInclude>
    <ClInclude Include="..\..\src\H5private.h">
      <Filter>Header Files</Filter>
    </ClInclude>
    <ClInclude Include="..\..\src\H5Apkg.h">
      <Filter>Header Files</Filter>
    </ClInclude>
    <ClInclude Include="..\..\src\H5Aprivate.h">
      <Filter>Header Files</Filter>
    </ClInclude>
    <ClInclude Include="..\..\src\H5ACpkg.h">
      <Filter>Header Files</Filter>
    </ClInclude>
    <ClInclude Include="..\..\src\H5ACprivate.h">
      <Filter>Header Files</Filter>
    </ClInclude>
    <ClInclude Include="..\..\src\H5Bpkg.h">
      <Filter>Header Files</Filter>
    </ClInclude>
    <ClInclude Include="..\..\src\H5Bprivate.h">
      <Filter>Header Files</Filter>
    </ClInclude>
    <ClInclude Include="..\..\src\H5B2pkg.h">
      <Filter>Header Files</Filter>
    </ClInclude>
    <ClInclude Include="..\..\src\H5B2private.h">
      <Filter>Header Files</Filter>
    </ClInclude>
    <ClInclude Include="..\..\src\H5Clog.h">
      <Filter>Header Files</Filter>
    </ClInclude>
    <ClInclude Include="..\..\src\H5Cpkg.h">
      <Filter>Header Files</Filter>
    </ClInclude>
    <ClInclude Include="..\..\src\H5Cprivate.h">
      <Filter>Header Files</Filter>
    </ClInclude>
    <ClInclude Include="..\..\src\H5CSprivate.h">
      <Filter>Header Files</Filter>
    </ClInclude>
    <ClInclude Include="..\..\src\H5CXprivate.h">
      <Filter>Header Files</Filter>
    </ClInclude>
    <ClInclude Include="..\..\src\H5Dpkg.h">
      <Filter>Header Files</Filter>
    </ClInclude>
    <ClInclude Include="..\..\src\H5Dprivate.h">
      <Filter>Header Files</Filter>
    </ClInclude>
    <ClInclude Include="..\..\src\H5Edefin.h">
      <Filter>Header Files</Filter>
    </ClInclude>
    <ClInclude Include="..\..\src\H5Einit.h">
      <Filter>Header Files</Filter>
    </ClInclude>
    <ClInclude Include="..\..\src\H5Epkg.h">
      <Filter>Header Files</Filter>
    </ClInclude>
    <ClInclude Include="..\..\src\H5Eprivate.h">
      <Filter>Header Files</Filter>
    </ClInclude>
    <ClInclude Include="..\..\src\H5Eterm.h">
      <Filter>Header Files</Filter>
    </ClInclude>
    <ClInclude Include="..\..\src\H5EApkg.h">
      <Filter>Header Files</Filter>
    </ClInclude>
    <ClInclude Include="..\..\src\H5EAprivate.h">
      <Filter>Header Files</Filter>
    </ClInclude>
    <ClInclude Include="..\..\src\H5ESpkg.h">
      <Filter>Header Files</Filter>
    </ClInclude>
    <ClInclude Include="..\..\src\H5ESprivate.h">
      <Filter>Header Files</Filter>
    </ClInclude>
    <ClInclude Include="..\..\src\H5Fpkg.h">
      <Filter>Header Files</Filter>
    </ClInclude>
    <ClInclude Include="..\..\src\H5Fprivate.h">
      <Filter>Header Files</Filter>
    </ClInclude>
    <ClInclude Include="..\..\src\H5FApkg.h">
      <Filter>Header Files</Filter>
    </ClInclude>
    <ClInclude Include="..\..\src\H5FAprivate.h">
      <Filter>Header Files</Filter>
    </ClInclude>
    <ClInclude Include="..\..\src\H5FDmirror_priv.h">
      <Filter>Header Files</Filter>
    </ClInclude>
    <ClInclude Include="..\..\src\H5FDonion_header.h">
      <Filter>Header Files</Filter>
    </ClInclude>
    <ClInclude Include="..\..\src\H5FDonion_history.h">
      <Filter>Header Files</Filter>
    </ClInclude>
    <ClInclude Include="..\..\src\H5FDonion_index.h">
      <Filter>Header Files</Filter>
    </ClInclude>
    <ClInclude Include="..\..\src\H5FDonion_priv.h">
      <Filter>Header Files</Filter>
    </ClInclude>
    <ClInclude Include="..\..\src\H5FDpkg.h">
      <Filter>Header Files</Filter>
    </ClInclude>
    <ClInclude Include="..\..\src\H5FDprivate.h">
      <Filter>Header Files</Filter>
    </ClInclude>
    <ClInclude Include="..\..\src\H5FLprivate.h">
      <Filter>Header Files</Filter>
    </ClInclude>
    <ClInclude Include="..\..\src\H5FOprivate.h">
      <Filter>Header Files</Filter>
    </ClInclude>
    <ClInclude Include="..\..\src\H5FSpkg.h">
      <Filter>Header Files</Filter>
    </ClInclude>
    <ClInclude Include="..\..\src\H5FSprivate.h">
      <Filter>Header Files</Filter>
    </ClInclude>
    <ClInclude Include="..\..\src\H5Gpkg.h">
      <Filter>Header Files</Filter>
    </ClInclude>
    <ClInclude Include="..\..\src\H5Gprivate.h">
      <Filter>Header Files</Filter>
    </ClInclude>
    <ClInclude Include="..\..\src\H5HFpkg.h">
      <Filter>Header Files</Filter>
    </ClInclude>
    <ClInclude Include="..\..\src\H5HFprivate.h">
      <Filter>Header Files</Filter>
    </ClInclude>
    <ClInclude Include="..\..\src\H5HGpkg.h">
      <Filter>Header Files</Filter>
    </ClInclude>
    <ClInclude Include="..\..\src\H5HGprivate.h">
      <Filter>Header Files</Filter>
    </ClInclude>
    <ClInclude Include="..\..\src\H5HLpkg.h">
      <Filter>Header Files</Filter>
    </ClInclude>
    <ClInclude Include="..\..\src\H5HLprivate.h">
      <Filter>Header Files</Filter>
    </ClInclude>
    <ClInclude Include="..\..\src\H5Ipkg.h">
      <Filter>Header Files</Filter>
    </ClInclude>
    <ClInclude Include="..\..\src\H5Iprivate.h">
      <Filter>Header Files</Filter>
    </ClInclude>
    <ClInclude Include="..\..\src\H5Lpkg.h">
      <Filter>Header Files</Filter>
    </ClInclude>
    <ClInclude Include="..\..\src\H5Lprivate.h">
      <Filter>Header Files</Filter>
    </ClInclude>
    <ClInclude Include="..\..\src\H5Mpkg.h">
      <Filter>Header Files</Filter>
    </ClInclude>
    <ClInclude Include="..\..\src\H5Mprivate.h">
      <Filter>Header Files</Filter>
    </ClInclude>
    <ClInclude Include="..\..\src\H5MFpkg.h">
      <Filter>Header Files</Filter>
    </ClInclude>
    <ClInclude Include="..\..\src\H5MFprivate.h">
      <Filter>Header Files</Filter>
    </ClInclude>
    <ClInclude Include="..\..\src\H5MMprivate.h">
      <Filter>Header Files</Filter>
    </ClInclude>
    <ClInclude Include="..\..\src\H5Opkg.h">
      <Filter>Header Files</Filter>
    </ClInclude>
    <ClInclude Include="..\..\src\H5Oprivate.h">
      <Filter>Header Files</Filter>
    </ClInclude>
    <ClInclude Include="..\..\src\H5Oshared.h">
      <Filter>Header Files</Filter>
    </ClInclude>
    <ClInclude Include="..\..\src\H5Ppkg.h">
      <Filter>Header Files</Filter>
    </ClInclude>
    <ClInclude Include="..\..\src\H5Pprivate.h">
      <Filter>Header Files</Filter>
    </ClInclude>
    <ClInclude Include="..\..\src\H5PBprivate.h">
      <Filter>Header Files</Filter>
    </ClInclude>
    <ClInclude Include="..\..\src\H5PBpkg.h">
      <Filter>Header Files</Filter>
    </ClInclude>
    <ClInclude Include="..\..\src\H5PLpkg.h">
      <Filter>Header Files</Filter>
    </ClInclude>
    <ClInclude Include="..\..\src\H5PLprivate.h">
      <Filter>Header Files</Filter>
    </ClInclude>
    <ClInclude Include="..\..\src\H5Rpkg.h">
      <Filter>Header Files</Filter>
    </ClInclude>
    <ClInclude Include="..\..\src\H5Rprivate.h">
      <Filter>Header Files</Filter>
    </ClInclude>
    <ClInclude Include="..\..\src\H5RSprivate.h">
      <Filter>Header Files</Filter>
    </ClInclude>
    <ClInclude Include="..\..\src\H5Spkg.h">
      <Filter>Header Files</Filter>
    </ClInclude>
    <ClInclude Include="..\..\src\H5Sprivate.h">
      <Filter>Header Files</Filter>
    </ClInclude>
    <ClInclude Include="..\..\src\H5SLprivate.h">
      <Filter>Header Files</Filter>
    </ClInclude>
    <ClInclude Include="..\..\src\H5SMpkg.h">
      <Filter>Header Files</Filter>
    </ClInclude>
    <ClInclude Include="..\..\src\H5SMprivate.h">
      <Filter>Header Files</Filter>
    </ClInclude>
    <ClInclude Include="..\..\src\H5Tpkg.h">
      <Filter>Header Files</Filter>
    </ClInclude>
    <ClInclude Include="..\..\src\H5Tprivate.h">
      <Filter>Header Files</Filter>
    </ClInclude>
    <ClInclude Include="..\..\src\H5TSprivate.h">
      <Filter>Header Files</Filter>
    </ClInclude>
    <ClInclude Include="..\..\src\H5UCprivate.h">
      <Filter>Header Files</Filter>
    </ClInclude>
    <ClInclude Include="..\..\src\H5VLnative_private.h">
      <Filter>Header Files</Filter>
    </ClInclude>
    <ClInclude Include="..\..\src\H5VLpkg.h">
      <Filter>Header Files</Filter>
    </ClInclude>
    <ClInclude Include="..\..\src\H5VLprivate.h">
      <Filter>Header Files</Filter>
    </ClInclude>
    <ClInclude Include="..\..\src\H5VMprivate.h">
      <Filter>Header Files</Filter>
    </ClInclude>
    <ClInclude Include="..\..\src\H5WBprivate.h">
      <Filter>Header Files</Filter>
    </ClInclude>
    <ClInclude Include="..\..\src\H5Zpkg.h">
      <Filter>Header Files</Filter>
    </ClInclude>
    <ClInclude Include="..\..\src\H5Zprivate.h">
      <Filter>Header Files</Filter>
    </ClInclude>
    <ClInclude Include="..\..\src\H5win32defs.h">
      <Filter>Header Files</Filter>
    </ClInclude>
    <ClInclude Include="..\..\src\uthash.h">
      <Filter>Header Files</Filter>
    </ClInclude>
    <ClInclude Include="..\..\src\H5version.h">
      <Filter>Header Files</Filter>
    </ClInclude>
    <ClInclude Include="..\..\src\H5overflow.h">
      <Filter>Header Files</Filter>
    </ClInclude>
    <ClInclude Include="..\..\src\H5module.h">
      <Filter>Header Files</Filter>
    </ClInclude>
    <ClInclude Include="..\..\src\H5Amodule.h">
      <Filter>Header Files</Filter>
    </ClInclude>
    <ClInclude Include="..\..\src\H5ACmodule.h">
      <Filter>Header Files</Filter>
    </ClInclude>
    <ClInclude Include="..\..\src\H5Bmodule.h">
      <Filter>Header Files</Filter>
    </ClInclude>
    <ClInclude Include="..\..\src\H5B2module.h">
      <Filter>Header Files</Filter>
    </ClInclude>
    <ClInclude Include="..\..\src\H5Cmodule.h">
      <Filter>Header Files</Filter>
    </ClInclude>
    <ClInclude Include="..\..\src\H5CXmodule.h">
      <Filter>Header Files</Filter>
    </ClInclude>
    <ClInclude Include="..\..\src\H5Dmodule.h">
      <Filter>Header Files</Filter>
    </ClInclude>
    <ClInclude Include="..\..\src\H5Emodule.h">
      <Filter>Header Files</Filter>
    </ClInclude>
    <ClInclude Include="..\..\src\H5EAmodule.h">
      <Filter>Header Files</Filter>
    </ClInclude>
    <ClInclude Include="..\..\src\H5ESmodule.h">
      <Filter>Header Files</Filter>
    </ClInclude>
    <ClInclude Include="..\..\src\H5Fmodule.h">
      <Filter>Header Files</Filter>
    </ClInclude>
    <ClInclude Include="..\..\src\H5FAmodule.h">
      <Filter>Header Files</Filter>
    </ClInclude>
    <ClInclude Include="..\..\src\H5FDdrvr_module.h">
      <Filter>Header Files</Filter>
    </ClInclude>
    <ClInclude Include="..\..\src\H5FDmodule.h">
      <Filter>Header Files</Filter>
    </ClInclude>
    <ClInclude Include="..\..\src\H5FLmodule.h">
      <Filter>Header Files</Filter>
    </ClInclude>
    <ClInclude Include="..\..\src\H5FSmodule.h">
      <Filter>Header Files</Filter>
    </ClInclude>
    <ClInclude Include="..\..\src\H5Gmodule.h">
      <Filter>Header Files</Filter>
    </ClInclude>
    <ClInclude Include="..\..\src\H5HFmodule.h">
      <Filter>Header Files</Filter>
    </ClInclude>
    <ClInclude Include="..\..\src\H5HGmodule.h">
      <Filter>Header Files</Filter>
    </ClInclude>
    <ClInclude Include="..\..\src\H5HLmodule.h">
      <Filter>Header Files</Filter>
    </ClInclude>
    <ClInclude Include="..\..\src\H5Imodule.h">
      <Filter>Header Files</Filter>
    </ClInclude>
    <ClInclude Include="..\..\src\H5Lmodule.h">
      <Filter>Header Files</Filter>
    </ClInclude>
    <ClInclude Include="..\..\src\H5Mmodule.h">
      <Filter>Header Files</Filter>
    </ClInclude>
    <ClInclude Include="..\..\src\H5MFmodule.h">
      <Filter>Header Files</Filter>
    </ClInclude>
    <ClInclude Include="..\..\src\H5Omodule.h">
      <Filter>Header Files</Filter>
    </ClInclude>
    <ClInclude Include="..\..\src\H5Pmodule.h">
      <Filter>Header Files</Filter>
    </ClInclude>
    <ClInclude Include="..\..\src\H5PBmodule.h">
      <Filter>Header Files</Filter>
    </ClInclude>
    <ClInclude Include="..\..\src\H5PLmodule.h">
      <Filter>Header Files</Filter>
    </ClInclude>
    <ClInclude Include="..\..\src\H5Rmodule.h">
      <Filter>Header Files</Filter>
    </ClInclude>
    <ClInclude Include="..\..\src\H5RSmodule.h">
      <Filter>Header Files</Filter>
    </ClInclude>
    <ClInclude Include="..\..\src\H5Smodule.h">
      <Filter>Header Files</Filter>
    </ClInclude>
    <ClInclude Include="..\..\src\H5SLmodule.h">
      <Filter>Header Files</Filter>
    </ClInclude>
    <ClInclude Include="..\..\src\H5SMmodule.h">
      <Filter>Header Files</Filter>
    </ClInclude>
    <ClInclude Include="..\..\src\H5Tmodule.h">
      <Filter>Header Files</Filter>
    </ClInclude>
    <ClInclude Include="..\..\src\H5VLmodule.h">
      <Filter>Header Files</Filter>
    </ClInclude>
    <ClInclude Include="..\..\src\H5Zmodule.h">
      <Filter>Header Files</Filter>
    </ClInclude>
  </ItemGroup>
  <ItemGroup>
    <Filter Include="H5">
      <UniqueIdentifier>{23019C92-83F0-3067-95A9-EACF927AFD8F}</UniqueIdentifier>
    </Filter>
    <Filter Include="H5A">
      <UniqueIdentifier>{7DED7DA6-0D0D-38CC-9B63-CFB0D5B8FFD7}</UniqueIdentifier>
    </Filter>
    <Filter Include="H5AC">
      <UniqueIdentifier>{2492DA74-FF82-382F-A9C3-711D6C09EF25}</UniqueIdentifier>
    </Filter>
    <Filter Include="H5B">
      <UniqueIdentifier>{C5B3D2A8-7C23-3BDA-BBAC-3FAE83EAFA60}</UniqueIdentifier>
    </Filter>
    <Filter Include="H5B2">
      <UniqueIdentifier>{3EC99CA2-7768-393B-9A12-D4F71FACA153}</UniqueIdentifier>
    </Filter>
    <Filter Include="H5C">
      <UniqueIdentifier>{7AA1F0DB-7A3C-3ED6-BFC4-80488F5C291B}</UniqueIdentifier>
    </Filter>
    <Filter Include="H5CS">
      <UniqueIdentifier>{8960D684-CC00-39B1-BD7F-267BFFA015F4}</UniqueIdentifier>
    </Filter>
    <Filter Include="H5CX">
      <UniqueIdentifier>{EDDBBF56-93E3-3E02-BF1F-92E02FD096B0}</UniqueIdentifier>
    </Filter>
    <Filter Include="H5D">
      <UniqueIdentifier>{C98A11BE-4FA1-3E19-A3A4-C4F409EF9CBF}</UniqueIdentifier>
    </Filter>
    <Filter Include="H5E">
      <UniqueIdentifier>{85C09F85-4BF4-3AE0-BDA8-3EDC949D19F3}</UniqueIdentifier>
    </Filter>
    <Filter Include="H5EA">
      <UniqueIdentifier>{1433424F-F483-358A-BF60-76FE1F93CBCF}</UniqueIdentifier>
    </Filter>
    <Filter Include="H5ES">
      <UniqueIdentifier>{9189AAFB-96EB-3631-919B-29B7BA3D5688}</UniqueIdentifier>
    </Filter>
    <Filter Include="H5F">
      <UniqueIdentifier>{0B8A3A1F-1282-377F-BD73-6A00BA1C7966}</UniqueIdentifier>
    </Filter>
    <Filter Include="H5FA">
      <UniqueIdentifier>{1DA66A2E-199E-3A24-A85F-D4F9E0847579}</UniqueIdentifier>
    </Filter>
    <Filter Include="H5FD">
      <UniqueIdentifier>{24DA0317-37E5-3DE1-9FA0-0815D804A35A}</UniqueIdentifier>
    </Filter>
    <Filter Include="H5FL">
      <UniqueIdentifier>{49420862-4850-3895-AED9-C451285CE434}</UniqueIdentifier>
    </Filter>
    <Filter Include="H5FO">
      <UniqueIdentifier>{07658567-7EC2-3526-B336-DF3BB6FCA720}</UniqueIdentifier>
    </Filter>
    <Filter Include="H5FS">
      <UniqueIdentifier>{3FB43F20-B536-356B-9FA8-00D22965AAF8}</UniqueIdentifier>
    </Filter>
    <Filter Include="H5G">
      <UniqueIdentifier>{72DACA8B-5482-3687-80AA-B12602246862}</UniqueIdentifier>
    </Filter>
    <Filter Include="H5HF">
      <UniqueIdentifier>{68BEEE69-5102-3DBD-BD83-0F854B45DD69}</UniqueIdentifier>
    </Filter>
    <Filter Include="H5HG">
      <UniqueIdentifier>{C5059DA7-0CAC-35FA-BB98-0526738F7D12}</UniqueIdentifier>
    </Filter>
    <Filter Include="H5HL">
      <UniqueIdentifier>{25AB8CFD-B172-352C-BC66-1BA528C185BE}</UniqueIdentifier>
    </Filter>
    <Filter Include="H5I">
      <UniqueIdentifier>{80FD6B7D-D740-3057-B056-C05F4F2995FD}</UniqueIdentifier>
    </Filter>
    <Filter Include="H5L">
      <UniqueIdentifier>{63E97F0B-1126-3D45-8B38-F3FBD02252C1}</UniqueIdentifier>
    </Filter>
    <Filter Include="H5M">
      <UniqueIdentifier>{AFBB2905-04BB-3F80-BACE-50EFE217A3BE}</UniqueIdentifier>
    </Filter>
    <Filter Include="H5MF">
      <UniqueIdentifier>{03DFB96E-BBC6-3639-BA27-A9BC07365B7F}</UniqueIdentifier>
    </Filter>
    <Filter Include="H5MM">
      <UniqueIdentifier>{9ABF2376-3F05-3AF4-9A5B-B1C689568EFE}</UniqueIdentifier>
    </Filter>
    <Filter Include="H5O">
      <UniqueIdentifier>{6A0345AB-75B2-3C23-ACE6-6E51B4FA5BA6}</UniqueIdentifier>
    </Filter>
    <Filter Include="H5P">
      <UniqueIdentifier>{BF7494F7-F723-3783-B1B6-AFB819112C9A}</UniqueIdentifier>
    </Filter>
    <Filter Include="H5PB">
      <UniqueIdentifier>{7A804A05-FB48-3473-BBD5-126277FE9AAD}</UniqueIdentifier>
    </Filter>
    <Filter Include="H5PL">
      <UniqueIdentifier>{CBC3A7A5-C0CF-3CB8-BA01-54845B07D2E2}</UniqueIdentifier>
    </Filter>
    <Filter Include="H5R">
      <UniqueIdentifier>{891623CC-BBDD-3687-BEC9-A0A41178FD3E}</UniqueIdentifier>
    </Filter>
    <Filter Include="H5RS">
      <UniqueIdentifier>{92111844-56D0-34A3-97FB-75AF6410EF9C}</UniqueIdentifier>
    </Filter>
    <Filter Include="H5S">
      <UniqueIdentifier>{80825204-CE5D-3856-8A45-8A75F9EB81B8}</UniqueIdentifier>
    </Filter>
    <Filter Include="H5SL">
      <UniqueIdentifier>{E3CA3B60-F789-3E95-BFE6-E8DB82DABB49}</UniqueIdentifier>
    </Filter>
    <Filter Include="H5SM">
      <UniqueIdentifier>{1138037F-A42C-3EBD-9750-A20597BF780F}</UniqueIdentifier>
    </Filter>
    <Filter Include="H5T">
      <UniqueIdentifier>{1964F77B-261E-31E5-9E58-550C193F9BF4}</UniqueIdentifier>
    </Filter>
    <Filter Include="H5TS">
      <UniqueIdentifier>{B052515E-02F6-3007-A885-8B7EA389F3FD}</UniqueIdentifier>
    </Filter>
    <Filter Include="H5UC">
      <UniqueIdentifier>{B51CD872-EF95-3AC4-B528-AAC5D896F1B0}</UniqueIdentifier>
    </Filter>
    <Filter Include="H5VL">
      <UniqueIdentifier>{215E92F1-E9C2-3503-8CC0-9B098692E923}</UniqueIdentifier>
    </Filter>
    <Filter Include="H5VM">
      <UniqueIdentifier>{F1297AFE-72ED-3794-ACC7-2382DE28C5D6}</UniqueIdentifier>
    </Filter>
    <Filter Include="H5WB">
      <UniqueIdentifier>{89A348DE-A3C5-3A26-B498-958CAD71CF29}</UniqueIdentifier>
    </Filter>
    <Filter Include="H5Z">
      <UniqueIdentifier>{646564BE-FC05-3243-A0EA-04060A9D0599}</UniqueIdentifier>
    </Filter>
    <Filter Include="Header Files">
      <UniqueIdentifier>{34309607-4673-31BF-971C-C5956649EFBF}</UniqueIdentifier>
    </Filter>
    <Filter Include="Source Files">
      <UniqueIdentifier>{EB1EAAAD-4E8E-3CB3-B85A-FDF820BD8DB5}</UniqueIdentifier>
    </Filter>
  </ItemGroup>
</Project>