
Microsoft Visual Studio Solution File, Format Version 12.00
# Visual Studio Version 16
Project("{2150E333-8FDC-42A3-9474-1A3956D46DE8}") = "CMakePredefinedTargets", "CMakePredefinedTargets", "{DCD2969D-D5B9-361D-A09D-CF6DB4A12380}"
EndProject
Project("{2150E333-8FDC-42A3-9474-1A3956D46DE8}") = "libraries", "libraries", "{2FA91837-5EB6-3F3A-847F-679886034F9F}"
EndProject
Project("{2150E333-8FDC-42A3-9474-1A3956D46DE8}") = "hl", "libraries\hl", "{0AB0BE9E-8103-3E4B-8B54-4FBA9D0C4539}"
EndProject
Project("{8BC9CEB8-8B4A-11D0-8D11-00A0C91BC942}") = "ALL_BUILD", "ALL_BUILD.vcxproj", "{562AC620-21B9-3237-91EE-0C6E64E87C07}"
	ProjectSection(ProjectDependencies) = postProject
		{7883C086-0F6B-32EC-861A-3023BAB1F68C} = {7883C086-0F6B-32EC-861A-3023BAB1F68C}
		{97A953DB-FBD0-351E-AD26-0F01EE9ADA76} = {97A953DB-FBD0-351E-AD26-0F01EE9ADA76}
		{3E4E9771-FD19-3937-B513-EE431581145B} = {3E4E9771-FD19-3937-B513-EE431581145B}
	EndProjectSection
EndProject
Project("{8BC9CEB8-8B4A-11D0-8D11-00A0C91BC942}") = "H5detect", "..\..\src\H5detect.vcxproj", "{B6934B18-1801-3D20-A7B1-777A94FEDBEF}"
	ProjectSection(ProjectDependencies) = postProject
		{7883C086-0F6B-32EC-861A-3023BAB1F68C} = {7883C086-0F6B-32EC-861A-3023BAB1F68C}
	EndProjectSection
EndProject
Project("{8BC9CEB8-8B4A-11D0-8D11-00A0C91BC942}") = "H5make_libsettings", "..\..\src\H5make_libsettings.vcxproj", "{209DB845-336F-3929-B580-22AC6E0667F0}"
	ProjectSection(ProjectDependencies) = postProject
		{7883C086-0F6B-32EC-861A-3023BAB1F68C} = {7883C086-0F6B-32EC-861A-3023BAB1F68C}
	EndProjectSection
EndProject
Project("{8BC9CEB8-8B4A-11D0-8D11-00A0C91BC942}") = "INSTALL", "INSTALL.vcxproj", "{3CDB428A-5A58-3F1C-AE0E-6010E85E8C78}"
	ProjectSection(ProjectDependencies) = postProject
		{562AC620-21B9-3237-91EE-0C6E64E87C07} = {562AC620-21B9-3237-91EE-0C6E64E87C07}
		{7883C086-0F6B-32EC-861A-3023BAB1F68C} = {7883C086-0F6B-32EC-861A-3023BAB1F68C}
	EndProjectSection
EndProject
Project("{8BC9CEB8-8B4A-11D0-8D11-00A0C91BC942}") = "PACKAGE", "PACKAGE.vcxproj", "{7B6DF3A9-ADDC-3532-8180-4A3A3660A1B6}"
	ProjectSection(ProjectDependencies) = postProject
		{562AC620-21B9-3237-91EE-0C6E64E87C07} = {562AC620-21B9-3237-91EE-0C6E64E87C07}
		{7883C086-0F6B-32EC-861A-3023BAB1F68C} = {7883C086-0F6B-32EC-861A-3023BAB1F68C}
	EndProjectSection
EndProject
Project("{8BC9CEB8-8B4A-11D0-8D11-00A0C91BC942}") = "ZERO_CHECK", "..\..\\ZERO_CHECK.vcxproj", "{7883C086-0F6B-32EC-861A-3023BAB1F68C}"
	ProjectSection(ProjectDependencies) = postProject
	EndProjectSection
EndProject
Project("{8BC9CEB8-8B4A-11D0-8D11-00A0C91BC942}") = "gen_hdf5-shared", "..\..\src\gen_hdf5-shared.vcxproj", "{EEDCB2E9-FA10-3A62-A266-60E47A852593}"
	ProjectSection(ProjectDependencies) = postProject
		{B6934B18-1801-3D20-A7B1-777A94FEDBEF} = {B6934B18-1801-3D20-A7B1-777A94FEDBEF}
		{209DB845-336F-3929-B580-22AC6E0667F0} = {209DB845-336F-3929-B580-22AC6E0667F0}
		{7883C086-0F6B-32EC-861A-3023BAB1F68C} = {7883C086-0F6B-32EC-861A-3023BAB1F68C}
	EndProjectSection
EndProject
Project("{8BC9CEB8-8B4A-11D0-8D11-00A0C91BC942}") = "gen_hdf5-static", "..\..\src\gen_hdf5-static.vcxproj", "{D01BFD2B-56FB-364A-9B21-718A2A34B12D}"
	ProjectSection(ProjectDependencies) = postProject
		{B6934B18-1801-3D20-A7B1-777A94FEDBEF} = {B6934B18-1801-3D20-A7B1-777A94FEDBEF}
		{209DB845-336F-3929-B580-22AC6E0667F0} = {209DB845-336F-3929-B580-22AC6E0667F0}
		{7883C086-0F6B-32EC-861A-3023BAB1F68C} = {7883C086-0F6B-32EC-861A-3023BAB1F68C}
	EndProjectSection
EndProject
Project("{8BC9CEB8-8B4A-11D0-8D11-00A0C91BC942}") = "hdf5-shared", "..\..\src\hdf5-shared.vcxproj", "{B51DFCC7-59D4-3626-BBCF-B08BE027786A}"
	ProjectSection(ProjectDependencies) = postProject
		{7883C086-0F6B-32EC-861A-3023BAB1F68C} = {7883C086-0F6B-32EC-861A-3023BAB1F68C}
		{EEDCB2E9-FA10-3A62-A266-60E47A852593} = {EEDCB2E9-FA10-3A62-A266-60E47A852593}
	EndProjectSection
EndProject
Project("{8BC9CEB8-8B4A-11D0-8D11-00A0C91BC942}") = "hdf5-static", "..\..\src\hdf5-static.vcxproj", "{DD1260FA-6C78-3CB8-B582-C3749888FE64}"
	ProjectSection(ProjectDependencies) = postProject
		{7883C086-0F6B-32EC-861A-3023BAB1F68C} = {7883C086-0F6B-32EC-861A-3023BAB1F68C}
		{D01BFD2B-56FB-364A-9B21-718A2A34B12D} = {D01BFD2B-56FB-364A-9B21-718A2A34B12D}
	EndProjectSection
EndProject
Project("{8BC9CEB8-8B4A-11D0-8D11-00A0C91BC942}") = "hdf5_hl-shared", "hdf5_hl-shared.vcxproj", "{97A953DB-FBD0-351E-AD26-0F01EE9ADA76}"
	ProjectSection(ProjectDependencies) = postProject
		{7883C086-0F6B-32EC-861A-3023BAB1F68C} = {7883C086-0F6B-32EC-861A-3023BAB1F68C}
		{B51DFCC7-59D4-3626-BBCF-B08BE027786A} = {B51DFCC7-59D4-3626-BBCF-B08BE027786A}
	EndProjectSection
EndProject
Project("{8BC9CEB8-8B4A-11D0-8D11-00A0C91BC942}") = "hdf5_hl-static", "hdf5_hl-static.vcxproj", "{3E4E9771-FD19-3937-B513-EE431581145B}"
	ProjectSection(ProjectDependencies) = postProject
		{7883C086-0F6B-32EC-861A-3023BAB1F68C} = {7883C086-0F6B-32EC-861A-3023BAB1F68C}
		{DD1260FA-6C78-3CB8-B582-C3749888FE64} = {DD1260FA-6C78-3CB8-B582-C3749888FE64}
	EndProjectSection
EndProject
Global
	GlobalSection(SolutionConfigurationPlatforms) = preSolution
		Debug|x64 = Debug|x64
		Release|x64 = Release|x64
		MinSizeRel|x64 = MinSizeRel|x64
		RelWithDebInfo|x64 = RelWithDebInfo|x64
	EndGlobalSection
	GlobalSection(ProjectConfigurationPlatforms) = postSolution
		{562AC620-21B9-3237-91EE-0C6E64E87C07}.Debug|x64.ActiveCfg = Debug|x64
		{562AC620-21B9-3237-91EE-0C6E64E87C07}.Debug|x64.Build.0 = Debug|x64
		{562AC620-21B9-3237-91EE-0C6E64E87C07}.Release|x64.ActiveCfg = Release|x64
		{562AC620-21B9-3237-91EE-0C6E64E87C07}.Release|x64.Build.0 = Release|x64
		{562AC620-21B9-3237-91EE-0C6E64E87C07}.MinSizeRel|x64.ActiveCfg = MinSizeRel|x64
		{562AC620-21B9-3237-91EE-0C6E64E87C07}.MinSizeRel|x64.Build.0 = MinSizeRel|x64
		{562AC620-21B9-3237-91EE-0C6E64E87C07}.RelWithDebInfo|x64.ActiveCfg = RelWithDebInfo|x64
		{562AC620-21B9-3237-91EE-0C6E64E87C07}.RelWithDebInfo|x64.Build.0 = RelWithDebInfo|x64
		{B6934B18-1801-3D20-A7B1-777A94FEDBEF}.Debug|x64.ActiveCfg = Debug|x64
		{B6934B18-1801-3D20-A7B1-777A94FEDBEF}.Debug|x64.Build.0 = Debug|x64
		{B6934B18-1801-3D20-A7B1-777A94FEDBEF}.Release|x64.ActiveCfg = Release|x64
		{B6934B18-1801-3D20-A7B1-777A94FEDBEF}.Release|x64.Build.0 = Release|x64
		{B6934B18-1801-3D20-A7B1-777A94FEDBEF}.MinSizeRel|x64.ActiveCfg = MinSizeRel|x64
		{B6934B18-1801-3D20-A7B1-777A94FEDBEF}.MinSizeRel|x64.Build.0 = MinSizeRel|x64
		{B6934B18-1801-3D20-A7B1-777A94FEDBEF}.RelWithDebInfo|x64.ActiveCfg = RelWithDebInfo|x64
		{B6934B18-1801-3D20-A7B1-777A94FEDBEF}.RelWithDebInfo|x64.Build.0 = RelWithDebInfo|x64
		{209DB845-336F-3929-B580-22AC6E0667F0}.Debug|x64.ActiveCfg = Debug|x64
		{209DB845-336F-3929-B580-22AC6E0667F0}.Debug|x64.Build.0 = Debug|x64
		{209DB845-336F-3929-B580-22AC6E0667F0}.Release|x64.ActiveCfg = Release|x64
		{209DB845-336F-3929-B580-22AC6E0667F0}.Release|x64.Build.0 = Release|x64
		{209DB845-336F-3929-B580-22AC6E0667F0}.MinSizeRel|x64.ActiveCfg = MinSizeRel|x64
		{209DB845-336F-3929-B580-22AC6E0667F0}.MinSizeRel|x64.Build.0 = MinSizeRel|x64
		{209DB845-336F-3929-B580-22AC6E0667F0}.RelWithDebInfo|x64.ActiveCfg = RelWithDebInfo|x64
		{209DB845-336F-3929-B580-22AC6E0667F0}.RelWithDebInfo|x64.Build.0 = RelWithDebInfo|x64
		{3CDB428A-5A58-3F1C-AE0E-6010E85E8C78}.Debug|x64.ActiveCfg = Debug|x64
		{3CDB428A-5A58-3F1C-AE0E-6010E85E8C78}.Release|x64.ActiveCfg = Release|x64
		{3CDB428A-5A58-3F1C-AE0E-6010E85E8C78}.MinSizeRel|x64.ActiveCfg = MinSizeRel|x64
		{3CDB428A-5A58-3F1C-AE0E-6010E85E8C78}.RelWithDebInfo|x64.ActiveCfg = RelWithDebInfo|x64
		{7B6DF3A9-ADDC-3532-8180-4A3A3660A1B6}.Debug|x64.ActiveCfg = Debug|x64
		{7B6DF3A9-ADDC-3532-8180-4A3A3660A1B6}.Release|x64.ActiveCfg = Release|x64
		{7B6DF3A9-ADDC-3532-8180-4A3A3660A1B6}.MinSizeRel|x64.ActiveCfg = MinSizeRel|x64
		{7B6DF3A9-ADDC-3532-8180-4A3A3660A1B6}.RelWithDebInfo|x64.ActiveCfg = RelWithDebInfo|x64
		{7883C086-0F6B-32EC-861A-3023BAB1F68C}.Debug|x64.ActiveCfg = Debug|x64
		{7883C086-0F6B-32EC-861A-3023BAB1F68C}.Debug|x64.Build.0 = Debug|x64
		{7883C086-0F6B-32EC-861A-3023BAB1F68C}.Release|x64.ActiveCfg = Release|x64
		{7883C086-0F6B-32EC-861A-3023BAB1F68C}.Release|x64.Build.0 = Release|x64
		{7883C086-0F6B-32EC-861A-3023BAB1F68C}.MinSizeRel|x64.ActiveCfg = MinSizeRel|x64
		{7883C086-0F6B-32EC-861A-3023BAB1F68C}.MinSizeRel|x64.Build.0 = MinSizeRel|x64
		{7883C086-0F6B-32EC-861A-3023BAB1F68C}.RelWithDebInfo|x64.ActiveCfg = RelWithDebInfo|x64
		{7883C086-0F6B-32EC-861A-3023BAB1F68C}.RelWithDebInfo|x64.Build.0 = RelWithDebInfo|x64
		{EEDCB2E9-FA10-3A62-A266-60E47A852593}.Debug|x64.ActiveCfg = Debug|x64
		{EEDCB2E9-FA10-3A62-A266-60E47A852593}.Debug|x64.Build.0 = Debug|x64
		{EEDCB2E9-FA10-3A62-A266-60E47A852593}.Release|x64.ActiveCfg = Release|x64
		{EEDCB2E9-FA10-3A62-A266-60E47A852593}.Release|x64.Build.0 = Release|x64
		{EEDCB2E9-FA10-3A62-A266-60E47A852593}.MinSizeRel|x64.ActiveCfg = MinSizeRel|x64
		{EEDCB2E9-FA10-3A62-A266-60E47A852593}.MinSizeRel|x64.Build.0 = MinSizeRel|x64
		{EEDCB2E9-FA10-3A62-A266-60E47A852593}.RelWithDebInfo|x64.ActiveCfg = RelWithDebInfo|x64
		{EEDCB2E9-FA10-3A62-A266-60E47A852593}.RelWithDebInfo|x64.Build.0 = RelWithDebInfo|x64
		{D01BFD2B-56FB-364A-9B21-718A2A34B12D}.Debug|x64.ActiveCfg = Debug|x64
		{D01BFD2B-56FB-364A-9B21-718A2A34B12D}.Debug|x64.Build.0 = Debug|x64
		{D01BFD2B-56FB-364A-9B21-718A2A34B12D}.Release|x64.ActiveCfg = Release|x64
		{D01BFD2B-56FB-364A-9B21-718A2A34B12D}.Release|x64.Build.0 = Release|x64
		{D01BFD2B-56FB-364A-9B21-718A2A34B12D}.MinSizeRel|x64.ActiveCfg = MinSizeRel|x64
		{D01BFD2B-56FB-364A-9B21-718A2A34B12D}.MinSizeRel|x64.Build.0 = MinSizeRel|x64
		{D01BFD2B-56FB-364A-9B21-718A2A34B12D}.RelWithDebInfo|x64.ActiveCfg = RelWithDebInfo|x64
		{D01BFD2B-56FB-364A-9B21-718A2A34B12D}.RelWithDebInfo|x64.Build.0 = RelWithDebInfo|x64
		{B51DFCC7-59D4-3626-BBCF-B08BE027786A}.Debug|x64.ActiveCfg = Debug|x64
		{B51DFCC7-59D4-3626-BBCF-B08BE027786A}.Debug|x64.Build.0 = Debug|x64
		{B51DFCC7-59D4-3626-BBCF-B08BE027786A}.Release|x64.ActiveCfg = Release|x64
		{B51DFCC7-59D4-3626-BBCF-B08BE027786A}.Release|x64.Build.0 = Release|x64
		{B51DFCC7-59D4-3626-BBCF-B08BE027786A}.MinSizeRel|x64.ActiveCfg = MinSizeRel|x64
		{B51DFCC7-59D4-3626-BBCF-B08BE027786A}.MinSizeRel|x64.Build.0 = MinSizeRel|x64
		{B51DFCC7-59D4-3626-BBCF-B08BE027786A}.RelWithDebInfo|x64.ActiveCfg = RelWithDebInfo|x64
		{B51DFCC7-59D4-3626-BBCF-B08BE027786A}.RelWithDebInfo|x64.Build.0 = RelWithDebInfo|x64
		{DD1260FA-6C78-3CB8-B582-C3749888FE64}.Debug|x64.ActiveCfg = Debug|x64
		{DD1260FA-6C78-3CB8-B582-C3749888FE64}.Debug|x64.Build.0 = Debug|x64
		{DD1260FA-6C78-3CB8-B582-C3749888FE64}.Release|x64.ActiveCfg = Release|x64
		{DD1260FA-6C78-3CB8-B582-C3749888FE64}.Release|x64.Build.0 = Release|x64
		{DD1260FA-6C78-3CB8-B582-C3749888FE64}.MinSizeRel|x64.ActiveCfg = MinSizeRel|x64
		{DD1260FA-6C78-3CB8-B582-C3749888FE64}.MinSizeRel|x64.Build.0 = MinSizeRel|x64
		{DD1260FA-6C78-3CB8-B582-C3749888FE64}.RelWithDebInfo|x64.ActiveCfg = RelWithDebInfo|x64
		{DD1260FA-6C78-3CB8-B582-C3749888FE64}.RelWithDebInfo|x64.Build.0 = RelWithDebInfo|x64
		{97A953DB-FBD0-351E-AD26-0F01EE9ADA76}.Debug|x64.ActiveCfg = Debug|x64
		{97A953DB-FBD0-351E-AD26-0F01EE9ADA76}.Debug|x64.Build.0 = Debug|x64
		{97A953DB-FBD0-351E-AD26-0F01EE9ADA76}.Release|x64.ActiveCfg = Release|x64
		{97A953DB-FBD0-351E-AD26-0F01EE9ADA76}.Release|x64.Build.0 = Release|x64
		{97A953DB-FBD0-351E-AD26-0F01EE9ADA76}.MinSizeRel|x64.ActiveCfg = MinSizeRel|x64
		{97A953DB-FBD0-351E-AD26-0F01EE9ADA76}.MinSizeRel|x64.Build.0 = MinSizeRel|x64
		{97A953DB-FBD0-351E-AD26-0F01EE9ADA76}.RelWithDebInfo|x64.ActiveCfg = RelWithDebInfo|x64
		{97A953DB-FBD0-351E-AD26-0F01EE9ADA76}.RelWithDebInfo|x64.Build.0 = RelWithDebInfo|x64
		{3E4E9771-FD19-3937-B513-EE431581145B}.Debug|x64.ActiveCfg = Debug|x64
		{3E4E9771-FD19-3937-B513-EE431581145B}.Debug|x64.Build.0 = Debug|x64
		{3E4E9771-FD19-3937-B513-EE431581145B}.Release|x64.ActiveCfg = Release|x64
		{3E4E9771-FD19-3937-B513-EE431581145B}.Release|x64.Build.0 = Release|x64
		{3E4E9771-FD19-3937-B513-EE431581145B}.MinSizeRel|x64.ActiveCfg = MinSizeRel|x64
		{3E4E9771-FD19-3937-B513-EE431581145B}.MinSizeRel|x64.Build.0 = MinSizeRel|x64
		{3E4E9771-FD19-3937-B513-EE431581145B}.RelWithDebInfo|x64.ActiveCfg = RelWithDebInfo|x64
		{3E4E9771-FD19-3937-B513-EE431581145B}.RelWithDebInfo|x64.Build.0 = RelWithDebInfo|x64
	EndGlobalSection
	GlobalSection(NestedProjects) = preSolution
		{562AC620-21B9-3237-91EE-0C6E64E87C07} = {DCD2969D-D5B9-361D-A09D-CF6DB4A12380}
		{3CDB428A-5A58-3F1C-AE0E-6010E85E8C78} = {DCD2969D-D5B9-361D-A09D-CF6DB4A12380}
		{7B6DF3A9-ADDC-3532-8180-4A3A3660A1B6} = {DCD2969D-D5B9-361D-A09D-CF6DB4A12380}
		{7883C086-0F6B-32EC-861A-3023BAB1F68C} = {DCD2969D-D5B9-361D-A09D-CF6DB4A12380}
		{0AB0BE9E-8103-3E4B-8B54-4FBA9D0C4539} = {2FA91837-5EB6-3F3A-847F-679886034F9F}
		{B51DFCC7-59D4-3626-BBCF-B08BE027786A} = {2FA91837-5EB6-3F3A-847F-679886034F9F}
		{DD1260FA-6C78-3CB8-B582-C3749888FE64} = {2FA91837-5EB6-3F3A-847F-679886034F9F}
		{97A953DB-FBD0-351E-AD26-0F01EE9ADA76} = {0AB0BE9E-8103-3E4B-8B54-4FBA9D0C4539}
		{3E4E9771-FD19-3937-B513-EE431581145B} = {0AB0BE9E-8103-3E4B-8B54-4FBA9D0C4539}
	EndGlobalSection
	GlobalSection(ExtensibilityGlobals) = postSolution
		SolutionGuid = {64872961-88B2-32AD-8953-D104A4B890BA}
	EndGlobalSection
	GlobalSection(ExtensibilityAddIns) = postSolution
	EndGlobalSection
EndGlobal
