
Microsoft Visual Studio Solution File, Format Version 12.00
# Visual Studio Version 16
Project("{2150E333-8FDC-42A3-9474-1A3956D46DE8}") = "CMakePredefinedTargets", "CMakePredefinedTargets", "{E4CBC2CF-EB0E-3633-B5CA-48DFAC507766}"
EndProject
Project("{2150E333-8FDC-42A3-9474-1A3956D46DE8}") = "examples", "examples", "{DA8EFF8B-8FF4-3A29-9688-C50B4FB6EFB9}"
EndProject
Project("{2150E333-8FDC-42A3-9474-1A3956D46DE8}") = "cpp", "examples\cpp", "{051A14D1-80F3-3D4E-9971-BC7E69ED8E41}"
EndProject
Project("{2150E333-8FDC-42A3-9474-1A3956D46DE8}") = "libraries", "libraries", "{AD5B3A37-FFC3-3ABE-B5FC-63B8BEC44828}"
EndProject
Project("{2150E333-8FDC-42A3-9474-1A3956D46DE8}") = "cpp", "libraries\cpp", "{44098AC5-B3C5-3C2D-BDDB-5947DB7E0CEF}"
EndProject
Project("{8BC9CEB8-8B4A-11D0-8D11-00A0C91BC942}") = "ALL_BUILD", "ALL_BUILD.vcxproj", "{3A89B2C7-0DB7-3D8A-BA9E-A01E9826CDAE}"
	ProjectSection(ProjectDependencies) = postProject
		{6F9BD127-C855-3472-B583-618A7921FFAF} = {6F9BD127-C855-3472-B583-618A7921FFAF}
		{E519948D-662E-3618-9EB4-46BB32E69750} = {E519948D-662E-3618-9EB4-46BB32E69750}
		{60F942AF-AF54-3217-B95D-16C75C0D1810} = {60F942AF-AF54-3217-B95D-16C75C0D1810}
		{B256BF59-F20C-399E-B998-E55B4D455D12} = {B256BF59-F20C-399E-B998-E55B4D455D12}
		{AF8339B1-0786-3851-A8F7-BAB7FE3B79A8} = {AF8339B1-0786-3851-A8F7-BAB7FE3B79A8}
		{EA2BC853-8BB1-36A3-BFE4-C8D0CE391EBA} = {EA2BC853-8BB1-36A3-BFE4-C8D0CE391EBA}
		{9DE77660-975E-37D2-944A-7EB5DC34736B} = {9DE77660-975E-37D2-944A-7EB5DC34736B}
		{F8B70C9E-BA00-3DB5-84B5-E22C77901D1E} = {F8B70C9E-BA00-3DB5-84B5-E22C77901D1E}
		{6B89F937-6470-3191-9C73-856CFB2B7030} = {6B89F937-6470-3191-9C73-856CFB2B7030}
		{2C5F7A7C-6B98-3746-906B-DB487D9E5417} = {2C5F7A7C-6B98-3746-906B-DB487D9E5417}
		{FCE9B00C-1477-39CC-AE1C-A15395658061} = {FCE9B00C-1477-39CC-AE1C-A15395658061}
		{050BFD08-3911-3B56-852C-8A25CFF01952} = {050BFD08-3911-3B56-852C-8A25CFF01952}
		{BA8D2A36-8917-3155-A28E-2BAD46ECD4FF} = {BA8D2A36-8917-3155-A28E-2BAD46ECD4FF}
		{230DB79E-8CC2-39A7-B2D3-B717DD54D6B1} = {230DB79E-8CC2-39A7-B2D3-B717DD54D6B1}
		{49D5FC7F-F5F0-3696-A36D-DC1573274C62} = {49D5FC7F-F5F0-3696-A36D-DC1573274C62}
		{3C934C6C-9E51-3D57-BBAB-D0BB17FC7FC4} = {3C934C6C-9E51-3D57-BBAB-D0BB17FC7FC4}
		{7F125229-70CC-306C-A5AF-88DA12ED7B16} = {7F125229-70CC-306C-A5AF-88DA12ED7B16}
	EndProjectSection
EndProject
Project("{8BC9CEB8-8B4A-11D0-8D11-00A0C91BC942}") = "H5detect", "..\..\src\H5detect.vcxproj", "{798FA79C-76A0-3D9C-A3DB-78184154BCE7}"
	ProjectSection(ProjectDependencies) = postProject
		{6F9BD127-C855-3472-B583-618A7921FFAF} = {6F9BD127-C855-3472-B583-618A7921FFAF}
	EndProjectSection
EndProject
Project("{8BC9CEB8-8B4A-11D0-8D11-00A0C91BC942}") = "H5make_libsettings", "..\..\src\H5make_libsettings.vcxproj", "{62E6D69A-6EB1-302C-9F30-947CCF9917F6}"
	ProjectSection(ProjectDependencies) = postProject
		{6F9BD127-C855-3472-B583-618A7921FFAF} = {6F9BD127-C855-3472-B583-618A7921FFAF}
	EndProjectSection
EndProject
Project("{8BC9CEB8-8B4A-11D0-8D11-00A0C91BC942}") = "INSTALL", "INSTALL.vcxproj", "{382B25BA-882D-3279-A4A4-76F45D2F05AC}"
	ProjectSection(ProjectDependencies) = postProject
		{3A89B2C7-0DB7-3D8A-BA9E-A01E9826CDAE} = {3A89B2C7-0DB7-3D8A-BA9E-A01E9826CDAE}
		{6F9BD127-C855-3472-B583-618A7921FFAF} = {6F9BD127-C855-3472-B583-618A7921FFAF}
	EndProjectSection
EndProject
Project("{8BC9CEB8-8B4A-11D0-8D11-00A0C91BC942}") = "PACKAGE", "PACKAGE.vcxproj", "{5F1C3403-D623-371C-A499-036478E59D66}"
	ProjectSection(ProjectDependencies) = postProject
		{3A89B2C7-0DB7-3D8A-BA9E-A01E9826CDAE} = {3A89B2C7-0DB7-3D8A-BA9E-A01E9826CDAE}
		{6F9BD127-C855-3472-B583-618A7921FFAF} = {6F9BD127-C855-3472-B583-618A7921FFAF}
	EndProjectSection
EndProject
Project("{8BC9CEB8-8B4A-11D0-8D11-00A0C91BC942}") = "ZERO_CHECK", "..\..\\ZERO_CHECK.vcxproj", "{6F9BD127-C855-3472-B583-618A7921FFAF}"
	ProjectSection(ProjectDependencies) = postProject
	EndProjectSection
EndProject
Project("{8BC9CEB8-8B4A-11D0-8D11-00A0C91BC942}") = "cpp_ex_chunks", "cpp_ex_chunks.vcxproj", "{E519948D-662E-3618-9EB4-46BB32E69750}"
	ProjectSection(ProjectDependencies) = postProject
		{6F9BD127-C855-3472-B583-618A7921FFAF} = {6F9BD127-C855-3472-B583-618A7921FFAF}
		{5A7CD77E-8368-3EAC-B715-0709E3029F30} = {5A7CD77E-8368-3EAC-B715-0709E3029F30}
		{03343DD2-9DA5-3FE7-B12A-07418DE59A0D} = {03343DD2-9DA5-3FE7-B12A-07418DE59A0D}
	EndProjectSection
EndProject
Project("{8BC9CEB8-8B4A-11D0-8D11-00A0C91BC942}") = "cpp_ex_compound", "cpp_ex_compound.vcxproj", "{60F942AF-AF54-3217-B95D-16C75C0D1810}"
	ProjectSection(ProjectDependencies) = postProject
		{6F9BD127-C855-3472-B583-618A7921FFAF} = {6F9BD127-C855-3472-B583-618A7921FFAF}
		{5A7CD77E-8368-3EAC-B715-0709E3029F30} = {5A7CD77E-8368-3EAC-B715-0709E3029F30}
		{03343DD2-9DA5-3FE7-B12A-07418DE59A0D} = {03343DD2-9DA5-3FE7-B12A-07418DE59A0D}
	EndProjectSection
EndProject
Project("{8BC9CEB8-8B4A-11D0-8D11-00A0C91BC942}") = "cpp_ex_create", "cpp_ex_create.vcxproj", "{B256BF59-F20C-399E-B998-E55B4D455D12}"
	ProjectSection(ProjectDependencies) = postProject
		{6F9BD127-C855-3472-B583-618A7921FFAF} = {6F9BD127-C855-3472-B583-618A7921FFAF}
		{5A7CD77E-8368-3EAC-B715-0709E3029F30} = {5A7CD77E-8368-3EAC-B715-0709E3029F30}
		{03343DD2-9DA5-3FE7-B12A-07418DE59A0D} = {03343DD2-9DA5-3FE7-B12A-07418DE59A0D}
	EndProjectSection
EndProject
Project("{8BC9CEB8-8B4A-11D0-8D11-00A0C91BC942}") = "cpp_ex_extend_ds", "cpp_ex_extend_ds.vcxproj", "{AF8339B1-0786-3851-A8F7-BAB7FE3B79A8}"
	ProjectSection(ProjectDependencies) = postProject
		{6F9BD127-C855-3472-B583-618A7921FFAF} = {6F9BD127-C855-3472-B583-618A7921FFAF}
		{5A7CD77E-8368-3EAC-B715-0709E3029F30} = {5A7CD77E-8368-3EAC-B715-0709E3029F30}
		{03343DD2-9DA5-3FE7-B12A-07418DE59A0D} = {03343DD2-9DA5-3FE7-B12A-07418DE59A0D}
	EndProjectSection
EndProject
Project("{8BC9CEB8-8B4A-11D0-8D11-00A0C91BC942}") = "cpp_ex_h5group", "cpp_ex_h5group.vcxproj", "{EA2BC853-8BB1-36A3-BFE4-C8D0CE391EBA}"
	ProjectSection(ProjectDependencies) = postProject
		{6F9BD127-C855-3472-B583-618A7921FFAF} = {6F9BD127-C855-3472-B583-618A7921FFAF}
		{5A7CD77E-8368-3EAC-B715-0709E3029F30} = {5A7CD77E-8368-3EAC-B715-0709E3029F30}
		{03343DD2-9DA5-3FE7-B12A-07418DE59A0D} = {03343DD2-9DA5-3FE7-B12A-07418DE59A0D}
	EndProjectSection
EndProject
Project("{8BC9CEB8-8B4A-11D0-8D11-00A0C91BC942}") = "cpp_ex_h5tutr_cmprss", "cpp_ex_h5tutr_cmprss.vcxproj", "{9DE77660-975E-37D2-944A-7EB5DC34736B}"
	ProjectSection(ProjectDependencies) = postProject
		{6F9BD127-C855-3472-B583-618A7921FFAF} = {6F9BD127-C855-3472-B583-618A7921FFAF}
		{5A7CD77E-8368-3EAC-B715-0709E3029F30} = {5A7CD77E-8368-3EAC-B715-0709E3029F30}
		{03343DD2-9DA5-3FE7-B12A-07418DE59A0D} = {03343DD2-9DA5-3FE7-B12A-07418DE59A0D}
	EndProjectSection
EndProject
Project("{8BC9CEB8-8B4A-11D0-8D11-00A0C91BC942}") = "cpp_ex_h5tutr_crtatt", "cpp_ex_h5tutr_crtatt.vcxproj", "{F8B70C9E-BA00-3DB5-84B5-E22C77901D1E}"
	ProjectSection(ProjectDependencies) = postProject
		{6F9BD127-C855-3472-B583-618A7921FFAF} = {6F9BD127-C855-3472-B583-618A7921FFAF}
		{5A7CD77E-8368-3EAC-B715-0709E3029F30} = {5A7CD77E-8368-3EAC-B715-0709E3029F30}
		{03343DD2-9DA5-3FE7-B12A-07418DE59A0D} = {03343DD2-9DA5-3FE7-B12A-07418DE59A0D}
	EndProjectSection
EndProject
Project("{8BC9CEB8-8B4A-11D0-8D11-00A0C91BC942}") = "cpp_ex_h5tutr_crtdat", "cpp_ex_h5tutr_crtdat.vcxproj", "{6B89F937-6470-3191-9C73-856CFB2B7030}"
	ProjectSection(ProjectDependencies) = postProject
		{6F9BD127-C855-3472-B583-618A7921FFAF} = {6F9BD127-C855-3472-B583-618A7921FFAF}
		{5A7CD77E-8368-3EAC-B715-0709E3029F30} = {5A7CD77E-8368-3EAC-B715-0709E3029F30}
		{03343DD2-9DA5-3FE7-B12A-07418DE59A0D} = {03343DD2-9DA5-3FE7-B12A-07418DE59A0D}
	EndProjectSection
EndProject
Project("{8BC9CEB8-8B4A-11D0-8D11-00A0C91BC942}") = "cpp_ex_h5tutr_crtgrp", "cpp_ex_h5tutr_crtgrp.vcxproj", "{2C5F7A7C-6B98-3746-906B-DB487D9E5417}"
	ProjectSection(ProjectDependencies) = postProject
		{6F9BD127-C855-3472-B583-618A7921FFAF} = {6F9BD127-C855-3472-B583-618A7921FFAF}
		{5A7CD77E-8368-3EAC-B715-0709E3029F30} = {5A7CD77E-8368-3EAC-B715-0709E3029F30}
		{03343DD2-9DA5-3FE7-B12A-07418DE59A0D} = {03343DD2-9DA5-3FE7-B12A-07418DE59A0D}
	EndProjectSection
EndProject
Project("{8BC9CEB8-8B4A-11D0-8D11-00A0C91BC942}") = "cpp_ex_h5tutr_crtgrpar", "cpp_ex_h5tutr_crtgrpar.vcxproj", "{FCE9B00C-1477-39CC-AE1C-A15395658061}"
	ProjectSection(ProjectDependencies) = postProject
		{6F9BD127-C855-3472-B583-618A7921FFAF} = {6F9BD127-C855-3472-B583-618A7921FFAF}
		{5A7CD77E-8368-3EAC-B715-0709E3029F30} = {5A7CD77E-8368-3EAC-B715-0709E3029F30}
		{03343DD2-9DA5-3FE7-B12A-07418DE59A0D} = {03343DD2-9DA5-3FE7-B12A-07418DE59A0D}
	EndProjectSection
EndProject
Project("{8BC9CEB8-8B4A-11D0-8D11-00A0C91BC942}") = "cpp_ex_h5tutr_crtgrpd", "cpp_ex_h5tutr_crtgrpd.vcxproj", "{050BFD08-3911-3B56-852C-8A25CFF01952}"
	ProjectSection(ProjectDependencies) = postProject
		{6F9BD127-C855-3472-B583-618A7921FFAF} = {6F9BD127-C855-3472-B583-618A7921FFAF}
		{5A7CD77E-8368-3EAC-B715-0709E3029F30} = {5A7CD77E-8368-3EAC-B715-0709E3029F30}
		{03343DD2-9DA5-3FE7-B12A-07418DE59A0D} = {03343DD2-9DA5-3FE7-B12A-07418DE59A0D}
	EndProjectSection
EndProject
Project("{8BC9CEB8-8B4A-11D0-8D11-00A0C91BC942}") = "cpp_ex_h5tutr_extend", "cpp_ex_h5tutr_extend.vcxproj", "{BA8D2A36-8917-3155-A28E-2BAD46ECD4FF}"
	ProjectSection(ProjectDependencies) = postProject
		{6F9BD127-C855-3472-B583-618A7921FFAF} = {6F9BD127-C855-3472-B583-618A7921FFAF}
		{5A7CD77E-8368-3EAC-B715-0709E3029F30} = {5A7CD77E-8368-3EAC-B715-0709E3029F30}
		{03343DD2-9DA5-3FE7-B12A-07418DE59A0D} = {03343DD2-9DA5-3FE7-B12A-07418DE59A0D}
	EndProjectSection
EndProject
Project("{8BC9CEB8-8B4A-11D0-8D11-00A0C91BC942}") = "cpp_ex_h5tutr_rdwt", "cpp_ex_h5tutr_rdwt.vcxproj", "{230DB79E-8CC2-39A7-B2D3-B717DD54D6B1}"
	ProjectSection(ProjectDependencies) = postProject
		{6F9BD127-C855-3472-B583-618A7921FFAF} = {6F9BD127-C855-3472-B583-618A7921FFAF}
		{5A7CD77E-8368-3EAC-B715-0709E3029F30} = {5A7CD77E-8368-3EAC-B715-0709E3029F30}
		{03343DD2-9DA5-3FE7-B12A-07418DE59A0D} = {03343DD2-9DA5-3FE7-B12A-07418DE59A0D}
	EndProjectSection
EndProject
Project("{8BC9CEB8-8B4A-11D0-8D11-00A0C91BC942}") = "cpp_ex_h5tutr_subset", "cpp_ex_h5tutr_subset.vcxproj", "{49D5FC7F-F5F0-3696-A36D-DC1573274C62}"
	ProjectSection(ProjectDependencies) = postProject
		{6F9BD127-C855-3472-B583-618A7921FFAF} = {6F9BD127-C855-3472-B583-618A7921FFAF}
		{5A7CD77E-8368-3EAC-B715-0709E3029F30} = {5A7CD77E-8368-3EAC-B715-0709E3029F30}
		{03343DD2-9DA5-3FE7-B12A-07418DE59A0D} = {03343DD2-9DA5-3FE7-B12A-07418DE59A0D}
	EndProjectSection
EndProject
Project("{8BC9CEB8-8B4A-11D0-8D11-00A0C91BC942}") = "cpp_ex_readdata", "cpp_ex_readdata.vcxproj", "{3C934C6C-9E51-3D57-BBAB-D0BB17FC7FC4}"
	ProjectSection(ProjectDependencies) = postProject
		{6F9BD127-C855-3472-B583-618A7921FFAF} = {6F9BD127-C855-3472-B583-618A7921FFAF}
		{5A7CD77E-8368-3EAC-B715-0709E3029F30} = {5A7CD77E-8368-3EAC-B715-0709E3029F30}
		{03343DD2-9DA5-3FE7-B12A-07418DE59A0D} = {03343DD2-9DA5-3FE7-B12A-07418DE59A0D}
	EndProjectSection
EndProject
Project("{8BC9CEB8-8B4A-11D0-8D11-00A0C91BC942}") = "cpp_ex_writedata", "cpp_ex_writedata.vcxproj", "{7F125229-70CC-306C-A5AF-88DA12ED7B16}"
	ProjectSection(ProjectDependencies) = postProject
		{6F9BD127-C855-3472-B583-618A7921FFAF} = {6F9BD127-C855-3472-B583-618A7921FFAF}
		{5A7CD77E-8368-3EAC-B715-0709E3029F30} = {5A7CD77E-8368-3EAC-B715-0709E3029F30}
		{03343DD2-9DA5-3FE7-B12A-07418DE59A0D} = {03343DD2-9DA5-3FE7-B12A-07418DE59A0D}
	EndProjectSection
EndProject
Project("{8BC9CEB8-8B4A-11D0-8D11-00A0C91BC942}") = "gen_hdf5-shared", "..\..\src\gen_hdf5-shared.vcxproj", "{A3A1BAF9-1CF3-3AF2-96F1-DAC9465BB5FE}"
	ProjectSection(ProjectDependencies) = postProject
		{798FA79C-76A0-3D9C-A3DB-78184154BCE7} = {798FA79C-76A0-3D9C-A3DB-78184154BCE7}
		{62E6D69A-6EB1-302C-9F30-947CCF9917F6} = {62E6D69A-6EB1-302C-9F30-947CCF9917F6}
		{6F9BD127-C855-3472-B583-618A7921FFAF} = {6F9BD127-C855-3472-B583-618A7921FFAF}
	EndProjectSection
EndProject
Project("{8BC9CEB8-8B4A-11D0-8D11-00A0C91BC942}") = "hdf5-shared", "..\..\src\hdf5-shared.vcxproj", "{5A7CD77E-8368-3EAC-B715-0709E3029F30}"
	ProjectSection(ProjectDependencies) = postProject
		{6F9BD127-C855-3472-B583-618A7921FFAF} = {6F9BD127-C855-3472-B583-618A7921FFAF}
		{A3A1BAF9-1CF3-3AF2-96F1-DAC9465BB5FE} = {A3A1BAF9-1CF3-3AF2-96F1-DAC9465BB5FE}
	EndProjectSection
EndProject
Project("{8BC9CEB8-8B4A-11D0-8D11-00A0C91BC942}") = "hdf5_cpp-shared", "..\src\hdf5_cpp-shared.vcxproj", "{03343DD2-9DA5-3FE7-B12A-07418DE59A0D}"
	ProjectSection(ProjectDependencies) = postProject
		{6F9BD127-C855-3472-B583-618A7921FFAF} = {6F9BD127-C855-3472-B583-618A7921FFAF}
		{5A7CD77E-8368-3EAC-B715-0709E3029F30} = {5A7CD77E-8368-3EAC-B715-0709E3029F30}
	EndProjectSection
EndProject
Global
	GlobalSection(SolutionConfigurationPlatforms) = preSolution
		Debug|x64 = Debug|x64
		Release|x64 = Release|x64
		MinSizeRel|x64 = MinSizeRel|x64
		RelWithDebInfo|x64 = RelWithDebInfo|x64
	EndGlobalSection
	GlobalSection(ProjectConfigurationPlatforms) = postSolution
		{3A89B2C7-0DB7-3D8A-BA9E-A01E9826CDAE}.Debug|x64.ActiveCfg = Debug|x64
		{3A89B2C7-0DB7-3D8A-BA9E-A01E9826CDAE}.Debug|x64.Build.0 = Debug|x64
		{3A89B2C7-0DB7-3D8A-BA9E-A01E9826CDAE}.Release|x64.ActiveCfg = Release|x64
		{3A89B2C7-0DB7-3D8A-BA9E-A01E9826CDAE}.Release|x64.Build.0 = Release|x64
		{3A89B2C7-0DB7-3D8A-BA9E-A01E9826CDAE}.MinSizeRel|x64.ActiveCfg = MinSizeRel|x64
		{3A89B2C7-0DB7-3D8A-BA9E-A01E9826CDAE}.MinSizeRel|x64.Build.0 = MinSizeRel|x64
		{3A89B2C7-0DB7-3D8A-BA9E-A01E9826CDAE}.RelWithDebInfo|x64.ActiveCfg = RelWithDebInfo|x64
		{3A89B2C7-0DB7-3D8A-BA9E-A01E9826CDAE}.RelWithDebInfo|x64.Build.0 = RelWithDebInfo|x64
		{798FA79C-76A0-3D9C-A3DB-78184154BCE7}.Debug|x64.ActiveCfg = Debug|x64
		{798FA79C-76A0-3D9C-A3DB-78184154BCE7}.Debug|x64.Build.0 = Debug|x64
		{798FA79C-76A0-3D9C-A3DB-78184154BCE7}.Release|x64.ActiveCfg = Release|x64
		{798FA79C-76A0-3D9C-A3DB-78184154BCE7}.Release|x64.Build.0 = Release|x64
		{798FA79C-76A0-3D9C-A3DB-78184154BCE7}.MinSizeRel|x64.ActiveCfg = MinSizeRel|x64
		{798FA79C-76A0-3D9C-A3DB-78184154BCE7}.MinSizeRel|x64.Build.0 = MinSizeRel|x64
		{798FA79C-76A0-3D9C-A3DB-78184154BCE7}.RelWithDebInfo|x64.ActiveCfg = RelWithDebInfo|x64
		{798FA79C-76A0-3D9C-A3DB-78184154BCE7}.RelWithDebInfo|x64.Build.0 = RelWithDebInfo|x64
		{62E6D69A-6EB1-302C-9F30-947CCF9917F6}.Debug|x64.ActiveCfg = Debug|x64
		{62E6D69A-6EB1-302C-9F30-947CCF9917F6}.Debug|x64.Build.0 = Debug|x64
		{62E6D69A-6EB1-302C-9F30-947CCF9917F6}.Release|x64.ActiveCfg = Release|x64
		{62E6D69A-6EB1-302C-9F30-947CCF9917F6}.Release|x64.Build.0 = Release|x64
		{62E6D69A-6EB1-302C-9F30-947CCF9917F6}.MinSizeRel|x64.ActiveCfg = MinSizeRel|x64
		{62E6D69A-6EB1-302C-9F30-947CCF9917F6}.MinSizeRel|x64.Build.0 = MinSizeRel|x64
		{62E6D69A-6EB1-302C-9F30-947CCF9917F6}.RelWithDebInfo|x64.ActiveCfg = RelWithDebInfo|x64
		{62E6D69A-6EB1-302C-9F30-947CCF9917F6}.RelWithDebInfo|x64.Build.0 = RelWithDebInfo|x64
		{382B25BA-882D-3279-A4A4-76F45D2F05AC}.Debug|x64.ActiveCfg = Debug|x64
		{382B25BA-882D-3279-A4A4-76F45D2F05AC}.Release|x64.ActiveCfg = Release|x64
		{382B25BA-882D-3279-A4A4-76F45D2F05AC}.MinSizeRel|x64.ActiveCfg = MinSizeRel|x64
		{382B25BA-882D-3279-A4A4-76F45D2F05AC}.RelWithDebInfo|x64.ActiveCfg = RelWithDebInfo|x64
		{5F1C3403-D623-371C-A499-036478E59D66}.Debug|x64.ActiveCfg = Debug|x64
		{5F1C3403-D623-371C-A499-036478E59D66}.Release|x64.ActiveCfg = Release|x64
		{5F1C3403-D623-371C-A499-036478E59D66}.MinSizeRel|x64.ActiveCfg = MinSizeRel|x64
		{5F1C3403-D623-371C-A499-036478E59D66}.RelWithDebInfo|x64.ActiveCfg = RelWithDebInfo|x64
		{6F9BD127-C855-3472-B583-618A7921FFAF}.Debug|x64.ActiveCfg = Debug|x64
		{6F9BD127-C855-3472-B583-618A7921FFAF}.Debug|x64.Build.0 = Debug|x64
		{6F9BD127-C855-3472-B583-618A7921FFAF}.Release|x64.ActiveCfg = Release|x64
		{6F9BD127-C855-3472-B583-618A7921FFAF}.Release|x64.Build.0 = Release|x64
		{6F9BD127-C855-3472-B583-618A7921FFAF}.MinSizeRel|x64.ActiveCfg = MinSizeRel|x64
		{6F9BD127-C855-3472-B583-618A7921FFAF}.MinSizeRel|x64.Build.0 = MinSizeRel|x64
		{6F9BD127-C855-3472-B583-618A7921FFAF}.RelWithDebInfo|x64.ActiveCfg = RelWithDebInfo|x64
		{6F9BD127-C855-3472-B583-618A7921FFAF}.RelWithDebInfo|x64.Build.0 = RelWithDebInfo|x64
		{E519948D-662E-3618-9EB4-46BB32E69750}.Debug|x64.ActiveCfg = Debug|x64
		{E519948D-662E-3618-9EB4-46BB32E69750}.Debug|x64.Build.0 = Debug|x64
		{E519948D-662E-3618-9EB4-46BB32E69750}.Release|x64.ActiveCfg = Release|x64
		{E519948D-662E-3618-9EB4-46BB32E69750}.Release|x64.Build.0 = Release|x64
		{E519948D-662E-3618-9EB4-46BB32E69750}.MinSizeRel|x64.ActiveCfg = MinSizeRel|x64
		{E519948D-662E-3618-9EB4-46BB32E69750}.MinSizeRel|x64.Build.0 = MinSizeRel|x64
		{E519948D-662E-3618-9EB4-46BB32E69750}.RelWithDebInfo|x64.ActiveCfg = RelWithDebInfo|x64
		{E519948D-662E-3618-9EB4-46BB32E69750}.RelWithDebInfo|x64.Build.0 = RelWithDebInfo|x64
		{60F942AF-AF54-3217-B95D-16C75C0D1810}.Debug|x64.ActiveCfg = Debug|x64
		{60F942AF-AF54-3217-B95D-16C75C0D1810}.Debug|x64.Build.0 = Debug|x64
		{60F942AF-AF54-3217-B95D-16C75C0D1810}.Release|x64.ActiveCfg = Release|x64
		{60F942AF-AF54-3217-B95D-16C75C0D1810}.Release|x64.Build.0 = Release|x64
		{60F942AF-AF54-3217-B95D-16C75C0D1810}.MinSizeRel|x64.ActiveCfg = MinSizeRel|x64
		{60F942AF-AF54-3217-B95D-16C75C0D1810}.MinSizeRel|x64.Build.0 = MinSizeRel|x64
		{60F942AF-AF54-3217-B95D-16C75C0D1810}.RelWithDebInfo|x64.ActiveCfg = RelWithDebInfo|x64
		{60F942AF-AF54-3217-B95D-16C75C0D1810}.RelWithDebInfo|x64.Build.0 = RelWithDebInfo|x64
		{B256BF59-F20C-399E-B998-E55B4D455D12}.Debug|x64.ActiveCfg = Debug|x64
		{B256BF59-F20C-399E-B998-E55B4D455D12}.Debug|x64.Build.0 = Debug|x64
		{B256BF59-F20C-399E-B998-E55B4D455D12}.Release|x64.ActiveCfg = Release|x64
		{B256BF59-F20C-399E-B998-E55B4D455D12}.Release|x64.Build.0 = Release|x64
		{B256BF59-F20C-399E-B998-E55B4D455D12}.MinSizeRel|x64.ActiveCfg = MinSizeRel|x64
		{B256BF59-F20C-399E-B998-E55B4D455D12}.MinSizeRel|x64.Build.0 = MinSizeRel|x64
		{B256BF59-F20C-399E-B998-E55B4D455D12}.RelWithDebInfo|x64.ActiveCfg = RelWithDebInfo|x64
		{B256BF59-F20C-399E-B998-E55B4D455D12}.RelWithDebInfo|x64.Build.0 = RelWithDebInfo|x64
		{AF8339B1-0786-3851-A8F7-BAB7FE3B79A8}.Debug|x64.ActiveCfg = Debug|x64
		{AF8339B1-0786-3851-A8F7-BAB7FE3B79A8}.Debug|x64.Build.0 = Debug|x64
		{AF8339B1-0786-3851-A8F7-BAB7FE3B79A8}.Release|x64.ActiveCfg = Release|x64
		{AF8339B1-0786-3851-A8F7-BAB7FE3B79A8}.Release|x64.Build.0 = Release|x64
		{AF8339B1-0786-3851-A8F7-BAB7FE3B79A8}.MinSizeRel|x64.ActiveCfg = MinSizeRel|x64
		{AF8339B1-0786-3851-A8F7-BAB7FE3B79A8}.MinSizeRel|x64.Build.0 = MinSizeRel|x64
		{AF8339B1-0786-3851-A8F7-BAB7FE3B79A8}.RelWithDebInfo|x64.ActiveCfg = RelWithDebInfo|x64
		{AF8339B1-0786-3851-A8F7-BAB7FE3B79A8}.RelWithDebInfo|x64.Build.0 = RelWithDebInfo|x64
		{EA2BC853-8BB1-36A3-BFE4-C8D0CE391EBA}.Debug|x64.ActiveCfg = Debug|x64
		{EA2BC853-8BB1-36A3-BFE4-C8D0CE391EBA}.Debug|x64.Build.0 = Debug|x64
		{EA2BC853-8BB1-36A3-BFE4-C8D0CE391EBA}.Release|x64.ActiveCfg = Release|x64
		{EA2BC853-8BB1-36A3-BFE4-C8D0CE391EBA}.Release|x64.Build.0 = Release|x64
		{EA2BC853-8BB1-36A3-BFE4-C8D0CE391EBA}.MinSizeRel|x64.ActiveCfg = MinSizeRel|x64
		{EA2BC853-8BB1-36A3-BFE4-C8D0CE391EBA}.MinSizeRel|x64.Build.0 = MinSizeRel|x64
		{EA2BC853-8BB1-36A3-BFE4-C8D0CE391EBA}.RelWithDebInfo|x64.ActiveCfg = RelWithDebInfo|x64
		{EA2BC853-8BB1-36A3-BFE4-C8D0CE391EBA}.RelWithDebInfo|x64.Build.0 = RelWithDebInfo|x64
		{9DE77660-975E-37D2-944A-7EB5DC34736B}.Debug|x64.ActiveCfg = Debug|x64
		{9DE77660-975E-37D2-944A-7EB5DC34736B}.Debug|x64.Build.0 = Debug|x64
		{9DE77660-975E-37D2-944A-7EB5DC34736B}.Release|x64.ActiveCfg = Release|x64
		{9DE77660-975E-37D2-944A-7EB5DC34736B}.Release|x64.Build.0 = Release|x64
		{9DE77660-975E-37D2-944A-7EB5DC34736B}.MinSizeRel|x64.ActiveCfg = MinSizeRel|x64
		{9DE77660-975E-37D2-944A-7EB5DC34736B}.MinSizeRel|x64.Build.0 = MinSizeRel|x64
		{9DE77660-975E-37D2-944A-7EB5DC34736B}.RelWithDebInfo|x64.ActiveCfg = RelWithDebInfo|x64
		{9DE77660-975E-37D2-944A-7EB5DC34736B}.RelWithDebInfo|x64.Build.0 = RelWithDebInfo|x64
		{F8B70C9E-BA00-3DB5-84B5-E22C77901D1E}.Debug|x64.ActiveCfg = Debug|x64
		{F8B70C9E-BA00-3DB5-84B5-E22C77901D1E}.Debug|x64.Build.0 = Debug|x64
		{F8B70C9E-BA00-3DB5-84B5-E22C77901D1E}.Release|x64.ActiveCfg = Release|x64
		{F8B70C9E-BA00-3DB5-84B5-E22C77901D1E}.Release|x64.Build.0 = Release|x64
		{F8B70C9E-BA00-3DB5-84B5-E22C77901D1E}.MinSizeRel|x64.ActiveCfg = MinSizeRel|x64
		{F8B70C9E-BA00-3DB5-84B5-E22C77901D1E}.MinSizeRel|x64.Build.0 = MinSizeRel|x64
		{F8B70C9E-BA00-3DB5-84B5-E22C77901D1E}.RelWithDebInfo|x64.ActiveCfg = RelWithDebInfo|x64
		{F8B70C9E-BA00-3DB5-84B5-E22C77901D1E}.RelWithDebInfo|x64.Build.0 = RelWithDebInfo|x64
		{6B89F937-6470-3191-9C73-856CFB2B7030}.Debug|x64.ActiveCfg = Debug|x64
		{6B89F937-6470-3191-9C73-856CFB2B7030}.Debug|x64.Build.0 = Debug|x64
		{6B89F937-6470-3191-9C73-856CFB2B7030}.Release|x64.ActiveCfg = Release|x64
		{6B89F937-6470-3191-9C73-856CFB2B7030}.Release|x64.Build.0 = Release|x64
		{6B89F937-6470-3191-9C73-856CFB2B7030}.MinSizeRel|x64.ActiveCfg = MinSizeRel|x64
		{6B89F937-6470-3191-9C73-856CFB2B7030}.MinSizeRel|x64.Build.0 = MinSizeRel|x64
		{6B89F937-6470-3191-9C73-856CFB2B7030}.RelWithDebInfo|x64.ActiveCfg = RelWithDebInfo|x64
		{6B89F937-6470-3191-9C73-856CFB2B7030}.RelWithDebInfo|x64.Build.0 = RelWithDebInfo|x64
		{2C5F7A7C-6B98-3746-906B-DB487D9E5417}.Debug|x64.ActiveCfg = Debug|x64
		{2C5F7A7C-6B98-3746-906B-DB487D9E5417}.Debug|x64.Build.0 = Debug|x64
		{2C5F7A7C-6B98-3746-906B-DB487D9E5417}.Release|x64.ActiveCfg = Release|x64
		{2C5F7A7C-6B98-3746-906B-DB487D9E5417}.Release|x64.Build.0 = Release|x64
		{2C5F7A7C-6B98-3746-906B-DB487D9E5417}.MinSizeRel|x64.ActiveCfg = MinSizeRel|x64
		{2C5F7A7C-6B98-3746-906B-DB487D9E5417}.MinSizeRel|x64.Build.0 = MinSizeRel|x64
		{2C5F7A7C-6B98-3746-906B-DB487D9E5417}.RelWithDebInfo|x64.ActiveCfg = RelWithDebInfo|x64
		{2C5F7A7C-6B98-3746-906B-DB487D9E5417}.RelWithDebInfo|x64.Build.0 = RelWithDebInfo|x64
		{FCE9B00C-1477-39CC-AE1C-A15395658061}.Debug|x64.ActiveCfg = Debug|x64
		{FCE9B00C-1477-39CC-AE1C-A15395658061}.Debug|x64.Build.0 = Debug|x64
		{FCE9B00C-1477-39CC-AE1C-A15395658061}.Release|x64.ActiveCfg = Release|x64
		{FCE9B00C-1477-39CC-AE1C-A15395658061}.Release|x64.Build.0 = Release|x64
		{FCE9B00C-1477-39CC-AE1C-A15395658061}.MinSizeRel|x64.ActiveCfg = MinSizeRel|x64
		{FCE9B00C-1477-39CC-AE1C-A15395658061}.MinSizeRel|x64.Build.0 = MinSizeRel|x64
		{FCE9B00C-1477-39CC-AE1C-A15395658061}.RelWithDebInfo|x64.ActiveCfg = RelWithDebInfo|x64
		{FCE9B00C-1477-39CC-AE1C-A15395658061}.RelWithDebInfo|x64.Build.0 = RelWithDebInfo|x64
		{050BFD08-3911-3B56-852C-8A25CFF01952}.Debug|x64.ActiveCfg = Debug|x64
		{050BFD08-3911-3B56-852C-8A25CFF01952}.Debug|x64.Build.0 = Debug|x64
		{050BFD08-3911-3B56-852C-8A25CFF01952}.Release|x64.ActiveCfg = Release|x64
		{050BFD08-3911-3B56-852C-8A25CFF01952}.Release|x64.Build.0 = Release|x64
		{050BFD08-3911-3B56-852C-8A25CFF01952}.MinSizeRel|x64.ActiveCfg = MinSizeRel|x64
		{050BFD08-3911-3B56-852C-8A25CFF01952}.MinSizeRel|x64.Build.0 = MinSizeRel|x64
		{050BFD08-3911-3B56-852C-8A25CFF01952}.RelWithDebInfo|x64.ActiveCfg = RelWithDebInfo|x64
		{050BFD08-3911-3B56-852C-8A25CFF01952}.RelWithDebInfo|x64.Build.0 = RelWithDebInfo|x64
		{BA8D2A36-8917-3155-A28E-2BAD46ECD4FF}.Debug|x64.ActiveCfg = Debug|x64
		{BA8D2A36-8917-3155-A28E-2BAD46ECD4FF}.Debug|x64.Build.0 = Debug|x64
		{BA8D2A36-8917-3155-A28E-2BAD46ECD4FF}.Release|x64.ActiveCfg = Release|x64
		{BA8D2A36-8917-3155-A28E-2BAD46ECD4FF}.Release|x64.Build.0 = Release|x64
		{BA8D2A36-8917-3155-A28E-2BAD46ECD4FF}.MinSizeRel|x64.ActiveCfg = MinSizeRel|x64
		{BA8D2A36-8917-3155-A28E-2BAD46ECD4FF}.MinSizeRel|x64.Build.0 = MinSizeRel|x64
		{BA8D2A36-8917-3155-A28E-2BAD46ECD4FF}.RelWithDebInfo|x64.ActiveCfg = RelWithDebInfo|x64
		{BA8D2A36-8917-3155-A28E-2BAD46ECD4FF}.RelWithDebInfo|x64.Build.0 = RelWithDebInfo|x64
		{230DB79E-8CC2-39A7-B2D3-B717DD54D6B1}.Debug|x64.ActiveCfg = Debug|x64
		{230DB79E-8CC2-39A7-B2D3-B717DD54D6B1}.Debug|x64.Build.0 = Debug|x64
		{230DB79E-8CC2-39A7-B2D3-B717DD54D6B1}.Release|x64.ActiveCfg = Release|x64
		{230DB79E-8CC2-39A7-B2D3-B717DD54D6B1}.Release|x64.Build.0 = Release|x64
		{230DB79E-8CC2-39A7-B2D3-B717DD54D6B1}.MinSizeRel|x64.ActiveCfg = MinSizeRel|x64
		{230DB79E-8CC2-39A7-B2D3-B717DD54D6B1}.MinSizeRel|x64.Build.0 = MinSizeRel|x64
		{230DB79E-8CC2-39A7-B2D3-B717DD54D6B1}.RelWithDebInfo|x64.ActiveCfg = RelWithDebInfo|x64
		{230DB79E-8CC2-39A7-B2D3-B717DD54D6B1}.RelWithDebInfo|x64.Build.0 = RelWithDebInfo|x64
		{49D5FC7F-F5F0-3696-A36D-DC1573274C62}.Debug|x64.ActiveCfg = Debug|x64
		{49D5FC7F-F5F0-3696-A36D-DC1573274C62}.Debug|x64.Build.0 = Debug|x64
		{49D5FC7F-F5F0-3696-A36D-DC1573274C62}.Release|x64.ActiveCfg = Release|x64
		{49D5FC7F-F5F0-3696-A36D-DC1573274C62}.Release|x64.Build.0 = Release|x64
		{49D5FC7F-F5F0-3696-A36D-DC1573274C62}.MinSizeRel|x64.ActiveCfg = MinSizeRel|x64
		{49D5FC7F-F5F0-3696-A36D-DC1573274C62}.MinSizeRel|x64.Build.0 = MinSizeRel|x64
		{49D5FC7F-F5F0-3696-A36D-DC1573274C62}.RelWithDebInfo|x64.ActiveCfg = RelWithDebInfo|x64
		{49D5FC7F-F5F0-3696-A36D-DC1573274C62}.RelWithDebInfo|x64.Build.0 = RelWithDebInfo|x64
		{3C934C6C-9E51-3D57-BBAB-D0BB17FC7FC4}.Debug|x64.ActiveCfg = Debug|x64
		{3C934C6C-9E51-3D57-BBAB-D0BB17FC7FC4}.Debug|x64.Build.0 = Debug|x64
		{3C934C6C-9E51-3D57-BBAB-D0BB17FC7FC4}.Release|x64.ActiveCfg = Release|x64
		{3C934C6C-9E51-3D57-BBAB-D0BB17FC7FC4}.Release|x64.Build.0 = Release|x64
		{3C934C6C-9E51-3D57-BBAB-D0BB17FC7FC4}.MinSizeRel|x64.ActiveCfg = MinSizeRel|x64
		{3C934C6C-9E51-3D57-BBAB-D0BB17FC7FC4}.MinSizeRel|x64.Build.0 = MinSizeRel|x64
		{3C934C6C-9E51-3D57-BBAB-D0BB17FC7FC4}.RelWithDebInfo|x64.ActiveCfg = RelWithDebInfo|x64
		{3C934C6C-9E51-3D57-BBAB-D0BB17FC7FC4}.RelWithDebInfo|x64.Build.0 = RelWithDebInfo|x64
		{7F125229-70CC-306C-A5AF-88DA12ED7B16}.Debug|x64.ActiveCfg = Debug|x64
		{7F125229-70CC-306C-A5AF-88DA12ED7B16}.Debug|x64.Build.0 = Debug|x64
		{7F125229-70CC-306C-A5AF-88DA12ED7B16}.Release|x64.ActiveCfg = Release|x64
		{7F125229-70CC-306C-A5AF-88DA12ED7B16}.Release|x64.Build.0 = Release|x64
		{7F125229-70CC-306C-A5AF-88DA12ED7B16}.MinSizeRel|x64.ActiveCfg = MinSizeRel|x64
		{7F125229-70CC-306C-A5AF-88DA12ED7B16}.MinSizeRel|x64.Build.0 = MinSizeRel|x64
		{7F125229-70CC-306C-A5AF-88DA12ED7B16}.RelWithDebInfo|x64.ActiveCfg = RelWithDebInfo|x64
		{7F125229-70CC-306C-A5AF-88DA12ED7B16}.RelWithDebInfo|x64.Build.0 = RelWithDebInfo|x64
		{A3A1BAF9-1CF3-3AF2-96F1-DAC9465BB5FE}.Debug|x64.ActiveCfg = Debug|x64
		{A3A1BAF9-1CF3-3AF2-96F1-DAC9465BB5FE}.Debug|x64.Build.0 = Debug|x64
		{A3A1BAF9-1CF3-3AF2-96F1-DAC9465BB5FE}.Release|x64.ActiveCfg = Release|x64
		{A3A1BAF9-1CF3-3AF2-96F1-DAC9465BB5FE}.Release|x64.Build.0 = Release|x64
		{A3A1BAF9-1CF3-3AF2-96F1-DAC9465BB5FE}.MinSizeRel|x64.ActiveCfg = MinSizeRel|x64
		{A3A1BAF9-1CF3-3AF2-96F1-DAC9465BB5FE}.MinSizeRel|x64.Build.0 = MinSizeRel|x64
		{A3A1BAF9-1CF3-3AF2-96F1-DAC9465BB5FE}.RelWithDebInfo|x64.ActiveCfg = RelWithDebInfo|x64
		{A3A1BAF9-1CF3-3AF2-96F1-DAC9465BB5FE}.RelWithDebInfo|x64.Build.0 = RelWithDebInfo|x64
		{5A7CD77E-8368-3EAC-B715-0709E3029F30}.Debug|x64.ActiveCfg = Debug|x64
		{5A7CD77E-8368-3EAC-B715-0709E3029F30}.Debug|x64.Build.0 = Debug|x64
		{5A7CD77E-8368-3EAC-B715-0709E3029F30}.Release|x64.ActiveCfg = Release|x64
		{5A7CD77E-8368-3EAC-B715-0709E3029F30}.Release|x64.Build.0 = Release|x64
		{5A7CD77E-8368-3EAC-B715-0709E3029F30}.MinSizeRel|x64.ActiveCfg = MinSizeRel|x64
		{5A7CD77E-8368-3EAC-B715-0709E3029F30}.MinSizeRel|x64.Build.0 = MinSizeRel|x64
		{5A7CD77E-8368-3EAC-B715-0709E3029F30}.RelWithDebInfo|x64.ActiveCfg = RelWithDebInfo|x64
		{5A7CD77E-8368-3EAC-B715-0709E3029F30}.RelWithDebInfo|x64.Build.0 = RelWithDebInfo|x64
		{03343DD2-9DA5-3FE7-B12A-07418DE59A0D}.Debug|x64.ActiveCfg = Debug|x64
		{03343DD2-9DA5-3FE7-B12A-07418DE59A0D}.Debug|x64.Build.0 = Debug|x64
		{03343DD2-9DA5-3FE7-B12A-07418DE59A0D}.Release|x64.ActiveCfg = Release|x64
		{03343DD2-9DA5-3FE7-B12A-07418DE59A0D}.Release|x64.Build.0 = Release|x64
		{03343DD2-9DA5-3FE7-B12A-07418DE59A0D}.MinSizeRel|x64.ActiveCfg = MinSizeRel|x64
		{03343DD2-9DA5-3FE7-B12A-07418DE59A0D}.MinSizeRel|x64.Build.0 = MinSizeRel|x64
		{03343DD2-9DA5-3FE7-B12A-07418DE59A0D}.RelWithDebInfo|x64.ActiveCfg = RelWithDebInfo|x64
		{03343DD2-9DA5-3FE7-B12A-07418DE59A0D}.RelWithDebInfo|x64.Build.0 = RelWithDebInfo|x64
	EndGlobalSection
	GlobalSection(NestedProjects) = preSolution
		{3A89B2C7-0DB7-3D8A-BA9E-A01E9826CDAE} = {E4CBC2CF-EB0E-3633-B5CA-48DFAC507766}
		{382B25BA-882D-3279-A4A4-76F45D2F05AC} = {E4CBC2CF-EB0E-3633-B5CA-48DFAC507766}
		{5F1C3403-D623-371C-A499-036478E59D66} = {E4CBC2CF-EB0E-3633-B5CA-48DFAC507766}
		{6F9BD127-C855-3472-B583-618A7921FFAF} = {E4CBC2CF-EB0E-3633-B5CA-48DFAC507766}
		{051A14D1-80F3-3D4E-9971-BC7E69ED8E41} = {DA8EFF8B-8FF4-3A29-9688-C50B4FB6EFB9}
		{E519948D-662E-3618-9EB4-46BB32E69750} = {051A14D1-80F3-3D4E-9971-BC7E69ED8E41}
		{60F942AF-AF54-3217-B95D-16C75C0D1810} = {051A14D1-80F3-3D4E-9971-BC7E69ED8E41}
		{B256BF59-F20C-399E-B998-E55B4D455D12} = {051A14D1-80F3-3D4E-9971-BC7E69ED8E41}
		{AF8339B1-0786-3851-A8F7-BAB7FE3B79A8} = {051A14D1-80F3-3D4E-9971-BC7E69ED8E41}
		{EA2BC853-8BB1-36A3-BFE4-C8D0CE391EBA} = {051A14D1-80F3-3D4E-9971-BC7E69ED8E41}
		{9DE77660-975E-37D2-944A-7EB5DC34736B} = {051A14D1-80F3-3D4E-9971-BC7E69ED8E41}
		{F8B70C9E-BA00-3DB5-84B5-E22C77901D1E} = {051A14D1-80F3-3D4E-9971-BC7E69ED8E41}
		{6B89F937-6470-3191-9C73-856CFB2B7030} = {051A14D1-80F3-3D4E-9971-BC7E69ED8E41}
		{2C5F7A7C-6B98-3746-906B-DB487D9E5417} = {051A14D1-80F3-3D4E-9971-BC7E69ED8E41}
		{FCE9B00C-1477-39CC-AE1C-A15395658061} = {051A14D1-80F3-3D4E-9971-BC7E69ED8E41}
		{050BFD08-3911-3B56-852C-8A25CFF01952} = {051A14D1-80F3-3D4E-9971-BC7E69ED8E41}
		{BA8D2A36-8917-3155-A28E-2BAD46ECD4FF} = {051A14D1-80F3-3D4E-9971-BC7E69ED8E41}
		{230DB79E-8CC2-39A7-B2D3-B717DD54D6B1} = {051A14D1-80F3-3D4E-9971-BC7E69ED8E41}
		{49D5FC7F-F5F0-3696-A36D-DC1573274C62} = {051A14D1-80F3-3D4E-9971-BC7E69ED8E41}
		{3C934C6C-9E51-3D57-BBAB-D0BB17FC7FC4} = {051A14D1-80F3-3D4E-9971-BC7E69ED8E41}
		{7F125229-70CC-306C-A5AF-88DA12ED7B16} = {051A14D1-80F3-3D4E-9971-BC7E69ED8E41}
		{44098AC5-B3C5-3C2D-BDDB-5947DB7E0CEF} = {AD5B3A37-FFC3-3ABE-B5FC-63B8BEC44828}
		{5A7CD77E-8368-3EAC-B715-0709E3029F30} = {AD5B3A37-FFC3-3ABE-B5FC-63B8BEC44828}
		{03343DD2-9DA5-3FE7-B12A-07418DE59A0D} = {44098AC5-B3C5-3C2D-BDDB-5947DB7E0CEF}
	EndGlobalSection
	GlobalSection(ExtensibilityGlobals) = postSolution
		SolutionGuid = {B0714368-D5AF-3C08-9522-15444E97BAA5}
	EndGlobalSection
	GlobalSection(ExtensibilityAddIns) = postSolution
	EndGlobalSection
EndGlobal
